
Microsoft Visual Studio Solution File, Format Version 12.00
# Visual Studio 2012
Project("{FAE04EC0-301F-11D3-BF4B-00C04F79EFBC}") = "Zeta.Extreme.DbfsToMongo.Wrapper.Tests", "Zeta.Extreme.DbfsToMongo.Wrapper.Tests.csproj", "{D93994AD-EDEB-48DD-BC8C-2A82E60DF8D1}"
EndProject
Project("{FAE04EC0-301F-11D3-BF4B-00C04F79EFBC}") = "Zeta.Extreme.DbfsToMongo.Wrapper", "..\Zeta.Extreme.DbfsToMongo.Wrapper\Zeta.Extreme.DbfsToMongo.Wrapper.csproj", "{6AFD822E-667E-4473-814A-E291B38771DE}"
EndProject
Project("{FAE04EC0-301F-11D3-BF4B-00C04F79EFBC}") = "Zeta.Extreme.DbfsToMongo.Connector", "..\Zeta.Extreme.DbfsToMongo.Connector\Zeta.Extreme.DbfsToMongo.Connector.csproj", "{9DF0A7CC-5104-4F45-B8AF-605AD1F2FD3A}"
EndProject
Project("{FAE04EC0-301F-11D3-BF4B-00C04F79EFBC}") = "MongoDB.Driver", "..\..\mongo-csharp-driver\MongoDB.Driver\MongoDB.Driver.csproj", "{AE5166CD-76B0-4911-BD80-CED9521F37A1}"
EndProject
Project("{FAE04EC0-301F-11D3-BF4B-00C04F79EFBC}") = "MongoDB.Bson", "..\..\mongo-csharp-driver\MongoDB.Bson\MongoDB.Bson.csproj", "{0E9A3A2A-49CD-4F6C-847C-DC79B4B65CE6}"
EndProject
Project("{FAE04EC0-301F-11D3-BF4B-00C04F79EFBC}") = "Zeta.Extreme.BizProcess", "..\Zeta.Extreme.BizProcess\Zeta.Extreme.BizProcess.csproj", "{44653DE7-DEE5-4960-A906-E0D6B1F83FCC}"
EndProject
Project("{2150E333-8FDC-42A3-9474-1A3956D46DE8}") = "References", "References", "{8256CE6F-CD25-44E2-AA94-FA1AB24C2D04}"
EndProject
Global
	GlobalSection(SolutionConfigurationPlatforms) = preSolution
		Debug|Any CPU = Debug|Any CPU
		Release|Any CPU = Release|Any CPU
		SQL2008|Any CPU = SQL2008|Any CPU
	EndGlobalSection
	GlobalSection(ProjectConfigurationPlatforms) = postSolution
		{D93994AD-EDEB-48DD-BC8C-2A82E60DF8D1}.Debug|Any CPU.ActiveCfg = Debug|Any CPU
		{D93994AD-EDEB-48DD-BC8C-2A82E60DF8D1}.Debug|Any CPU.Build.0 = Debug|Any CPU
		{D93994AD-EDEB-48DD-BC8C-2A82E60DF8D1}.Release|Any CPU.ActiveCfg = Release|Any CPU
		{D93994AD-EDEB-48DD-BC8C-2A82E60DF8D1}.Release|Any CPU.Build.0 = Release|Any CPU
		{D93994AD-EDEB-48DD-BC8C-2A82E60DF8D1}.SQL2008|Any CPU.ActiveCfg = SQL2008|Any CPU
		{D93994AD-EDEB-48DD-BC8C-2A82E60DF8D1}.SQL2008|Any CPU.Build.0 = SQL2008|Any CPU
		{6AFD822E-667E-4473-814A-E291B38771DE}.Debug|Any CPU.ActiveCfg = Debug|Any CPU
		{6AFD822E-667E-4473-814A-E291B38771DE}.Debug|Any CPU.Build.0 = Debug|Any CPU
		{6AFD822E-667E-4473-814A-E291B38771DE}.Release|Any CPU.ActiveCfg = Release|Any CPU
		{6AFD822E-667E-4473-814A-E291B38771DE}.Release|Any CPU.Build.0 = Release|Any CPU
		{6AFD822E-667E-4473-814A-E291B38771DE}.SQL2008|Any CPU.ActiveCfg = SQL2008|Any CPU
		{6AFD822E-667E-4473-814A-E291B38771DE}.SQL2008|Any CPU.Build.0 = SQL2008|Any CPU
		{9DF0A7CC-5104-4F45-B8AF-605AD1F2FD3A}.Debug|Any CPU.ActiveCfg = Debug|Any CPU
		{9DF0A7CC-5104-4F45-B8AF-605AD1F2FD3A}.Debug|Any CPU.Build.0 = Debug|Any CPU
		{9DF0A7CC-5104-4F45-B8AF-605AD1F2FD3A}.Release|Any CPU.ActiveCfg = Release|Any CPU
		{9DF0A7CC-5104-4F45-B8AF-605AD1F2FD3A}.Release|Any CPU.Build.0 = Release|Any CPU
		{9DF0A7CC-5104-4F45-B8AF-605AD1F2FD3A}.SQL2008|Any CPU.ActiveCfg = SQL2008|Any CPU
		{9DF0A7CC-5104-4F45-B8AF-605AD1F2FD3A}.SQL2008|Any CPU.Build.0 = SQL2008|Any CPU
		{AE5166CD-76B0-4911-BD80-CED9521F37A1}.Debug|Any CPU.ActiveCfg = Debug|Any CPU
		{AE5166CD-76B0-4911-BD80-CED9521F37A1}.Debug|Any CPU.Build.0 = Debug|Any CPU
		{AE5166CD-76B0-4911-BD80-CED9521F37A1}.Release|Any CPU.ActiveCfg = Release|Any CPU
		{AE5166CD-76B0-4911-BD80-CED9521F37A1}.Release|Any CPU.Build.0 = Release|Any CPU
		{AE5166CD-76B0-4911-BD80-CED9521F37A1}.SQL2008|Any CPU.ActiveCfg = Release|Any CPU
		{AE5166CD-76B0-4911-BD80-CED9521F37A1}.SQL2008|Any CPU.Build.0 = Release|Any CPU
		{0E9A3A2A-49CD-4F6C-847C-DC79B4B65CE6}.Debug|Any CPU.ActiveCfg = Debug|Any CPU
		{0E9A3A2A-49CD-4F6C-847C-DC79B4B65CE6}.Debug|Any CPU.Build.0 = Debug|Any CPU
		{0E9A3A2A-49CD-4F6C-847C-DC79B4B65CE6}.Release|Any CPU.ActiveCfg = Release|Any CPU
		{0E9A3A2A-49CD-4F6C-847C-DC79B4B65CE6}.Release|Any CPU.Build.0 = Release|Any CPU
		{0E9A3A2A-49CD-4F6C-847C-DC79B4B65CE6}.SQL2008|Any CPU.ActiveCfg = Release|Any CPU
		{0E9A3A2A-49CD-4F6C-847C-DC79B4B65CE6}.SQL2008|Any CPU.Build.0 = Release|Any CPU
		{44653DE7-DEE5-4960-A906-E0D6B1F83FCC}.Debug|Any CPU.ActiveCfg = Debug|Any CPU
		{44653DE7-DEE5-4960-A906-E0D6B1F83FCC}.Debug|Any CPU.Build.0 = Debug|Any CPU
		{44653DE7-DEE5-4960-A906-E0D6B1F83FCC}.Release|Any CPU.ActiveCfg = Release|Any CPU
		{44653DE7-DEE5-4960-A906-E0D6B1F83FCC}.Release|Any CPU.Build.0 = Release|Any CPU
		{44653DE7-DEE5-4960-A906-E0D6B1F83FCC}.SQL2008|Any CPU.ActiveCfg = SQL2008|Any CPU
		{44653DE7-DEE5-4960-A906-E0D6B1F83FCC}.SQL2008|Any CPU.Build.0 = SQL2008|Any CPU
	EndGlobalSection
	GlobalSection(SolutionProperties) = preSolution
		HideSolutionNode = FALSE
	EndGlobalSection
	GlobalSection(NestedProjects) = preSolution
		{0E9A3A2A-49CD-4F6C-847C-DC79B4B65CE6} = {8256CE6F-CD25-44E2-AA94-FA1AB24C2D04}
		{AE5166CD-76B0-4911-BD80-CED9521F37A1} = {8256CE6F-CD25-44E2-AA94-FA1AB24C2D04}
		{44653DE7-DEE5-4960-A906-E0D6B1F83FCC} = {8256CE6F-CD25-44E2-AA94-FA1AB24C2D04}
		{9DF0A7CC-5104-4F45-B8AF-605AD1F2FD3A} = {8256CE6F-CD25-44E2-AA94-FA1AB24C2D04}
		{6AFD822E-667E-4473-814A-E291B38771DE} = {8256CE6F-CD25-44E2-AA94-FA1AB24C2D04}
	EndGlobalSection
EndGlobal
