
Microsoft Visual Studio Solution File, Format Version 12.00
# Visual Studio 2012
Project("{FAE04EC0-301F-11D3-BF4B-00C04F79EFBC}") = "Zeta.Extreme.Developer", "Zeta.Extreme.Developer\Zeta.Extreme.Developer.csproj", "{A6ADC6DF-7306-42D5-A674-3D847390CA29}"
EndProject
Project("{FAE04EC0-301F-11D3-BF4B-00C04F79EFBC}") = "Zeta.Extreme.Developer.Tests", "Zeta.Extreme.Developer.Tests\Zeta.Extreme.Developer.Tests.csproj", "{E410FC41-DFF4-47D1-8919-42BE3522C18E}"
EndProject
Project("{2150E333-8FDC-42A3-9474-1A3956D46DE8}") = "Pkg", "Pkg", "{F755EF91-9827-4A03-8490-2E79BBC404E7}"
	ProjectSection(SolutionItems) = preProject
		local-sfo.zetadev.ioc-manifest.bxl = local-sfo.zetadev.ioc-manifest.bxl
		zdev.ui\paramattributes.sample.xml = zdev.ui\paramattributes.sample.xml
		testapp.debug = testapp.debug
		testdeveloper.base = testdeveloper.base
		testdeveloper.debug = testdeveloper.debug
		zdev.ui\zdev-attr-stat-report.xslt = zdev.ui\zdev-attr-stat-report.xslt
		zdev.ui\zdev-colattributes-report.css = zdev.ui\zdev-colattributes-report.css
		zdev.ui\zdev-colattributes-report.xslt = zdev.ui\zdev-colattributes-report.xslt
		zdev.ui\zdev-doc.xslt = zdev.ui\zdev-doc.xslt
		zdev.ui\zdev-formattributes-report.css = zdev.ui\zdev-formattributes-report.css
		zdev.ui\zdev-formattributes-report.xslt = zdev.ui\zdev-formattributes-report.xslt
		zdev.ui\zdev-getelementsmap-report.css = zdev.ui\zdev-getelementsmap-report.css
		zdev.ui\zdev-getelementsmap-report.xslt = zdev.ui\zdev-getelementsmap-report.xslt
		zdev.ui\zdev-parameters-report.css = zdev.ui\zdev-parameters-report.css
		zdev.ui\zdev-parameters-report.xslt = zdev.ui\zdev-parameters-report.xslt
		zdev.ui\zdev-paramattributes-report.css = zdev.ui\zdev-paramattributes-report.css
		zdev.ui\zdev-paramattributes-report.xslt = zdev.ui\zdev-paramattributes-report.xslt
		zdev.ui\zdev-references.xslt = zdev.ui\zdev-references.xslt
		zdev.ui\zdev-report-common.xslt = zdev.ui\zdev-report-common.xslt
		zdev.ui\zdev-reportattributes-report.css = zdev.ui\zdev-reportattributes-report.css
		zdev.ui\zdev-reportattributes-report.xslt = zdev.ui\zdev-reportattributes-report.xslt
		zdev.ui\zdev-themaattributes-report.css = zdev.ui\zdev-themaattributes-report.css
		zdev.ui\zdev-themaattributes-report.xslt = zdev.ui\zdev-themaattributes-report.xslt
		zdev.ui\zdev.base.css = zdev.ui\zdev.base.css
		zdev.ui\zdev.main.menu.js = zdev.ui\zdev.main.menu.js
		zdev.ui\zdev.ui-load.bxl = zdev.ui\zdev.ui-load.bxl
		zetadev.ioc-manifest.bxl = zetadev.ioc-manifest.bxl
	EndProjectSection
EndProject
Project("{2150E333-8FDC-42A3-9474-1A3956D46DE8}") = "External", "External", "{1136EDFF-ECB1-478B-8C5E-CD318D580DC6}"
EndProject
Project("{FAE04EC0-301F-11D3-BF4B-00C04F79EFBC}") = "Qorpent.Core", "..\qorpent.sys\Qorpent.Core\Qorpent.Core.csproj", "{880F65EA-1A22-4672-A137-FFC91290A209}"
EndProject
Project("{FAE04EC0-301F-11D3-BF4B-00C04F79EFBC}") = "Qorpent.Utils", "..\qorpent.sys\Qorpent.Utils\Qorpent.Utils.csproj", "{880F65EA-1A22-4672-A137-FFC912902112}"
EndProject
Project("{FAE04EC0-301F-11D3-BF4B-00C04F79EFBC}") = "Qorpent.IoC", "..\qorpent.sys\Qorpent.IoC\Qorpent.IoC.csproj", "{62F22FFA-A1CF-4A74-838C-9AB33A9442EA}"
EndProject
Project("{FAE04EC0-301F-11D3-BF4B-00C04F79EFBC}") = "Qorpent.IoC.Tests", "..\qorpent.sys\Qorpent.IoC.Tests\Qorpent.IoC.Tests.csproj", "{0403B026-5047-41A4-98EE-62F2D92B812C}"
EndProject
Project("{FAE04EC0-301F-11D3-BF4B-00C04F79EFBC}") = "Qorpent.IO", "..\qorpent.sys\Qorpent.IO\Qorpent.IO.csproj", "{426C92DF-3C40-426C-B0BE-40A1DF9044C2}"
EndProject
Project("{FAE04EC0-301F-11D3-BF4B-00C04F79EFBC}") = "Qorpent.Serialization", "..\qorpent.sys\Qorpent.Serialization\Qorpent.Serialization.csproj", "{21971F28-8ED8-4F50-B623-E9DB2658AF54}"
EndProject
Project("{FAE04EC0-301F-11D3-BF4B-00C04F79EFBC}") = "Qorpent.Mvc", "..\qorpent.sys\Qorpent.Mvc\Qorpent.Mvc.csproj", "{96885C8F-AD20-41B4-86EE-BC9B3D47D9F9}"
EndProject
Global
	GlobalSection(SolutionConfigurationPlatforms) = preSolution
		Debug|Any CPU = Debug|Any CPU
		Release|Any CPU = Release|Any CPU
		SQL2008|Any CPU = SQL2008|Any CPU
	EndGlobalSection
	GlobalSection(ProjectConfigurationPlatforms) = postSolution
		{A6ADC6DF-7306-42D5-A674-3D847390CA29}.Debug|Any CPU.ActiveCfg = Debug|Any CPU
		{A6ADC6DF-7306-42D5-A674-3D847390CA29}.Debug|Any CPU.Build.0 = Debug|Any CPU
		{A6ADC6DF-7306-42D5-A674-3D847390CA29}.Release|Any CPU.ActiveCfg = Release|Any CPU
		{A6ADC6DF-7306-42D5-A674-3D847390CA29}.Release|Any CPU.Build.0 = Release|Any CPU
		{A6ADC6DF-7306-42D5-A674-3D847390CA29}.SQL2008|Any CPU.ActiveCfg = SQL2008|Any CPU
		{A6ADC6DF-7306-42D5-A674-3D847390CA29}.SQL2008|Any CPU.Build.0 = SQL2008|Any CPU
		{E410FC41-DFF4-47D1-8919-42BE3522C18E}.Debug|Any CPU.ActiveCfg = Debug|Any CPU
		{E410FC41-DFF4-47D1-8919-42BE3522C18E}.Debug|Any CPU.Build.0 = Debug|Any CPU
		{E410FC41-DFF4-47D1-8919-42BE3522C18E}.Release|Any CPU.ActiveCfg = Release|Any CPU
		{E410FC41-DFF4-47D1-8919-42BE3522C18E}.Release|Any CPU.Build.0 = Release|Any CPU
		{E410FC41-DFF4-47D1-8919-42BE3522C18E}.SQL2008|Any CPU.ActiveCfg = SQL2008|Any CPU
		{E410FC41-DFF4-47D1-8919-42BE3522C18E}.SQL2008|Any CPU.Build.0 = SQL2008|Any CPU
		{880F65EA-1A22-4672-A137-FFC91290A209}.Debug|Any CPU.ActiveCfg = Debug|Any CPU
		{880F65EA-1A22-4672-A137-FFC91290A209}.Debug|Any CPU.Build.0 = Debug|Any CPU
		{880F65EA-1A22-4672-A137-FFC91290A209}.Release|Any CPU.ActiveCfg = Release|Any CPU
		{880F65EA-1A22-4672-A137-FFC91290A209}.Release|Any CPU.Build.0 = Release|Any CPU
		{880F65EA-1A22-4672-A137-FFC91290A209}.SQL2008|Any CPU.ActiveCfg = SQL2008|Any CPU
		{880F65EA-1A22-4672-A137-FFC91290A209}.SQL2008|Any CPU.Build.0 = SQL2008|Any CPU
		{880F65EA-1A22-4672-A137-FFC912902112}.Debug|Any CPU.ActiveCfg = Debug|Any CPU
		{880F65EA-1A22-4672-A137-FFC912902112}.Debug|Any CPU.Build.0 = Debug|Any CPU
		{880F65EA-1A22-4672-A137-FFC912902112}.Release|Any CPU.ActiveCfg = Release|Any CPU
		{880F65EA-1A22-4672-A137-FFC912902112}.Release|Any CPU.Build.0 = Release|Any CPU
		{880F65EA-1A22-4672-A137-FFC912902112}.SQL2008|Any CPU.ActiveCfg = SQL2008|Any CPU
		{880F65EA-1A22-4672-A137-FFC912902112}.SQL2008|Any CPU.Build.0 = SQL2008|Any CPU
		{62F22FFA-A1CF-4A74-838C-9AB33A9442EA}.Debug|Any CPU.ActiveCfg = Debug|Any CPU
		{62F22FFA-A1CF-4A74-838C-9AB33A9442EA}.Debug|Any CPU.Build.0 = Debug|Any CPU
		{62F22FFA-A1CF-4A74-838C-9AB33A9442EA}.Release|Any CPU.ActiveCfg = Release|Any CPU
		{62F22FFA-A1CF-4A74-838C-9AB33A9442EA}.Release|Any CPU.Build.0 = Release|Any CPU
		{62F22FFA-A1CF-4A74-838C-9AB33A9442EA}.SQL2008|Any CPU.ActiveCfg = SQL2008|Any CPU
		{62F22FFA-A1CF-4A74-838C-9AB33A9442EA}.SQL2008|Any CPU.Build.0 = SQL2008|Any CPU
		{0403B026-5047-41A4-98EE-62F2D92B812C}.Debug|Any CPU.ActiveCfg = Debug|Any CPU
		{0403B026-5047-41A4-98EE-62F2D92B812C}.Debug|Any CPU.Build.0 = Debug|Any CPU
		{0403B026-5047-41A4-98EE-62F2D92B812C}.Release|Any CPU.ActiveCfg = Release|Any CPU
		{0403B026-5047-41A4-98EE-62F2D92B812C}.Release|Any CPU.Build.0 = Release|Any CPU
		{0403B026-5047-41A4-98EE-62F2D92B812C}.SQL2008|Any CPU.ActiveCfg = SQL2008|Any CPU
		{0403B026-5047-41A4-98EE-62F2D92B812C}.SQL2008|Any CPU.Build.0 = SQL2008|Any CPU
		{426C92DF-3C40-426C-B0BE-40A1DF9044C2}.Debug|Any CPU.ActiveCfg = Debug|Any CPU
		{426C92DF-3C40-426C-B0BE-40A1DF9044C2}.Debug|Any CPU.Build.0 = Debug|Any CPU
		{426C92DF-3C40-426C-B0BE-40A1DF9044C2}.Release|Any CPU.ActiveCfg = Release|Any CPU
		{426C92DF-3C40-426C-B0BE-40A1DF9044C2}.Release|Any CPU.Build.0 = Release|Any CPU
		{426C92DF-3C40-426C-B0BE-40A1DF9044C2}.SQL2008|Any CPU.ActiveCfg = SQL2008|Any CPU
		{426C92DF-3C40-426C-B0BE-40A1DF9044C2}.SQL2008|Any CPU.Build.0 = SQL2008|Any CPU
		{21971F28-8ED8-4F50-B623-E9DB2658AF54}.Debug|Any CPU.ActiveCfg = Debug|Any CPU
		{21971F28-8ED8-4F50-B623-E9DB2658AF54}.Debug|Any CPU.Build.0 = Debug|Any CPU
		{21971F28-8ED8-4F50-B623-E9DB2658AF54}.Release|Any CPU.ActiveCfg = Release|Any CPU
		{21971F28-8ED8-4F50-B623-E9DB2658AF54}.Release|Any CPU.Build.0 = Release|Any CPU
		{21971F28-8ED8-4F50-B623-E9DB2658AF54}.SQL2008|Any CPU.ActiveCfg = SQL2008|Any CPU
		{21971F28-8ED8-4F50-B623-E9DB2658AF54}.SQL2008|Any CPU.Build.0 = SQL2008|Any CPU
		{96885C8F-AD20-41B4-86EE-BC9B3D47D9F9}.Debug|Any CPU.ActiveCfg = Debug|Any CPU
		{96885C8F-AD20-41B4-86EE-BC9B3D47D9F9}.Debug|Any CPU.Build.0 = Debug|Any CPU
		{96885C8F-AD20-41B4-86EE-BC9B3D47D9F9}.Release|Any CPU.ActiveCfg = Release|Any CPU
		{96885C8F-AD20-41B4-86EE-BC9B3D47D9F9}.Release|Any CPU.Build.0 = Release|Any CPU
		{96885C8F-AD20-41B4-86EE-BC9B3D47D9F9}.SQL2008|Any CPU.ActiveCfg = SQL2008|Any CPU
		{96885C8F-AD20-41B4-86EE-BC9B3D47D9F9}.SQL2008|Any CPU.Build.0 = SQL2008|Any CPU
	EndGlobalSection
	GlobalSection(SolutionProperties) = preSolution
		HideSolutionNode = FALSE
	EndGlobalSection
	GlobalSection(NestedProjects) = preSolution
		{880F65EA-1A22-4672-A137-FFC91290A209} = {1136EDFF-ECB1-478B-8C5E-CD318D580DC6}
		{880F65EA-1A22-4672-A137-FFC912902112} = {1136EDFF-ECB1-478B-8C5E-CD318D580DC6}
		{62F22FFA-A1CF-4A74-838C-9AB33A9442EA} = {1136EDFF-ECB1-478B-8C5E-CD318D580DC6}
		{0403B026-5047-41A4-98EE-62F2D92B812C} = {1136EDFF-ECB1-478B-8C5E-CD318D580DC6}
		{426C92DF-3C40-426C-B0BE-40A1DF9044C2} = {1136EDFF-ECB1-478B-8C5E-CD318D580DC6}
		{21971F28-8ED8-4F50-B623-E9DB2658AF54} = {1136EDFF-ECB1-478B-8C5E-CD318D580DC6}
		{96885C8F-AD20-41B4-86EE-BC9B3D47D9F9} = {1136EDFF-ECB1-478B-8C5E-CD318D580DC6}
	EndGlobalSection
EndGlobal
