
Microsoft Visual Studio Solution File, Format Version 12.00
# Visual Studio 2012
Project("{FAE04EC0-301F-11D3-BF4B-00C04F79EFBC}") = "Zeta.Extreme.Model", "Zeta.Extreme.Model\Zeta.Extreme.Model.csproj", "{A4442A74-4590-4BA3-B44C-56C98CE4A088}"
EndProject
Project("{FAE04EC0-301F-11D3-BF4B-00C04F79EFBC}") = "Zeta.Extreme.Core", "Zeta.Extreme.Core\Zeta.Extreme.Core.csproj", "{A5177DFD-2D36-442F-A9C0-B79CD6DC7054}"
EndProject
Project("{FAE04EC0-301F-11D3-BF4B-00C04F79EFBC}") = "Zeta.Extreme.Core.Tests", "Zeta.Extreme.Core.Tests\Zeta.Extreme.Core.Tests.csproj", "{736C7DE4-EB8F-4CC0-9372-07B55D1E1797}"
EndProject
Project("{FAE04EC0-301F-11D3-BF4B-00C04F79EFBC}") = "Zeta.Extreme.BizProcess", "Zeta.Extreme.BizProcess\Zeta.Extreme.BizProcess.csproj", "{44653DE7-DEE5-4960-A906-E0D6B1F83FCC}"
EndProject
Project("{FAE04EC0-301F-11D3-BF4B-00C04F79EFBC}") = "Zeta.Extreme.BizProcess.Tests", "Zeta.Extreme.BizProcess.Tests\Zeta.Extreme.BizProcess.Tests.csproj", "{B399520C-20AE-4C8F-9C30-72ACC60B780B}"
EndProject
Project("{FAE04EC0-301F-11D3-BF4B-00C04F79EFBC}") = "Zeta.Extreme.Form", "Zeta.Extreme.Form\Zeta.Extreme.Form.csproj", "{FBD09F91-B185-4207-B05D-6051505CA868}"
EndProject
Project("{FAE04EC0-301F-11D3-BF4B-00C04F79EFBC}") = "Zeta.Extreme.Form.Tests", "Zeta.Extreme.Form.Tests\Zeta.Extreme.Form.Tests.csproj", "{CC468E11-E17D-4363-967A-51F59190D146}"
EndProject
Project("{FAE04EC0-301F-11D3-BF4B-00C04F79EFBC}") = "Zeta.Extreme.FrontEnd", "Zeta.Extreme.FrontEnd\Zeta.Extreme.FrontEnd.csproj", "{75E74DED-91CC-4090-B3B2-2E8AE3C085E8}"
EndProject
Project("{FAE04EC0-301F-11D3-BF4B-00C04F79EFBC}") = "Zeta.Extreme.FrontEnd.Tests", "Zeta.Extreme.FrontEnd.Tests\Zeta.Extreme.FrontEnd.Tests.csproj", "{35C6259A-33A5-4DDD-B6E6-0DEE06DD31EE}"
EndProject
Project("{E24C65DC-7377-472B-9ABA-BC803B73C61A}") = "Zeta.Form.UI", "Zeta.Form.UI\", "{2D5B04EE-B3CC-4EDD-A526-98D5256B5E16}"
	ProjectSection(WebsiteProperties) = preProject
		TargetFrameworkMoniker = ".NETFramework,Version%3Dv4.0"
		Debug.AspNetCompiler.VirtualPath = "/Zeta.Form.UI"
		Debug.AspNetCompiler.PhysicalPath = "Zeta.Form.UI\"
		Debug.AspNetCompiler.TargetPath = "PrecompiledWeb\Zeta.Form.UI\"
		Debug.AspNetCompiler.Updateable = "true"
		Debug.AspNetCompiler.ForceOverwrite = "true"
		Debug.AspNetCompiler.FixedNames = "false"
		Debug.AspNetCompiler.Debug = "True"
		Release.AspNetCompiler.VirtualPath = "/Zeta.Form.UI"
		Release.AspNetCompiler.PhysicalPath = "Zeta.Form.UI\"
		Release.AspNetCompiler.TargetPath = "PrecompiledWeb\Zeta.Form.UI\"
		Release.AspNetCompiler.Updateable = "true"
		Release.AspNetCompiler.ForceOverwrite = "true"
		Release.AspNetCompiler.FixedNames = "false"
		Release.AspNetCompiler.Debug = "False"
		VWDPort = "58664"
	EndProjectSection
EndProject
Project("{2150E333-8FDC-42A3-9474-1A3956D46DE8}") = "Pkg", "Pkg", "{6233C2D9-9063-4E64-B22C-123DB62B37B7}"
	ProjectSection(SolutionItems) = preProject
		.gitattributes = .gitattributes
		.gitignore = .gitignore
		assoibd-eco-as-default.db-connection = assoibd-eco-as-default.db-connection
		assoibdx-eco-as-default.db-connection = assoibdx-eco-as-default.db-connection
		build = build
		install = install
		manifest = manifest
		testapp.base = testapp.base
		testapp.debug = testapp.debug
		testapp.publish = testapp.publish
		work.publish = work.publish
		zeta.extreme.frontend.base.ioc-manifest.bxl = zeta.extreme.frontend.base.ioc-manifest.bxl
		Zeta.Extreme.sln.DotSettings = Zeta.Extreme.sln.DotSettings
	EndProjectSection
EndProject
Project("{2150E333-8FDC-42A3-9474-1A3956D46DE8}") = "qorpent.sys", "qorpent.sys", "{16878728-52C0-448C-B829-9DDDEC933D53}"
EndProject
Project("{FAE04EC0-301F-11D3-BF4B-00C04F79EFBC}") = "Qorpent.Core", "..\qorpent.sys\Qorpent.Core\Qorpent.Core.csproj", "{880F65EA-1A22-4672-A137-FFC91290A209}"
EndProject
Project("{FAE04EC0-301F-11D3-BF4B-00C04F79EFBC}") = "Qorpent.Bxl", "..\qorpent.sys\Qorpent.Bxl\Qorpent.Bxl.csproj", "{381DEC86-5709-4A64-BD9F-462E792884CE}"
EndProject
Project("{FAE04EC0-301F-11D3-BF4B-00C04F79EFBC}") = "Qorpent.Data", "..\qorpent.sys\Qorpent.Data\Qorpent.Data.csproj", "{E762ABB0-9982-444C-A2B5-23B5866954F3}"
EndProject
Project("{FAE04EC0-301F-11D3-BF4B-00C04F79EFBC}") = "Qorpent.Utils", "..\qorpent.sys\Qorpent.Utils\Qorpent.Utils.csproj", "{880F65EA-1A22-4672-A137-FFC912902112}"
EndProject
Project("{FAE04EC0-301F-11D3-BF4B-00C04F79EFBC}") = "Qorpent.Dsl", "..\qorpent.sys\Qorpent.Dsl\Qorpent.Dsl.csproj", "{B758E220-22F5-47DF-A73B-BC9B1A3DBDC3}"
EndProject
Project("{FAE04EC0-301F-11D3-BF4B-00C04F79EFBC}") = "Qorpent.IO", "..\qorpent.sys\Qorpent.IO\Qorpent.IO.csproj", "{426C92DF-3C40-426C-B0BE-40A1DF9044C2}"
EndProject
Project("{FAE04EC0-301F-11D3-BF4B-00C04F79EFBC}") = "Qorpent.IoC", "..\qorpent.sys\Qorpent.IoC\Qorpent.IoC.csproj", "{62F22FFA-A1CF-4A74-838C-9AB33A9442EA}"
EndProject
Project("{FAE04EC0-301F-11D3-BF4B-00C04F79EFBC}") = "Qorpent.Log", "..\qorpent.sys\Qorpent.Log\Qorpent.Log.csproj", "{77D47855-A3D4-4B92-9FC0-C2EDEE27A8A7}"
EndProject
Project("{FAE04EC0-301F-11D3-BF4B-00C04F79EFBC}") = "Qorpent.Mvc", "..\qorpent.sys\Qorpent.Mvc\Qorpent.Mvc.csproj", "{96885C8F-AD20-41B4-86EE-BC9B3D47D9F9}"
EndProject
Project("{FAE04EC0-301F-11D3-BF4B-00C04F79EFBC}") = "Qorpent.Security", "..\qorpent.sys\Qorpent.Security\Qorpent.Security.csproj", "{ECB429BC-3E76-4FCD-897E-235B546C8738}"
EndProject
Project("{FAE04EC0-301F-11D3-BF4B-00C04F79EFBC}") = "Qorpent.Serialization", "..\qorpent.sys\Qorpent.Serialization\Qorpent.Serialization.csproj", "{21971F28-8ED8-4F50-B623-E9DB2658AF54}"
EndProject
Project("{2150E333-8FDC-42A3-9474-1A3956D46DE8}") = "tests", "tests", "{EC45ADED-2DC6-42E2-892B-73BBAA1E0DC5}"
EndProject
Project("{FAE04EC0-301F-11D3-BF4B-00C04F79EFBC}") = "Zeta.Extreme.MongoDB.Integration", "Zeta.Extreme.MongoDB.Integration\Zeta.Extreme.MongoDB.Integration.csproj", "{459E4387-484E-42DE-8795-A142E83CFCBB}"
EndProject
Project("{FAE04EC0-301F-11D3-BF4B-00C04F79EFBC}") = "Zeta.Extreme.MongoDB.Integration.Tests", "Zeta.Extreme.MongoDB.Integration.Tests\Zeta.Extreme.MongoDB.Integration.Tests.csproj", "{5B772CDE-2DAB-4E34-944B-63124A9CEDD1}"
EndProject
Project("{2150E333-8FDC-42A3-9474-1A3956D46DE8}") = "extras", "extras", "{11794BE7-EF01-4909-93E4-725897903F3C}"
EndProject
Project("{FAE04EC0-301F-11D3-BF4B-00C04F79EFBC}") = "MongoDB.Driver", "..\mongo-csharp-driver\MongoDB.Driver\MongoDB.Driver.csproj", "{AE5166CD-76B0-4911-BD80-CED9521F37A1}"
EndProject
Project("{FAE04EC0-301F-11D3-BF4B-00C04F79EFBC}") = "MongoDB.Bson", "..\mongo-csharp-driver\MongoDB.Bson\MongoDB.Bson.csproj", "{0E9A3A2A-49CD-4F6C-847C-DC79B4B65CE6}"
EndProject
Global
	GlobalSection(SolutionConfigurationPlatforms) = preSolution
		Debug|Any CPU = Debug|Any CPU
		Release|Any CPU = Release|Any CPU
		SQL2008|Any CPU = SQL2008|Any CPU
	EndGlobalSection
	GlobalSection(ProjectConfigurationPlatforms) = postSolution
		{A4442A74-4590-4BA3-B44C-56C98CE4A088}.Debug|Any CPU.ActiveCfg = Debug|Any CPU
		{A4442A74-4590-4BA3-B44C-56C98CE4A088}.Debug|Any CPU.Build.0 = Debug|Any CPU
		{A4442A74-4590-4BA3-B44C-56C98CE4A088}.Release|Any CPU.ActiveCfg = Release|Any CPU
		{A4442A74-4590-4BA3-B44C-56C98CE4A088}.Release|Any CPU.Build.0 = Release|Any CPU
		{A4442A74-4590-4BA3-B44C-56C98CE4A088}.SQL2008|Any CPU.ActiveCfg = SQL2008|Any CPU
		{A4442A74-4590-4BA3-B44C-56C98CE4A088}.SQL2008|Any CPU.Build.0 = SQL2008|Any CPU
		{A5177DFD-2D36-442F-A9C0-B79CD6DC7054}.Debug|Any CPU.ActiveCfg = Debug|Any CPU
		{A5177DFD-2D36-442F-A9C0-B79CD6DC7054}.Debug|Any CPU.Build.0 = Debug|Any CPU
		{A5177DFD-2D36-442F-A9C0-B79CD6DC7054}.Release|Any CPU.ActiveCfg = Release|Any CPU
		{A5177DFD-2D36-442F-A9C0-B79CD6DC7054}.Release|Any CPU.Build.0 = Release|Any CPU
		{A5177DFD-2D36-442F-A9C0-B79CD6DC7054}.SQL2008|Any CPU.ActiveCfg = SQL2008|Any CPU
		{A5177DFD-2D36-442F-A9C0-B79CD6DC7054}.SQL2008|Any CPU.Build.0 = SQL2008|Any CPU
		{736C7DE4-EB8F-4CC0-9372-07B55D1E1797}.Debug|Any CPU.ActiveCfg = Debug|Any CPU
		{736C7DE4-EB8F-4CC0-9372-07B55D1E1797}.Debug|Any CPU.Build.0 = Debug|Any CPU
		{736C7DE4-EB8F-4CC0-9372-07B55D1E1797}.Release|Any CPU.ActiveCfg = Release|Any CPU
		{736C7DE4-EB8F-4CC0-9372-07B55D1E1797}.Release|Any CPU.Build.0 = Release|Any CPU
		{736C7DE4-EB8F-4CC0-9372-07B55D1E1797}.SQL2008|Any CPU.ActiveCfg = SQL2008|Any CPU
		{736C7DE4-EB8F-4CC0-9372-07B55D1E1797}.SQL2008|Any CPU.Build.0 = SQL2008|Any CPU
		{44653DE7-DEE5-4960-A906-E0D6B1F83FCC}.Debug|Any CPU.ActiveCfg = Debug|Any CPU
		{44653DE7-DEE5-4960-A906-E0D6B1F83FCC}.Debug|Any CPU.Build.0 = Debug|Any CPU
		{44653DE7-DEE5-4960-A906-E0D6B1F83FCC}.Release|Any CPU.ActiveCfg = Release|Any CPU
		{44653DE7-DEE5-4960-A906-E0D6B1F83FCC}.Release|Any CPU.Build.0 = Release|Any CPU
		{44653DE7-DEE5-4960-A906-E0D6B1F83FCC}.SQL2008|Any CPU.ActiveCfg = SQL2008|Any CPU
		{44653DE7-DEE5-4960-A906-E0D6B1F83FCC}.SQL2008|Any CPU.Build.0 = SQL2008|Any CPU
		{B399520C-20AE-4C8F-9C30-72ACC60B780B}.Debug|Any CPU.ActiveCfg = Debug|Any CPU
		{B399520C-20AE-4C8F-9C30-72ACC60B780B}.Debug|Any CPU.Build.0 = Debug|Any CPU
		{B399520C-20AE-4C8F-9C30-72ACC60B780B}.Release|Any CPU.ActiveCfg = Release|Any CPU
		{B399520C-20AE-4C8F-9C30-72ACC60B780B}.Release|Any CPU.Build.0 = Release|Any CPU
		{B399520C-20AE-4C8F-9C30-72ACC60B780B}.SQL2008|Any CPU.ActiveCfg = SQL2008|Any CPU
		{B399520C-20AE-4C8F-9C30-72ACC60B780B}.SQL2008|Any CPU.Build.0 = SQL2008|Any CPU
		{FBD09F91-B185-4207-B05D-6051505CA868}.Debug|Any CPU.ActiveCfg = Debug|Any CPU
		{FBD09F91-B185-4207-B05D-6051505CA868}.Debug|Any CPU.Build.0 = Debug|Any CPU
		{FBD09F91-B185-4207-B05D-6051505CA868}.Release|Any CPU.ActiveCfg = Release|Any CPU
		{FBD09F91-B185-4207-B05D-6051505CA868}.Release|Any CPU.Build.0 = Release|Any CPU
		{FBD09F91-B185-4207-B05D-6051505CA868}.SQL2008|Any CPU.ActiveCfg = SQL2008|Any CPU
		{FBD09F91-B185-4207-B05D-6051505CA868}.SQL2008|Any CPU.Build.0 = SQL2008|Any CPU
		{CC468E11-E17D-4363-967A-51F59190D146}.Debug|Any CPU.ActiveCfg = Debug|Any CPU
		{CC468E11-E17D-4363-967A-51F59190D146}.Debug|Any CPU.Build.0 = Debug|Any CPU
		{CC468E11-E17D-4363-967A-51F59190D146}.Release|Any CPU.ActiveCfg = Release|Any CPU
		{CC468E11-E17D-4363-967A-51F59190D146}.Release|Any CPU.Build.0 = Release|Any CPU
		{CC468E11-E17D-4363-967A-51F59190D146}.SQL2008|Any CPU.ActiveCfg = SQL2008|Any CPU
		{CC468E11-E17D-4363-967A-51F59190D146}.SQL2008|Any CPU.Build.0 = SQL2008|Any CPU
		{75E74DED-91CC-4090-B3B2-2E8AE3C085E8}.Debug|Any CPU.ActiveCfg = Debug|Any CPU
		{75E74DED-91CC-4090-B3B2-2E8AE3C085E8}.Debug|Any CPU.Build.0 = Debug|Any CPU
		{75E74DED-91CC-4090-B3B2-2E8AE3C085E8}.Release|Any CPU.ActiveCfg = Release|Any CPU
		{75E74DED-91CC-4090-B3B2-2E8AE3C085E8}.Release|Any CPU.Build.0 = Release|Any CPU
		{75E74DED-91CC-4090-B3B2-2E8AE3C085E8}.SQL2008|Any CPU.ActiveCfg = SQL2008|Any CPU
		{75E74DED-91CC-4090-B3B2-2E8AE3C085E8}.SQL2008|Any CPU.Build.0 = SQL2008|Any CPU
		{35C6259A-33A5-4DDD-B6E6-0DEE06DD31EE}.Debug|Any CPU.ActiveCfg = Debug|Any CPU
		{35C6259A-33A5-4DDD-B6E6-0DEE06DD31EE}.Debug|Any CPU.Build.0 = Debug|Any CPU
		{35C6259A-33A5-4DDD-B6E6-0DEE06DD31EE}.Release|Any CPU.ActiveCfg = Release|Any CPU
		{35C6259A-33A5-4DDD-B6E6-0DEE06DD31EE}.Release|Any CPU.Build.0 = Release|Any CPU
		{35C6259A-33A5-4DDD-B6E6-0DEE06DD31EE}.SQL2008|Any CPU.ActiveCfg = SQL2008|Any CPU
		{35C6259A-33A5-4DDD-B6E6-0DEE06DD31EE}.SQL2008|Any CPU.Build.0 = SQL2008|Any CPU
		{2D5B04EE-B3CC-4EDD-A526-98D5256B5E16}.Debug|Any CPU.ActiveCfg = Debug|Any CPU
		{2D5B04EE-B3CC-4EDD-A526-98D5256B5E16}.Debug|Any CPU.Build.0 = Debug|Any CPU
		{2D5B04EE-B3CC-4EDD-A526-98D5256B5E16}.Release|Any CPU.ActiveCfg = Debug|Any CPU
		{2D5B04EE-B3CC-4EDD-A526-98D5256B5E16}.Release|Any CPU.Build.0 = Debug|Any CPU
		{2D5B04EE-B3CC-4EDD-A526-98D5256B5E16}.SQL2008|Any CPU.ActiveCfg = Debug|Any CPU
		{2D5B04EE-B3CC-4EDD-A526-98D5256B5E16}.SQL2008|Any CPU.Build.0 = Debug|Any CPU
		{880F65EA-1A22-4672-A137-FFC91290A209}.Debug|Any CPU.ActiveCfg = Debug|Any CPU
		{880F65EA-1A22-4672-A137-FFC91290A209}.Debug|Any CPU.Build.0 = Debug|Any CPU
		{880F65EA-1A22-4672-A137-FFC91290A209}.Release|Any CPU.ActiveCfg = Release|Any CPU
		{880F65EA-1A22-4672-A137-FFC91290A209}.Release|Any CPU.Build.0 = Release|Any CPU
		{880F65EA-1A22-4672-A137-FFC91290A209}.SQL2008|Any CPU.ActiveCfg = SQL2008|Any CPU
		{880F65EA-1A22-4672-A137-FFC91290A209}.SQL2008|Any CPU.Build.0 = SQL2008|Any CPU
		{381DEC86-5709-4A64-BD9F-462E792884CE}.Debug|Any CPU.ActiveCfg = Debug|Any CPU
		{381DEC86-5709-4A64-BD9F-462E792884CE}.Debug|Any CPU.Build.0 = Debug|Any CPU
		{381DEC86-5709-4A64-BD9F-462E792884CE}.Release|Any CPU.ActiveCfg = Release|Any CPU
		{381DEC86-5709-4A64-BD9F-462E792884CE}.Release|Any CPU.Build.0 = Release|Any CPU
		{381DEC86-5709-4A64-BD9F-462E792884CE}.SQL2008|Any CPU.ActiveCfg = SQL2008|Any CPU
		{381DEC86-5709-4A64-BD9F-462E792884CE}.SQL2008|Any CPU.Build.0 = SQL2008|Any CPU
		{E762ABB0-9982-444C-A2B5-23B5866954F3}.Debug|Any CPU.ActiveCfg = Debug|Any CPU
		{E762ABB0-9982-444C-A2B5-23B5866954F3}.Debug|Any CPU.Build.0 = Debug|Any CPU
		{E762ABB0-9982-444C-A2B5-23B5866954F3}.Release|Any CPU.ActiveCfg = Release|Any CPU
		{E762ABB0-9982-444C-A2B5-23B5866954F3}.Release|Any CPU.Build.0 = Release|Any CPU
		{E762ABB0-9982-444C-A2B5-23B5866954F3}.SQL2008|Any CPU.ActiveCfg = SQL2008|Any CPU
		{E762ABB0-9982-444C-A2B5-23B5866954F3}.SQL2008|Any CPU.Build.0 = SQL2008|Any CPU
		{880F65EA-1A22-4672-A137-FFC912902112}.Debug|Any CPU.ActiveCfg = Debug|Any CPU
		{880F65EA-1A22-4672-A137-FFC912902112}.Debug|Any CPU.Build.0 = Debug|Any CPU
		{880F65EA-1A22-4672-A137-FFC912902112}.Release|Any CPU.ActiveCfg = Release|Any CPU
		{880F65EA-1A22-4672-A137-FFC912902112}.Release|Any CPU.Build.0 = Release|Any CPU
		{880F65EA-1A22-4672-A137-FFC912902112}.SQL2008|Any CPU.ActiveCfg = SQL2008|Any CPU
		{880F65EA-1A22-4672-A137-FFC912902112}.SQL2008|Any CPU.Build.0 = SQL2008|Any CPU
		{B758E220-22F5-47DF-A73B-BC9B1A3DBDC3}.Debug|Any CPU.ActiveCfg = Debug|Any CPU
		{B758E220-22F5-47DF-A73B-BC9B1A3DBDC3}.Debug|Any CPU.Build.0 = Debug|Any CPU
		{B758E220-22F5-47DF-A73B-BC9B1A3DBDC3}.Release|Any CPU.ActiveCfg = Release|Any CPU
		{B758E220-22F5-47DF-A73B-BC9B1A3DBDC3}.Release|Any CPU.Build.0 = Release|Any CPU
		{B758E220-22F5-47DF-A73B-BC9B1A3DBDC3}.SQL2008|Any CPU.ActiveCfg = SQL2008|Any CPU
		{B758E220-22F5-47DF-A73B-BC9B1A3DBDC3}.SQL2008|Any CPU.Build.0 = SQL2008|Any CPU
		{426C92DF-3C40-426C-B0BE-40A1DF9044C2}.Debug|Any CPU.ActiveCfg = Debug|Any CPU
		{426C92DF-3C40-426C-B0BE-40A1DF9044C2}.Debug|Any CPU.Build.0 = Debug|Any CPU
		{426C92DF-3C40-426C-B0BE-40A1DF9044C2}.Release|Any CPU.ActiveCfg = Release|Any CPU
		{426C92DF-3C40-426C-B0BE-40A1DF9044C2}.Release|Any CPU.Build.0 = Release|Any CPU
		{426C92DF-3C40-426C-B0BE-40A1DF9044C2}.SQL2008|Any CPU.ActiveCfg = SQL2008|Any CPU
		{426C92DF-3C40-426C-B0BE-40A1DF9044C2}.SQL2008|Any CPU.Build.0 = SQL2008|Any CPU
		{62F22FFA-A1CF-4A74-838C-9AB33A9442EA}.Debug|Any CPU.ActiveCfg = Debug|Any CPU
		{62F22FFA-A1CF-4A74-838C-9AB33A9442EA}.Debug|Any CPU.Build.0 = Debug|Any CPU
		{62F22FFA-A1CF-4A74-838C-9AB33A9442EA}.Release|Any CPU.ActiveCfg = Release|Any CPU
		{62F22FFA-A1CF-4A74-838C-9AB33A9442EA}.Release|Any CPU.Build.0 = Release|Any CPU
		{62F22FFA-A1CF-4A74-838C-9AB33A9442EA}.SQL2008|Any CPU.ActiveCfg = SQL2008|Any CPU
		{62F22FFA-A1CF-4A74-838C-9AB33A9442EA}.SQL2008|Any CPU.Build.0 = SQL2008|Any CPU
		{77D47855-A3D4-4B92-9FC0-C2EDEE27A8A7}.Debug|Any CPU.ActiveCfg = Debug|Any CPU
		{77D47855-A3D4-4B92-9FC0-C2EDEE27A8A7}.Debug|Any CPU.Build.0 = Debug|Any CPU
		{77D47855-A3D4-4B92-9FC0-C2EDEE27A8A7}.Release|Any CPU.ActiveCfg = Release|Any CPU
		{77D47855-A3D4-4B92-9FC0-C2EDEE27A8A7}.Release|Any CPU.Build.0 = Release|Any CPU
		{77D47855-A3D4-4B92-9FC0-C2EDEE27A8A7}.SQL2008|Any CPU.ActiveCfg = SQL2008|Any CPU
		{77D47855-A3D4-4B92-9FC0-C2EDEE27A8A7}.SQL2008|Any CPU.Build.0 = SQL2008|Any CPU
		{96885C8F-AD20-41B4-86EE-BC9B3D47D9F9}.Debug|Any CPU.ActiveCfg = Debug|Any CPU
		{96885C8F-AD20-41B4-86EE-BC9B3D47D9F9}.Debug|Any CPU.Build.0 = Debug|Any CPU
		{96885C8F-AD20-41B4-86EE-BC9B3D47D9F9}.Release|Any CPU.ActiveCfg = Release|Any CPU
		{96885C8F-AD20-41B4-86EE-BC9B3D47D9F9}.Release|Any CPU.Build.0 = Release|Any CPU
		{96885C8F-AD20-41B4-86EE-BC9B3D47D9F9}.SQL2008|Any CPU.ActiveCfg = SQL2008|Any CPU
		{96885C8F-AD20-41B4-86EE-BC9B3D47D9F9}.SQL2008|Any CPU.Build.0 = SQL2008|Any CPU
		{ECB429BC-3E76-4FCD-897E-235B546C8738}.Debug|Any CPU.ActiveCfg = Debug|Any CPU
		{ECB429BC-3E76-4FCD-897E-235B546C8738}.Debug|Any CPU.Build.0 = Debug|Any CPU
		{ECB429BC-3E76-4FCD-897E-235B546C8738}.Release|Any CPU.ActiveCfg = Release|Any CPU
		{ECB429BC-3E76-4FCD-897E-235B546C8738}.Release|Any CPU.Build.0 = Release|Any CPU
		{ECB429BC-3E76-4FCD-897E-235B546C8738}.SQL2008|Any CPU.ActiveCfg = SQL2008|Any CPU
		{ECB429BC-3E76-4FCD-897E-235B546C8738}.SQL2008|Any CPU.Build.0 = SQL2008|Any CPU
		{21971F28-8ED8-4F50-B623-E9DB2658AF54}.Debug|Any CPU.ActiveCfg = Debug|Any CPU
		{21971F28-8ED8-4F50-B623-E9DB2658AF54}.Debug|Any CPU.Build.0 = Debug|Any CPU
		{21971F28-8ED8-4F50-B623-E9DB2658AF54}.Release|Any CPU.ActiveCfg = Release|Any CPU
		{21971F28-8ED8-4F50-B623-E9DB2658AF54}.Release|Any CPU.Build.0 = Release|Any CPU
		{21971F28-8ED8-4F50-B623-E9DB2658AF54}.SQL2008|Any CPU.ActiveCfg = SQL2008|Any CPU
		{21971F28-8ED8-4F50-B623-E9DB2658AF54}.SQL2008|Any CPU.Build.0 = SQL2008|Any CPU
		{459E4387-484E-42DE-8795-A142E83CFCBB}.Debug|Any CPU.ActiveCfg = Debug|Any CPU
		{459E4387-484E-42DE-8795-A142E83CFCBB}.Debug|Any CPU.Build.0 = Debug|Any CPU
		{459E4387-484E-42DE-8795-A142E83CFCBB}.Release|Any CPU.ActiveCfg = Release|Any CPU
		{459E4387-484E-42DE-8795-A142E83CFCBB}.Release|Any CPU.Build.0 = Release|Any CPU
		{459E4387-484E-42DE-8795-A142E83CFCBB}.SQL2008|Any CPU.ActiveCfg = SQL2008|Any CPU
		{459E4387-484E-42DE-8795-A142E83CFCBB}.SQL2008|Any CPU.Build.0 = SQL2008|Any CPU
		{5B772CDE-2DAB-4E34-944B-63124A9CEDD1}.Debug|Any CPU.ActiveCfg = Debug|Any CPU
		{5B772CDE-2DAB-4E34-944B-63124A9CEDD1}.Debug|Any CPU.Build.0 = Debug|Any CPU
		{5B772CDE-2DAB-4E34-944B-63124A9CEDD1}.Release|Any CPU.ActiveCfg = Release|Any CPU
		{5B772CDE-2DAB-4E34-944B-63124A9CEDD1}.Release|Any CPU.Build.0 = Release|Any CPU
		{5B772CDE-2DAB-4E34-944B-63124A9CEDD1}.SQL2008|Any CPU.ActiveCfg = SQL2008|Any CPU
		{5B772CDE-2DAB-4E34-944B-63124A9CEDD1}.SQL2008|Any CPU.Build.0 = SQL2008|Any CPU
		{AE5166CD-76B0-4911-BD80-CED9521F37A1}.Debug|Any CPU.ActiveCfg = Debug|Any CPU
		{AE5166CD-76B0-4911-BD80-CED9521F37A1}.Debug|Any CPU.Build.0 = Debug|Any CPU
		{AE5166CD-76B0-4911-BD80-CED9521F37A1}.Release|Any CPU.ActiveCfg = Release|Any CPU
		{AE5166CD-76B0-4911-BD80-CED9521F37A1}.Release|Any CPU.Build.0 = Release|Any CPU
		{AE5166CD-76B0-4911-BD80-CED9521F37A1}.SQL2008|Any CPU.ActiveCfg = Release|Any CPU
		{AE5166CD-76B0-4911-BD80-CED9521F37A1}.SQL2008|Any CPU.Build.0 = Release|Any CPU
		{0E9A3A2A-49CD-4F6C-847C-DC79B4B65CE6}.Debug|Any CPU.ActiveCfg = Debug|Any CPU
		{0E9A3A2A-49CD-4F6C-847C-DC79B4B65CE6}.Debug|Any CPU.Build.0 = Debug|Any CPU
		{0E9A3A2A-49CD-4F6C-847C-DC79B4B65CE6}.Release|Any CPU.ActiveCfg = Release|Any CPU
		{0E9A3A2A-49CD-4F6C-847C-DC79B4B65CE6}.Release|Any CPU.Build.0 = Release|Any CPU
		{0E9A3A2A-49CD-4F6C-847C-DC79B4B65CE6}.SQL2008|Any CPU.ActiveCfg = Release|Any CPU
		{0E9A3A2A-49CD-4F6C-847C-DC79B4B65CE6}.SQL2008|Any CPU.Build.0 = Release|Any CPU
	EndGlobalSection
	GlobalSection(SolutionProperties) = preSolution
		HideSolutionNode = FALSE
	EndGlobalSection
	GlobalSection(NestedProjects) = preSolution
		{B399520C-20AE-4C8F-9C30-72ACC60B780B} = {EC45ADED-2DC6-42E2-892B-73BBAA1E0DC5}
		{CC468E11-E17D-4363-967A-51F59190D146} = {EC45ADED-2DC6-42E2-892B-73BBAA1E0DC5}
		{35C6259A-33A5-4DDD-B6E6-0DEE06DD31EE} = {EC45ADED-2DC6-42E2-892B-73BBAA1E0DC5}
		{736C7DE4-EB8F-4CC0-9372-07B55D1E1797} = {EC45ADED-2DC6-42E2-892B-73BBAA1E0DC5}
		{5B772CDE-2DAB-4E34-944B-63124A9CEDD1} = {EC45ADED-2DC6-42E2-892B-73BBAA1E0DC5}
		{880F65EA-1A22-4672-A137-FFC91290A209} = {16878728-52C0-448C-B829-9DDDEC933D53}
		{381DEC86-5709-4A64-BD9F-462E792884CE} = {16878728-52C0-448C-B829-9DDDEC933D53}
		{E762ABB0-9982-444C-A2B5-23B5866954F3} = {16878728-52C0-448C-B829-9DDDEC933D53}
		{880F65EA-1A22-4672-A137-FFC912902112} = {16878728-52C0-448C-B829-9DDDEC933D53}
		{B758E220-22F5-47DF-A73B-BC9B1A3DBDC3} = {16878728-52C0-448C-B829-9DDDEC933D53}
		{426C92DF-3C40-426C-B0BE-40A1DF9044C2} = {16878728-52C0-448C-B829-9DDDEC933D53}
		{62F22FFA-A1CF-4A74-838C-9AB33A9442EA} = {16878728-52C0-448C-B829-9DDDEC933D53}
		{77D47855-A3D4-4B92-9FC0-C2EDEE27A8A7} = {16878728-52C0-448C-B829-9DDDEC933D53}
		{96885C8F-AD20-41B4-86EE-BC9B3D47D9F9} = {16878728-52C0-448C-B829-9DDDEC933D53}
		{ECB429BC-3E76-4FCD-897E-235B546C8738} = {16878728-52C0-448C-B829-9DDDEC933D53}
		{21971F28-8ED8-4F50-B623-E9DB2658AF54} = {16878728-52C0-448C-B829-9DDDEC933D53}
		{AE5166CD-76B0-4911-BD80-CED9521F37A1} = {11794BE7-EF01-4909-93E4-725897903F3C}
		{0E9A3A2A-49CD-4F6C-847C-DC79B4B65CE6} = {11794BE7-EF01-4909-93E4-725897903F3C}
	EndGlobalSection
EndGlobal
