
Microsoft Visual Studio Solution File, Format Version 12.00
# Visual Studio 2012
Project("{FAE04EC0-301F-11D3-BF4B-00C04F79EFBC}") = "Zeta.Extreme.Developer", "Zeta.Extreme.Developer\Zeta.Extreme.Developer.csproj", "{A6ADC6DF-7306-42D5-A674-3D847390CA29}"
EndProject
Project("{FAE04EC0-301F-11D3-BF4B-00C04F79EFBC}") = "Zeta.Extreme.Developer.Tests", "Zeta.Extreme.Developer.Tests\Zeta.Extreme.Developer.Tests.csproj", "{E410FC41-DFF4-47D1-8919-42BE3522C18E}"
EndProject
Project("{2150E333-8FDC-42A3-9474-1A3956D46DE8}") = "Pkg", "Pkg", "{F755EF91-9827-4A03-8490-2E79BBC404E7}"
	ProjectSection(SolutionItems) = preProject
		local-sfo.zetadev.ioc-manifest.bxl = local-sfo.zetadev.ioc-manifest.bxl
		..\deployconfig\mongodb.test.local-sfo.ioc-manifest.bxl = ..\deployconfig\mongodb.test.local-sfo.ioc-manifest.bxl
		zdev.ui\paramattributes.sample.xml = zdev.ui\paramattributes.sample.xml
		testapp.debug = testapp.debug
		testdeveloper.base = testdeveloper.base
		testdeveloper.debug = testdeveloper.debug
		zdev.ui\zdev-attr-stat-report.xslt = zdev.ui\zdev-attr-stat-report.xslt
		zdev.ui\zdev-colattributes-report.css = zdev.ui\zdev-colattributes-report.css
		zdev.ui\zdev-colattributes-report.xslt = zdev.ui\zdev-colattributes-report.xslt
		zdev.ui\zdev-doc.xslt = zdev.ui\zdev-doc.xslt
		zdev.ui\zdev-formattributes-report.css = zdev.ui\zdev-formattributes-report.css
		zdev.ui\zdev-formattributes-report.xslt = zdev.ui\zdev-formattributes-report.xslt
		zdev.ui\zdev-getelementsmap-report.css = zdev.ui\zdev-getelementsmap-report.css
		zdev.ui\zdev-getelementsmap-report.xslt = zdev.ui\zdev-getelementsmap-report.xslt
		zdev.ui\zdev-metrics-report.css = zdev.ui\zdev-metrics-report.css
		zdev.ui\zdev-metrics-report.xslt = zdev.ui\zdev-metrics-report.xslt
		zdev.ui\zdev-paramattributes-report.css = zdev.ui\zdev-paramattributes-report.css
		zdev.ui\zdev-paramattributes-report.xslt = zdev.ui\zdev-paramattributes-report.xslt
		zdev.ui\zdev-parameters-report.css = zdev.ui\zdev-parameters-report.css
		zdev.ui\zdev-parameters-report.xslt = zdev.ui\zdev-parameters-report.xslt
		zdev.ui\zdev-references.xslt = zdev.ui\zdev-references.xslt
		zdev.ui\zdev-report-common.xslt = zdev.ui\zdev-report-common.xslt
		zdev.ui\zdev-reportattributes-report.css = zdev.ui\zdev-reportattributes-report.css
		zdev.ui\zdev-reportattributes-report.xslt = zdev.ui\zdev-reportattributes-report.xslt
		zdev.ui\zdev-security-admins.xslt = zdev.ui\zdev-security-admins.xslt
		zdev.ui\zdev-themaattributes-report.css = zdev.ui\zdev-themaattributes-report.css
		zdev.ui\zdev-themaattributes-report.xslt = zdev.ui\zdev-themaattributes-report.xslt
		zdev.ui\zdev.base.css = zdev.ui\zdev.base.css
		zdev.ui\zdev.main.menu.js = zdev.ui\zdev.main.menu.js
		zdev.ui\zdev.security.menu.js = zdev.ui\zdev.security.menu.js
		zdev.ui\zdev.ui-load.bxl = zdev.ui\zdev.ui-load.bxl
		zdev.ui\zdev_debug_query.tpl.html = zdev.ui\zdev_debug_query.tpl.html
		zdev.ui\zdev_export_dep_dot.tpl.html = zdev.ui\zdev_export_dep_dot.tpl.html
		zdev.ui\zdev_export_fdep_dot.tpl.html = zdev.ui\zdev_export_fdep_dot.tpl.html
		zdev.ui\zdev_export_tree_form.tpl.html = zdev.ui\zdev_export_tree_form.tpl.html
		zdev.ui\zdev_transfer_data.tpl.html = zdev.ui\zdev_transfer_data.tpl.html
		zetadev.ioc-manifest.bxl = zetadev.ioc-manifest.bxl
	EndProjectSection
EndProject
Project("{2150E333-8FDC-42A3-9474-1A3956D46DE8}") = "External", "External", "{1136EDFF-ECB1-478B-8C5E-CD318D580DC6}"
EndProject
Project("{FAE04EC0-301F-11D3-BF4B-00C04F79EFBC}") = "Qorpent.Core", "..\qorpent.sys\Qorpent.Core\Qorpent.Core.csproj", "{880F65EA-1A22-4672-A137-FFC91290A209}"
EndProject
Project("{FAE04EC0-301F-11D3-BF4B-00C04F79EFBC}") = "Qorpent.Utils", "..\qorpent.sys\Qorpent.Utils\Qorpent.Utils.csproj", "{880F65EA-1A22-4672-A137-FFC912902112}"
EndProject
Project("{FAE04EC0-301F-11D3-BF4B-00C04F79EFBC}") = "Qorpent.IoC", "..\qorpent.sys\Qorpent.IoC\Qorpent.IoC.csproj", "{62F22FFA-A1CF-4A74-838C-9AB33A9442EA}"
EndProject
Project("{FAE04EC0-301F-11D3-BF4B-00C04F79EFBC}") = "Qorpent.IoC.Tests", "..\qorpent.sys\Qorpent.IoC.Tests\Qorpent.IoC.Tests.csproj", "{0403B026-5047-41A4-98EE-62F2D92B812C}"
EndProject
Project("{FAE04EC0-301F-11D3-BF4B-00C04F79EFBC}") = "Qorpent.IO", "..\qorpent.sys\Qorpent.IO\Qorpent.IO.csproj", "{426C92DF-3C40-426C-B0BE-40A1DF9044C2}"
EndProject
Project("{FAE04EC0-301F-11D3-BF4B-00C04F79EFBC}") = "Qorpent.Serialization", "..\qorpent.sys\Qorpent.Serialization\Qorpent.Serialization.csproj", "{21971F28-8ED8-4F50-B623-E9DB2658AF54}"
EndProject
Project("{FAE04EC0-301F-11D3-BF4B-00C04F79EFBC}") = "Qorpent.Mvc", "..\qorpent.sys\Qorpent.Mvc\Qorpent.Mvc.csproj", "{96885C8F-AD20-41B4-86EE-BC9B3D47D9F9}"
EndProject
Project("{2150E333-8FDC-42A3-9474-1A3956D46DE8}") = "ZE", "ZE", "{13F314AB-36D7-4BDA-B027-6D4D2D9E232A}"
EndProject
Project("{FAE04EC0-301F-11D3-BF4B-00C04F79EFBC}") = "Zeta.Extreme.Model", "Zeta.Extreme.Model\Zeta.Extreme.Model.csproj", "{A4442A74-4590-4BA3-B44C-56C98CE4A088}"
EndProject
Project("{FAE04EC0-301F-11D3-BF4B-00C04F79EFBC}") = "Zeta.Extreme.Core", "Zeta.Extreme.Core\Zeta.Extreme.Core.csproj", "{A5177DFD-2D36-442F-A9C0-B79CD6DC7054}"
EndProject
Project("{FAE04EC0-301F-11D3-BF4B-00C04F79EFBC}") = "Zeta.Extreme.BizProcess", "Zeta.Extreme.BizProcess\Zeta.Extreme.BizProcess.csproj", "{44653DE7-DEE5-4960-A906-E0D6B1F83FCC}"
EndProject
Project("{FAE04EC0-301F-11D3-BF4B-00C04F79EFBC}") = "Zeta.Extreme.Developer.Script.Executor", "Zeta.Extreme.Developer.Script.Executor\Zeta.Extreme.Developer.Script.Executor.csproj", "{6AFC7C98-FC6D-4A43-BB4D-6206108743B0}"
EndProject
Project("{FAE04EC0-301F-11D3-BF4B-00C04F79EFBC}") = "Zeta.Extreme.FrontEnd", "Zeta.Extreme.FrontEnd\Zeta.Extreme.FrontEnd.csproj", "{75E74DED-91CC-4090-B3B2-2E8AE3C085E8}"
EndProject
Project("{FAE04EC0-301F-11D3-BF4B-00C04F79EFBC}") = "Zeta.Extreme.Form", "Zeta.Extreme.Form\Zeta.Extreme.Form.csproj", "{FBD09F91-B185-4207-B05D-6051505CA868}"
EndProject
Project("{FAE04EC0-301F-11D3-BF4B-00C04F79EFBC}") = "Qorpent.Integration.MongoDB", "..\qorpent.integration\Qorpent.Integration.MongoDB\Qorpent.Integration.MongoDB.csproj", "{31CE132D-BFE7-443E-B68C-8C05F0751BC5}"
EndProject
Project("{7CF6DF6D-3B04-46F8-A40B-537D21BCA0B4}") = "zeta.extreme.doc", "zeta.extreme.doc\zeta.extreme.doc.shfbproj", "{5E8CA5FB-206A-4302-94BA-2ACEAF0A9CC1}"
EndProject
Project("{2150E333-8FDC-42A3-9474-1A3956D46DE8}") = "Demo", "Demo", "{7A196B5B-3CE1-4A07-991D-FDD109797887}"
	ProjectSection(SolutionItems) = preProject
		zeta.data\demo\demo-import.zdev-script = zeta.data\demo\demo-import.zdev-script
		zeta.data\demo\demo.bsproj = zeta.data\demo\demo.bsproj
		zeta.data\transfer.zdev-script = zeta.data\transfer.zdev-script
	EndProjectSection
EndProject
Project("{FAE04EC0-301F-11D3-BF4B-00C04F79EFBC}") = "Zeta.Extreme.CompilerExtensions", "Zeta.Extreme.CompilerExtensions\Zeta.Extreme.CompilerExtensions.csproj", "{4256CAE9-E94D-47D9-8559-C1BCD23D321F}"
EndProject
Project("{FAE04EC0-301F-11D3-BF4B-00C04F79EFBC}") = "Zeta.Extreme.CompilerExtensions.Tests", "Zeta.Extreme.CompilerExtensions.Tests\Zeta.Extreme.CompilerExtensions.Tests.csproj", "{730E2B91-3405-4297-A5D2-2001938EE7E9}"
EndProject
Project("{FAE04EC0-301F-11D3-BF4B-00C04F79EFBC}") = "Qorpent.Integration.NetworkCredentialsEditor", "..\qorpent.integration\Qorpent.Integration.NetworkCredentialsEditor\Qorpent.Integration.NetworkCredentialsEditor.csproj", "{504C0589-4616-43B7-B13C-7AEBA0B70DFF}"
EndProject
Global
	GlobalSection(SolutionConfigurationPlatforms) = preSolution
		Debug|Any CPU = Debug|Any CPU
		Release|Any CPU = Release|Any CPU
		SQL2008|Any CPU = SQL2008|Any CPU
	EndGlobalSection
	GlobalSection(ProjectConfigurationPlatforms) = postSolution
		{A6ADC6DF-7306-42D5-A674-3D847390CA29}.Debug|Any CPU.ActiveCfg = Debug|Any CPU
		{A6ADC6DF-7306-42D5-A674-3D847390CA29}.Debug|Any CPU.Build.0 = Debug|Any CPU
		{A6ADC6DF-7306-42D5-A674-3D847390CA29}.Release|Any CPU.ActiveCfg = Release|Any CPU
		{A6ADC6DF-7306-42D5-A674-3D847390CA29}.Release|Any CPU.Build.0 = Release|Any CPU
		{A6ADC6DF-7306-42D5-A674-3D847390CA29}.SQL2008|Any CPU.ActiveCfg = SQL2008|Any CPU
		{A6ADC6DF-7306-42D5-A674-3D847390CA29}.SQL2008|Any CPU.Build.0 = SQL2008|Any CPU
		{E410FC41-DFF4-47D1-8919-42BE3522C18E}.Debug|Any CPU.ActiveCfg = Debug|Any CPU
		{E410FC41-DFF4-47D1-8919-42BE3522C18E}.Debug|Any CPU.Build.0 = Debug|Any CPU
		{E410FC41-DFF4-47D1-8919-42BE3522C18E}.Release|Any CPU.ActiveCfg = Release|Any CPU
		{E410FC41-DFF4-47D1-8919-42BE3522C18E}.Release|Any CPU.Build.0 = Release|Any CPU
		{E410FC41-DFF4-47D1-8919-42BE3522C18E}.SQL2008|Any CPU.ActiveCfg = SQL2008|Any CPU
		{E410FC41-DFF4-47D1-8919-42BE3522C18E}.SQL2008|Any CPU.Build.0 = SQL2008|Any CPU
		{880F65EA-1A22-4672-A137-FFC91290A209}.Debug|Any CPU.ActiveCfg = Debug|Any CPU
		{880F65EA-1A22-4672-A137-FFC91290A209}.Debug|Any CPU.Build.0 = Debug|Any CPU
		{880F65EA-1A22-4672-A137-FFC91290A209}.Release|Any CPU.ActiveCfg = Release|Any CPU
		{880F65EA-1A22-4672-A137-FFC91290A209}.Release|Any CPU.Build.0 = Release|Any CPU
		{880F65EA-1A22-4672-A137-FFC91290A209}.SQL2008|Any CPU.ActiveCfg = SQL2008|Any CPU
		{880F65EA-1A22-4672-A137-FFC91290A209}.SQL2008|Any CPU.Build.0 = SQL2008|Any CPU
		{880F65EA-1A22-4672-A137-FFC912902112}.Debug|Any CPU.ActiveCfg = Debug|Any CPU
		{880F65EA-1A22-4672-A137-FFC912902112}.Debug|Any CPU.Build.0 = Debug|Any CPU
		{880F65EA-1A22-4672-A137-FFC912902112}.Release|Any CPU.ActiveCfg = Release|Any CPU
		{880F65EA-1A22-4672-A137-FFC912902112}.Release|Any CPU.Build.0 = Release|Any CPU
		{880F65EA-1A22-4672-A137-FFC912902112}.SQL2008|Any CPU.ActiveCfg = SQL2008|Any CPU
		{880F65EA-1A22-4672-A137-FFC912902112}.SQL2008|Any CPU.Build.0 = SQL2008|Any CPU
		{62F22FFA-A1CF-4A74-838C-9AB33A9442EA}.Debug|Any CPU.ActiveCfg = Debug|Any CPU
		{62F22FFA-A1CF-4A74-838C-9AB33A9442EA}.Debug|Any CPU.Build.0 = Debug|Any CPU
		{62F22FFA-A1CF-4A74-838C-9AB33A9442EA}.Release|Any CPU.ActiveCfg = Release|Any CPU
		{62F22FFA-A1CF-4A74-838C-9AB33A9442EA}.Release|Any CPU.Build.0 = Release|Any CPU
		{62F22FFA-A1CF-4A74-838C-9AB33A9442EA}.SQL2008|Any CPU.ActiveCfg = SQL2008|Any CPU
		{62F22FFA-A1CF-4A74-838C-9AB33A9442EA}.SQL2008|Any CPU.Build.0 = SQL2008|Any CPU
		{0403B026-5047-41A4-98EE-62F2D92B812C}.Debug|Any CPU.ActiveCfg = Debug|Any CPU
		{0403B026-5047-41A4-98EE-62F2D92B812C}.Debug|Any CPU.Build.0 = Debug|Any CPU
		{0403B026-5047-41A4-98EE-62F2D92B812C}.Release|Any CPU.ActiveCfg = Release|Any CPU
		{0403B026-5047-41A4-98EE-62F2D92B812C}.Release|Any CPU.Build.0 = Release|Any CPU
		{0403B026-5047-41A4-98EE-62F2D92B812C}.SQL2008|Any CPU.ActiveCfg = SQL2008|Any CPU
		{0403B026-5047-41A4-98EE-62F2D92B812C}.SQL2008|Any CPU.Build.0 = SQL2008|Any CPU
		{426C92DF-3C40-426C-B0BE-40A1DF9044C2}.Debug|Any CPU.ActiveCfg = Debug|Any CPU
		{426C92DF-3C40-426C-B0BE-40A1DF9044C2}.Debug|Any CPU.Build.0 = Debug|Any CPU
		{426C92DF-3C40-426C-B0BE-40A1DF9044C2}.Release|Any CPU.ActiveCfg = Release|Any CPU
		{426C92DF-3C40-426C-B0BE-40A1DF9044C2}.Release|Any CPU.Build.0 = Release|Any CPU
		{426C92DF-3C40-426C-B0BE-40A1DF9044C2}.SQL2008|Any CPU.ActiveCfg = SQL2008|Any CPU
		{426C92DF-3C40-426C-B0BE-40A1DF9044C2}.SQL2008|Any CPU.Build.0 = SQL2008|Any CPU
		{21971F28-8ED8-4F50-B623-E9DB2658AF54}.Debug|Any CPU.ActiveCfg = Debug|Any CPU
		{21971F28-8ED8-4F50-B623-E9DB2658AF54}.Debug|Any CPU.Build.0 = Debug|Any CPU
		{21971F28-8ED8-4F50-B623-E9DB2658AF54}.Release|Any CPU.ActiveCfg = Release|Any CPU
		{21971F28-8ED8-4F50-B623-E9DB2658AF54}.Release|Any CPU.Build.0 = Release|Any CPU
		{21971F28-8ED8-4F50-B623-E9DB2658AF54}.SQL2008|Any CPU.ActiveCfg = SQL2008|Any CPU
		{21971F28-8ED8-4F50-B623-E9DB2658AF54}.SQL2008|Any CPU.Build.0 = SQL2008|Any CPU
		{96885C8F-AD20-41B4-86EE-BC9B3D47D9F9}.Debug|Any CPU.ActiveCfg = Debug|Any CPU
		{96885C8F-AD20-41B4-86EE-BC9B3D47D9F9}.Debug|Any CPU.Build.0 = Debug|Any CPU
		{96885C8F-AD20-41B4-86EE-BC9B3D47D9F9}.Release|Any CPU.ActiveCfg = Release|Any CPU
		{96885C8F-AD20-41B4-86EE-BC9B3D47D9F9}.Release|Any CPU.Build.0 = Release|Any CPU
		{96885C8F-AD20-41B4-86EE-BC9B3D47D9F9}.SQL2008|Any CPU.ActiveCfg = SQL2008|Any CPU
		{96885C8F-AD20-41B4-86EE-BC9B3D47D9F9}.SQL2008|Any CPU.Build.0 = SQL2008|Any CPU
		{A4442A74-4590-4BA3-B44C-56C98CE4A088}.Debug|Any CPU.ActiveCfg = Debug|Any CPU
		{A4442A74-4590-4BA3-B44C-56C98CE4A088}.Debug|Any CPU.Build.0 = Debug|Any CPU
		{A4442A74-4590-4BA3-B44C-56C98CE4A088}.Release|Any CPU.ActiveCfg = Release|Any CPU
		{A4442A74-4590-4BA3-B44C-56C98CE4A088}.Release|Any CPU.Build.0 = Release|Any CPU
		{A4442A74-4590-4BA3-B44C-56C98CE4A088}.SQL2008|Any CPU.ActiveCfg = SQL2008|Any CPU
		{A4442A74-4590-4BA3-B44C-56C98CE4A088}.SQL2008|Any CPU.Build.0 = SQL2008|Any CPU
		{A5177DFD-2D36-442F-A9C0-B79CD6DC7054}.Debug|Any CPU.ActiveCfg = Debug|Any CPU
		{A5177DFD-2D36-442F-A9C0-B79CD6DC7054}.Debug|Any CPU.Build.0 = Debug|Any CPU
		{A5177DFD-2D36-442F-A9C0-B79CD6DC7054}.Release|Any CPU.ActiveCfg = Release|Any CPU
		{A5177DFD-2D36-442F-A9C0-B79CD6DC7054}.Release|Any CPU.Build.0 = Release|Any CPU
		{A5177DFD-2D36-442F-A9C0-B79CD6DC7054}.SQL2008|Any CPU.ActiveCfg = SQL2008|Any CPU
		{A5177DFD-2D36-442F-A9C0-B79CD6DC7054}.SQL2008|Any CPU.Build.0 = SQL2008|Any CPU
		{44653DE7-DEE5-4960-A906-E0D6B1F83FCC}.Debug|Any CPU.ActiveCfg = Debug|Any CPU
		{44653DE7-DEE5-4960-A906-E0D6B1F83FCC}.Debug|Any CPU.Build.0 = Debug|Any CPU
		{44653DE7-DEE5-4960-A906-E0D6B1F83FCC}.Release|Any CPU.ActiveCfg = Release|Any CPU
		{44653DE7-DEE5-4960-A906-E0D6B1F83FCC}.Release|Any CPU.Build.0 = Release|Any CPU
		{44653DE7-DEE5-4960-A906-E0D6B1F83FCC}.SQL2008|Any CPU.ActiveCfg = SQL2008|Any CPU
		{44653DE7-DEE5-4960-A906-E0D6B1F83FCC}.SQL2008|Any CPU.Build.0 = SQL2008|Any CPU
		{6AFC7C98-FC6D-4A43-BB4D-6206108743B0}.Debug|Any CPU.ActiveCfg = Debug|Any CPU
		{6AFC7C98-FC6D-4A43-BB4D-6206108743B0}.Debug|Any CPU.Build.0 = Debug|Any CPU
		{6AFC7C98-FC6D-4A43-BB4D-6206108743B0}.Release|Any CPU.ActiveCfg = Release|Any CPU
		{6AFC7C98-FC6D-4A43-BB4D-6206108743B0}.Release|Any CPU.Build.0 = Release|Any CPU
		{6AFC7C98-FC6D-4A43-BB4D-6206108743B0}.SQL2008|Any CPU.ActiveCfg = SQL2008|Any CPU
		{6AFC7C98-FC6D-4A43-BB4D-6206108743B0}.SQL2008|Any CPU.Build.0 = SQL2008|Any CPU
		{75E74DED-91CC-4090-B3B2-2E8AE3C085E8}.Debug|Any CPU.ActiveCfg = Debug|Any CPU
		{75E74DED-91CC-4090-B3B2-2E8AE3C085E8}.Debug|Any CPU.Build.0 = Debug|Any CPU
		{75E74DED-91CC-4090-B3B2-2E8AE3C085E8}.Release|Any CPU.ActiveCfg = Release|Any CPU
		{75E74DED-91CC-4090-B3B2-2E8AE3C085E8}.Release|Any CPU.Build.0 = Release|Any CPU
		{75E74DED-91CC-4090-B3B2-2E8AE3C085E8}.SQL2008|Any CPU.ActiveCfg = SQL2008|Any CPU
		{75E74DED-91CC-4090-B3B2-2E8AE3C085E8}.SQL2008|Any CPU.Build.0 = SQL2008|Any CPU
		{FBD09F91-B185-4207-B05D-6051505CA868}.Debug|Any CPU.ActiveCfg = Debug|Any CPU
		{FBD09F91-B185-4207-B05D-6051505CA868}.Debug|Any CPU.Build.0 = Debug|Any CPU
		{FBD09F91-B185-4207-B05D-6051505CA868}.Release|Any CPU.ActiveCfg = Release|Any CPU
		{FBD09F91-B185-4207-B05D-6051505CA868}.Release|Any CPU.Build.0 = Release|Any CPU
		{FBD09F91-B185-4207-B05D-6051505CA868}.SQL2008|Any CPU.ActiveCfg = SQL2008|Any CPU
		{FBD09F91-B185-4207-B05D-6051505CA868}.SQL2008|Any CPU.Build.0 = SQL2008|Any CPU
		{31CE132D-BFE7-443E-B68C-8C05F0751BC5}.Debug|Any CPU.ActiveCfg = Debug|Any CPU
		{31CE132D-BFE7-443E-B68C-8C05F0751BC5}.Debug|Any CPU.Build.0 = Debug|Any CPU
		{31CE132D-BFE7-443E-B68C-8C05F0751BC5}.Release|Any CPU.ActiveCfg = Release|Any CPU
		{31CE132D-BFE7-443E-B68C-8C05F0751BC5}.Release|Any CPU.Build.0 = Release|Any CPU
		{31CE132D-BFE7-443E-B68C-8C05F0751BC5}.SQL2008|Any CPU.ActiveCfg = SQL2008|Any CPU
		{31CE132D-BFE7-443E-B68C-8C05F0751BC5}.SQL2008|Any CPU.Build.0 = SQL2008|Any CPU
		{5E8CA5FB-206A-4302-94BA-2ACEAF0A9CC1}.Debug|Any CPU.ActiveCfg = Debug|Any CPU
		{5E8CA5FB-206A-4302-94BA-2ACEAF0A9CC1}.Release|Any CPU.ActiveCfg = Release|Any CPU
		{5E8CA5FB-206A-4302-94BA-2ACEAF0A9CC1}.Release|Any CPU.Build.0 = Release|Any CPU
		{5E8CA5FB-206A-4302-94BA-2ACEAF0A9CC1}.SQL2008|Any CPU.ActiveCfg = Release|Any CPU
		{5E8CA5FB-206A-4302-94BA-2ACEAF0A9CC1}.SQL2008|Any CPU.Build.0 = Release|Any CPU
		{4256CAE9-E94D-47D9-8559-C1BCD23D321F}.Debug|Any CPU.ActiveCfg = Debug|Any CPU
		{4256CAE9-E94D-47D9-8559-C1BCD23D321F}.Debug|Any CPU.Build.0 = Debug|Any CPU
		{4256CAE9-E94D-47D9-8559-C1BCD23D321F}.Release|Any CPU.ActiveCfg = Release|Any CPU
		{4256CAE9-E94D-47D9-8559-C1BCD23D321F}.Release|Any CPU.Build.0 = Release|Any CPU
		{4256CAE9-E94D-47D9-8559-C1BCD23D321F}.SQL2008|Any CPU.ActiveCfg = SQL2008|Any CPU
		{4256CAE9-E94D-47D9-8559-C1BCD23D321F}.SQL2008|Any CPU.Build.0 = SQL2008|Any CPU
		{730E2B91-3405-4297-A5D2-2001938EE7E9}.Debug|Any CPU.ActiveCfg = Debug|Any CPU
		{730E2B91-3405-4297-A5D2-2001938EE7E9}.Debug|Any CPU.Build.0 = Debug|Any CPU
		{730E2B91-3405-4297-A5D2-2001938EE7E9}.Release|Any CPU.ActiveCfg = Release|Any CPU
		{730E2B91-3405-4297-A5D2-2001938EE7E9}.Release|Any CPU.Build.0 = Release|Any CPU
		{730E2B91-3405-4297-A5D2-2001938EE7E9}.SQL2008|Any CPU.ActiveCfg = SQL2008|Any CPU
		{730E2B91-3405-4297-A5D2-2001938EE7E9}.SQL2008|Any CPU.Build.0 = SQL2008|Any CPU
		{504C0589-4616-43B7-B13C-7AEBA0B70DFF}.Debug|Any CPU.ActiveCfg = Debug|Any CPU
		{504C0589-4616-43B7-B13C-7AEBA0B70DFF}.Debug|Any CPU.Build.0 = Debug|Any CPU
		{504C0589-4616-43B7-B13C-7AEBA0B70DFF}.Release|Any CPU.ActiveCfg = Release|Any CPU
		{504C0589-4616-43B7-B13C-7AEBA0B70DFF}.Release|Any CPU.Build.0 = Release|Any CPU
		{504C0589-4616-43B7-B13C-7AEBA0B70DFF}.SQL2008|Any CPU.ActiveCfg = SQL2008|Any CPU
		{504C0589-4616-43B7-B13C-7AEBA0B70DFF}.SQL2008|Any CPU.Build.0 = SQL2008|Any CPU
	EndGlobalSection
	GlobalSection(SolutionProperties) = preSolution
		HideSolutionNode = FALSE
	EndGlobalSection
	GlobalSection(NestedProjects) = preSolution
		{880F65EA-1A22-4672-A137-FFC91290A209} = {1136EDFF-ECB1-478B-8C5E-CD318D580DC6}
		{880F65EA-1A22-4672-A137-FFC912902112} = {1136EDFF-ECB1-478B-8C5E-CD318D580DC6}
		{62F22FFA-A1CF-4A74-838C-9AB33A9442EA} = {1136EDFF-ECB1-478B-8C5E-CD318D580DC6}
		{0403B026-5047-41A4-98EE-62F2D92B812C} = {1136EDFF-ECB1-478B-8C5E-CD318D580DC6}
		{426C92DF-3C40-426C-B0BE-40A1DF9044C2} = {1136EDFF-ECB1-478B-8C5E-CD318D580DC6}
		{21971F28-8ED8-4F50-B623-E9DB2658AF54} = {1136EDFF-ECB1-478B-8C5E-CD318D580DC6}
		{96885C8F-AD20-41B4-86EE-BC9B3D47D9F9} = {1136EDFF-ECB1-478B-8C5E-CD318D580DC6}
		{31CE132D-BFE7-443E-B68C-8C05F0751BC5} = {1136EDFF-ECB1-478B-8C5E-CD318D580DC6}
		{504C0589-4616-43B7-B13C-7AEBA0B70DFF} = {1136EDFF-ECB1-478B-8C5E-CD318D580DC6}
		{A4442A74-4590-4BA3-B44C-56C98CE4A088} = {13F314AB-36D7-4BDA-B027-6D4D2D9E232A}
		{A5177DFD-2D36-442F-A9C0-B79CD6DC7054} = {13F314AB-36D7-4BDA-B027-6D4D2D9E232A}
		{44653DE7-DEE5-4960-A906-E0D6B1F83FCC} = {13F314AB-36D7-4BDA-B027-6D4D2D9E232A}
		{75E74DED-91CC-4090-B3B2-2E8AE3C085E8} = {13F314AB-36D7-4BDA-B027-6D4D2D9E232A}
		{FBD09F91-B185-4207-B05D-6051505CA868} = {13F314AB-36D7-4BDA-B027-6D4D2D9E232A}
	EndGlobalSection
EndGlobal
