
Microsoft Visual Studio Solution File, Format Version 12.00
# Visual Studio 2012
Project("{FAE04EC0-301F-11D3-BF4B-00C04F79EFBC}") = "Zeta.Themas", "Zeta.Themas\Zeta.Themas.csproj", "{648E0F82-BED9-4F34-8B7C-8C6767D030AF}"
EndProject
Project("{FAE04EC0-301F-11D3-BF4B-00C04F79EFBC}") = "Zeta.Themas.Compiler", "Zeta.Themas.Compiler\Zeta.Themas.Compiler.csproj", "{BAEEF18A-25A8-434F-ACAB-82EA927670BE}"
EndProject
Project("{FAE04EC0-301F-11D3-BF4B-00C04F79EFBC}") = "Zeta.Themas.Compiler.Tests", "Zeta.Themas.Compiler.Tests\Zeta.Themas.Compiler.Tests.csproj", "{767385DE-30B7-4B06-B469-7A316E869A31}"
EndProject
Project("{FAE04EC0-301F-11D3-BF4B-00C04F79EFBC}") = "Zeta.Themas.Loader", "Zeta.Themas.Loader\Zeta.Themas.Loader.csproj", "{FCC62E51-88AA-4542-A947-BCE82B55D2FA}"
EndProject
Project("{FAE04EC0-301F-11D3-BF4B-00C04F79EFBC}") = "Zeta.Themas.Loader.Tests", "Zeta.Themas.Loader.Tests\Zeta.Themas.Loader.Tests.csproj", "{79C650A9-4E9D-4806-AEF1-76AD73FAA246}"
EndProject
Project("{FAE04EC0-301F-11D3-BF4B-00C04F79EFBC}") = "Zeta.Themas.Tests", "Zeta.Themas.Tests\Zeta.Themas.Tests.csproj", "{FEBBDB61-51F0-455D-9F31-20A89E439A78}"
EndProject
Project("{2150E333-8FDC-42A3-9474-1A3956D46DE8}") = "Q", "Q", "{AA73CD61-A915-4790-9D18-A0C45FDE2876}"
EndProject
Project("{FAE04EC0-301F-11D3-BF4B-00C04F79EFBC}") = "Qorpent.Core", "..\qorpent.sys\Qorpent.Core\Qorpent.Core.csproj", "{880F65EA-1A22-4672-A137-FFC91290A209}"
EndProject
Project("{FAE04EC0-301F-11D3-BF4B-00C04F79EFBC}") = "Qorpent.Utils", "..\qorpent.sys\Qorpent.Utils\Qorpent.Utils.csproj", "{880F65EA-1A22-4672-A137-FFC912902112}"
EndProject
Project("{FAE04EC0-301F-11D3-BF4B-00C04F79EFBC}") = "Qorpent.Serialization", "..\qorpent.sys\Qorpent.Serialization\Qorpent.Serialization.csproj", "{21971F28-8ED8-4F50-B623-E9DB2658AF54}"
EndProject
Project("{FAE04EC0-301F-11D3-BF4B-00C04F79EFBC}") = "Qorpent.Serialization.Tests", "..\qorpent.sys\Qorpent.Serialization.Tests\Qorpent.Serialization.Tests.csproj", "{8A00570F-4D51-46EE-BA1D-52EC2A7BD38A}"
EndProject
Project("{FAE04EC0-301F-11D3-BF4B-00C04F79EFBC}") = "Qorpent.Utils.Tests", "..\qorpent.sys\Qorpent.Utils.Tests\Qorpent.Utils.Tests.csproj", "{880F65EA-1A22-4672-A137-FFC912902113}"
EndProject
Project("{FAE04EC0-301F-11D3-BF4B-00C04F79EFBC}") = "Qorpent.Core.Tests", "..\qorpent.sys\Qorpent.Core.Tests\Qorpent.Core.Tests.csproj", "{880F65EA-1A22-4672-A137-FFC912902046}"
EndProject
Project("{FAE04EC0-301F-11D3-BF4B-00C04F79EFBC}") = "Qorpent.IO", "..\qorpent.sys\Qorpent.IO\Qorpent.IO.csproj", "{426C92DF-3C40-426C-B0BE-40A1DF9044C2}"
EndProject
Global
	GlobalSection(SolutionConfigurationPlatforms) = preSolution
		Debug|Any CPU = Debug|Any CPU
		Release|Any CPU = Release|Any CPU
		SQL2008|Any CPU = SQL2008|Any CPU
	EndGlobalSection
	GlobalSection(ProjectConfigurationPlatforms) = postSolution
		{648E0F82-BED9-4F34-8B7C-8C6767D030AF}.Debug|Any CPU.ActiveCfg = Debug|Any CPU
		{648E0F82-BED9-4F34-8B7C-8C6767D030AF}.Debug|Any CPU.Build.0 = Debug|Any CPU
		{648E0F82-BED9-4F34-8B7C-8C6767D030AF}.Release|Any CPU.ActiveCfg = Release|Any CPU
		{648E0F82-BED9-4F34-8B7C-8C6767D030AF}.Release|Any CPU.Build.0 = Release|Any CPU
		{648E0F82-BED9-4F34-8B7C-8C6767D030AF}.SQL2008|Any CPU.ActiveCfg = SQL2008|Any CPU
		{648E0F82-BED9-4F34-8B7C-8C6767D030AF}.SQL2008|Any CPU.Build.0 = SQL2008|Any CPU
		{BAEEF18A-25A8-434F-ACAB-82EA927670BE}.Debug|Any CPU.ActiveCfg = Debug|Any CPU
		{BAEEF18A-25A8-434F-ACAB-82EA927670BE}.Debug|Any CPU.Build.0 = Debug|Any CPU
		{BAEEF18A-25A8-434F-ACAB-82EA927670BE}.Release|Any CPU.ActiveCfg = Release|Any CPU
		{BAEEF18A-25A8-434F-ACAB-82EA927670BE}.Release|Any CPU.Build.0 = Release|Any CPU
		{BAEEF18A-25A8-434F-ACAB-82EA927670BE}.SQL2008|Any CPU.ActiveCfg = SQL2008|Any CPU
		{BAEEF18A-25A8-434F-ACAB-82EA927670BE}.SQL2008|Any CPU.Build.0 = SQL2008|Any CPU
		{767385DE-30B7-4B06-B469-7A316E869A31}.Debug|Any CPU.ActiveCfg = Debug|Any CPU
		{767385DE-30B7-4B06-B469-7A316E869A31}.Debug|Any CPU.Build.0 = Debug|Any CPU
		{767385DE-30B7-4B06-B469-7A316E869A31}.Release|Any CPU.ActiveCfg = Release|Any CPU
		{767385DE-30B7-4B06-B469-7A316E869A31}.Release|Any CPU.Build.0 = Release|Any CPU
		{767385DE-30B7-4B06-B469-7A316E869A31}.SQL2008|Any CPU.ActiveCfg = SQL2008|Any CPU
		{767385DE-30B7-4B06-B469-7A316E869A31}.SQL2008|Any CPU.Build.0 = SQL2008|Any CPU
		{FCC62E51-88AA-4542-A947-BCE82B55D2FA}.Debug|Any CPU.ActiveCfg = Debug|Any CPU
		{FCC62E51-88AA-4542-A947-BCE82B55D2FA}.Debug|Any CPU.Build.0 = Debug|Any CPU
		{FCC62E51-88AA-4542-A947-BCE82B55D2FA}.Release|Any CPU.ActiveCfg = Release|Any CPU
		{FCC62E51-88AA-4542-A947-BCE82B55D2FA}.Release|Any CPU.Build.0 = Release|Any CPU
		{FCC62E51-88AA-4542-A947-BCE82B55D2FA}.SQL2008|Any CPU.ActiveCfg = SQL2008|Any CPU
		{FCC62E51-88AA-4542-A947-BCE82B55D2FA}.SQL2008|Any CPU.Build.0 = SQL2008|Any CPU
		{79C650A9-4E9D-4806-AEF1-76AD73FAA246}.Debug|Any CPU.ActiveCfg = Debug|Any CPU
		{79C650A9-4E9D-4806-AEF1-76AD73FAA246}.Debug|Any CPU.Build.0 = Debug|Any CPU
		{79C650A9-4E9D-4806-AEF1-76AD73FAA246}.Release|Any CPU.ActiveCfg = Release|Any CPU
		{79C650A9-4E9D-4806-AEF1-76AD73FAA246}.Release|Any CPU.Build.0 = Release|Any CPU
		{79C650A9-4E9D-4806-AEF1-76AD73FAA246}.SQL2008|Any CPU.ActiveCfg = SQL2008|Any CPU
		{79C650A9-4E9D-4806-AEF1-76AD73FAA246}.SQL2008|Any CPU.Build.0 = SQL2008|Any CPU
		{FEBBDB61-51F0-455D-9F31-20A89E439A78}.Debug|Any CPU.ActiveCfg = Debug|Any CPU
		{FEBBDB61-51F0-455D-9F31-20A89E439A78}.Debug|Any CPU.Build.0 = Debug|Any CPU
		{FEBBDB61-51F0-455D-9F31-20A89E439A78}.Release|Any CPU.ActiveCfg = Release|Any CPU
		{FEBBDB61-51F0-455D-9F31-20A89E439A78}.Release|Any CPU.Build.0 = Release|Any CPU
		{FEBBDB61-51F0-455D-9F31-20A89E439A78}.SQL2008|Any CPU.ActiveCfg = SQL2008|Any CPU
		{FEBBDB61-51F0-455D-9F31-20A89E439A78}.SQL2008|Any CPU.Build.0 = SQL2008|Any CPU
		{880F65EA-1A22-4672-A137-FFC91290A209}.Debug|Any CPU.ActiveCfg = Debug|Any CPU
		{880F65EA-1A22-4672-A137-FFC91290A209}.Debug|Any CPU.Build.0 = Debug|Any CPU
		{880F65EA-1A22-4672-A137-FFC91290A209}.Release|Any CPU.ActiveCfg = Release|Any CPU
		{880F65EA-1A22-4672-A137-FFC91290A209}.Release|Any CPU.Build.0 = Release|Any CPU
		{880F65EA-1A22-4672-A137-FFC91290A209}.SQL2008|Any CPU.ActiveCfg = SQL2008|Any CPU
		{880F65EA-1A22-4672-A137-FFC91290A209}.SQL2008|Any CPU.Build.0 = SQL2008|Any CPU
		{880F65EA-1A22-4672-A137-FFC912902112}.Debug|Any CPU.ActiveCfg = Debug|Any CPU
		{880F65EA-1A22-4672-A137-FFC912902112}.Debug|Any CPU.Build.0 = Debug|Any CPU
		{880F65EA-1A22-4672-A137-FFC912902112}.Release|Any CPU.ActiveCfg = Release|Any CPU
		{880F65EA-1A22-4672-A137-FFC912902112}.Release|Any CPU.Build.0 = Release|Any CPU
		{880F65EA-1A22-4672-A137-FFC912902112}.SQL2008|Any CPU.ActiveCfg = SQL2008|Any CPU
		{880F65EA-1A22-4672-A137-FFC912902112}.SQL2008|Any CPU.Build.0 = SQL2008|Any CPU
		{21971F28-8ED8-4F50-B623-E9DB2658AF54}.Debug|Any CPU.ActiveCfg = Debug|Any CPU
		{21971F28-8ED8-4F50-B623-E9DB2658AF54}.Debug|Any CPU.Build.0 = Debug|Any CPU
		{21971F28-8ED8-4F50-B623-E9DB2658AF54}.Release|Any CPU.ActiveCfg = Release|Any CPU
		{21971F28-8ED8-4F50-B623-E9DB2658AF54}.Release|Any CPU.Build.0 = Release|Any CPU
		{21971F28-8ED8-4F50-B623-E9DB2658AF54}.SQL2008|Any CPU.ActiveCfg = SQL2008|Any CPU
		{21971F28-8ED8-4F50-B623-E9DB2658AF54}.SQL2008|Any CPU.Build.0 = SQL2008|Any CPU
		{8A00570F-4D51-46EE-BA1D-52EC2A7BD38A}.Debug|Any CPU.ActiveCfg = Debug|Any CPU
		{8A00570F-4D51-46EE-BA1D-52EC2A7BD38A}.Debug|Any CPU.Build.0 = Debug|Any CPU
		{8A00570F-4D51-46EE-BA1D-52EC2A7BD38A}.Release|Any CPU.ActiveCfg = Release|Any CPU
		{8A00570F-4D51-46EE-BA1D-52EC2A7BD38A}.Release|Any CPU.Build.0 = Release|Any CPU
		{8A00570F-4D51-46EE-BA1D-52EC2A7BD38A}.SQL2008|Any CPU.ActiveCfg = SQL2008|Any CPU
		{8A00570F-4D51-46EE-BA1D-52EC2A7BD38A}.SQL2008|Any CPU.Build.0 = SQL2008|Any CPU
		{880F65EA-1A22-4672-A137-FFC912902113}.Debug|Any CPU.ActiveCfg = Debug|Any CPU
		{880F65EA-1A22-4672-A137-FFC912902113}.Debug|Any CPU.Build.0 = Debug|Any CPU
		{880F65EA-1A22-4672-A137-FFC912902113}.Release|Any CPU.ActiveCfg = Release|Any CPU
		{880F65EA-1A22-4672-A137-FFC912902113}.Release|Any CPU.Build.0 = Release|Any CPU
		{880F65EA-1A22-4672-A137-FFC912902113}.SQL2008|Any CPU.ActiveCfg = SQL2008|Any CPU
		{880F65EA-1A22-4672-A137-FFC912902113}.SQL2008|Any CPU.Build.0 = SQL2008|Any CPU
		{880F65EA-1A22-4672-A137-FFC912902046}.Debug|Any CPU.ActiveCfg = Debug|Any CPU
		{880F65EA-1A22-4672-A137-FFC912902046}.Debug|Any CPU.Build.0 = Debug|Any CPU
		{880F65EA-1A22-4672-A137-FFC912902046}.Release|Any CPU.ActiveCfg = Release|Any CPU
		{880F65EA-1A22-4672-A137-FFC912902046}.Release|Any CPU.Build.0 = Release|Any CPU
		{880F65EA-1A22-4672-A137-FFC912902046}.SQL2008|Any CPU.ActiveCfg = SQL2008|Any CPU
		{880F65EA-1A22-4672-A137-FFC912902046}.SQL2008|Any CPU.Build.0 = SQL2008|Any CPU
		{426C92DF-3C40-426C-B0BE-40A1DF9044C2}.Debug|Any CPU.ActiveCfg = Debug|Any CPU
		{426C92DF-3C40-426C-B0BE-40A1DF9044C2}.Debug|Any CPU.Build.0 = Debug|Any CPU
		{426C92DF-3C40-426C-B0BE-40A1DF9044C2}.Release|Any CPU.ActiveCfg = Release|Any CPU
		{426C92DF-3C40-426C-B0BE-40A1DF9044C2}.Release|Any CPU.Build.0 = Release|Any CPU
		{426C92DF-3C40-426C-B0BE-40A1DF9044C2}.SQL2008|Any CPU.ActiveCfg = SQL2008|Any CPU
		{426C92DF-3C40-426C-B0BE-40A1DF9044C2}.SQL2008|Any CPU.Build.0 = SQL2008|Any CPU
	EndGlobalSection
	GlobalSection(SolutionProperties) = preSolution
		HideSolutionNode = FALSE
	EndGlobalSection
	GlobalSection(NestedProjects) = preSolution
		{880F65EA-1A22-4672-A137-FFC91290A209} = {AA73CD61-A915-4790-9D18-A0C45FDE2876}
		{880F65EA-1A22-4672-A137-FFC912902112} = {AA73CD61-A915-4790-9D18-A0C45FDE2876}
		{21971F28-8ED8-4F50-B623-E9DB2658AF54} = {AA73CD61-A915-4790-9D18-A0C45FDE2876}
		{8A00570F-4D51-46EE-BA1D-52EC2A7BD38A} = {AA73CD61-A915-4790-9D18-A0C45FDE2876}
		{880F65EA-1A22-4672-A137-FFC912902113} = {AA73CD61-A915-4790-9D18-A0C45FDE2876}
		{880F65EA-1A22-4672-A137-FFC912902046} = {AA73CD61-A915-4790-9D18-A0C45FDE2876}
		{426C92DF-3C40-426C-B0BE-40A1DF9044C2} = {AA73CD61-A915-4790-9D18-A0C45FDE2876}
	EndGlobalSection
EndGlobal
