
Microsoft Visual Studio Solution File, Format Version 12.00
# Visual Studio 2012
Project("{FAE04EC0-301F-11D3-BF4B-00C04F79EFBC}") = "Zeta.Extreme.DbfsToMongo.Wrapper", "Zeta.Extreme.DbfsToMongo.Wrapper.csproj", "{6AFD822E-667E-4473-814A-E291B38771DE}"
	ProjectSection(ProjectDependencies) = postProject
		{459E4387-484E-42DE-8795-A142E83CFCBB} = {459E4387-484E-42DE-8795-A142E83CFCBB}
		{FBD09F91-B185-4207-B05D-6051505CA868} = {FBD09F91-B185-4207-B05D-6051505CA868}
		{9DF0A7CC-5104-4F45-B8AF-605AD1F2FD3A} = {9DF0A7CC-5104-4F45-B8AF-605AD1F2FD3A}
		{44653DE7-DEE5-4960-A906-E0D6B1F83FCC} = {44653DE7-DEE5-4960-A906-E0D6B1F83FCC}
		{880F65EA-1A22-4672-A137-FFC912902112} = {880F65EA-1A22-4672-A137-FFC912902112}
		{880F65EA-1A22-4672-A137-FFC91290A209} = {880F65EA-1A22-4672-A137-FFC91290A209}
	EndProjectSection
EndProject
Project("{FAE04EC0-301F-11D3-BF4B-00C04F79EFBC}") = "Zeta.Extreme.DbfsToMongo.Connector", "..\Zeta.Extreme.DbfsToMongo.Connector\Zeta.Extreme.DbfsToMongo.Connector.csproj", "{9DF0A7CC-5104-4F45-B8AF-605AD1F2FD3A}"
EndProject
Project("{FAE04EC0-301F-11D3-BF4B-00C04F79EFBC}") = "Qorpent.Core", "..\..\qorpent.sys\Qorpent.Core\Qorpent.Core.csproj", "{880F65EA-1A22-4672-A137-FFC91290A209}"
EndProject
Project("{FAE04EC0-301F-11D3-BF4B-00C04F79EFBC}") = "Qorpent.Utils", "..\..\qorpent.sys\Qorpent.Utils\Qorpent.Utils.csproj", "{880F65EA-1A22-4672-A137-FFC912902112}"
EndProject
Project("{FAE04EC0-301F-11D3-BF4B-00C04F79EFBC}") = "Zeta.Extreme.BizProcess", "..\Zeta.Extreme.BizProcess\Zeta.Extreme.BizProcess.csproj", "{44653DE7-DEE5-4960-A906-E0D6B1F83FCC}"
EndProject
Project("{FAE04EC0-301F-11D3-BF4B-00C04F79EFBC}") = "Zeta.Extreme.Form", "..\Zeta.Extreme.Form\Zeta.Extreme.Form.csproj", "{FBD09F91-B185-4207-B05D-6051505CA868}"
EndProject
Project("{FAE04EC0-301F-11D3-BF4B-00C04F79EFBC}") = "Zeta.Extreme.MongoDB.Integration", "..\Zeta.Extreme.MongoDB.Integration\Zeta.Extreme.MongoDB.Integration.csproj", "{459E4387-484E-42DE-8795-A142E83CFCBB}"
EndProject
Project("{2150E333-8FDC-42A3-9474-1A3956D46DE8}") = "References", "References", "{B02156F2-7D24-4A9A-931B-D3FAEF039A0A}"
EndProject
Global
	GlobalSection(SolutionConfigurationPlatforms) = preSolution
		Debug|Any CPU = Debug|Any CPU
		Release|Any CPU = Release|Any CPU
		SQL2008|Any CPU = SQL2008|Any CPU
	EndGlobalSection
	GlobalSection(ProjectConfigurationPlatforms) = postSolution
		{6AFD822E-667E-4473-814A-E291B38771DE}.Debug|Any CPU.ActiveCfg = Debug|Any CPU
		{6AFD822E-667E-4473-814A-E291B38771DE}.Debug|Any CPU.Build.0 = Debug|Any CPU
		{6AFD822E-667E-4473-814A-E291B38771DE}.Release|Any CPU.ActiveCfg = Release|Any CPU
		{6AFD822E-667E-4473-814A-E291B38771DE}.Release|Any CPU.Build.0 = Release|Any CPU
		{6AFD822E-667E-4473-814A-E291B38771DE}.SQL2008|Any CPU.ActiveCfg = SQL2008|Any CPU
		{6AFD822E-667E-4473-814A-E291B38771DE}.SQL2008|Any CPU.Build.0 = SQL2008|Any CPU
		{9DF0A7CC-5104-4F45-B8AF-605AD1F2FD3A}.Debug|Any CPU.ActiveCfg = Debug|Any CPU
		{9DF0A7CC-5104-4F45-B8AF-605AD1F2FD3A}.Debug|Any CPU.Build.0 = Debug|Any CPU
		{9DF0A7CC-5104-4F45-B8AF-605AD1F2FD3A}.Release|Any CPU.ActiveCfg = Release|Any CPU
		{9DF0A7CC-5104-4F45-B8AF-605AD1F2FD3A}.Release|Any CPU.Build.0 = Release|Any CPU
		{9DF0A7CC-5104-4F45-B8AF-605AD1F2FD3A}.SQL2008|Any CPU.ActiveCfg = SQL2008|Any CPU
		{9DF0A7CC-5104-4F45-B8AF-605AD1F2FD3A}.SQL2008|Any CPU.Build.0 = SQL2008|Any CPU
		{880F65EA-1A22-4672-A137-FFC91290A209}.Debug|Any CPU.ActiveCfg = Debug|Any CPU
		{880F65EA-1A22-4672-A137-FFC91290A209}.Debug|Any CPU.Build.0 = Debug|Any CPU
		{880F65EA-1A22-4672-A137-FFC91290A209}.Release|Any CPU.ActiveCfg = Release|Any CPU
		{880F65EA-1A22-4672-A137-FFC91290A209}.Release|Any CPU.Build.0 = Release|Any CPU
		{880F65EA-1A22-4672-A137-FFC91290A209}.SQL2008|Any CPU.ActiveCfg = SQL2008|Any CPU
		{880F65EA-1A22-4672-A137-FFC91290A209}.SQL2008|Any CPU.Build.0 = SQL2008|Any CPU
		{880F65EA-1A22-4672-A137-FFC912902112}.Debug|Any CPU.ActiveCfg = Debug|Any CPU
		{880F65EA-1A22-4672-A137-FFC912902112}.Debug|Any CPU.Build.0 = Debug|Any CPU
		{880F65EA-1A22-4672-A137-FFC912902112}.Release|Any CPU.ActiveCfg = Release|Any CPU
		{880F65EA-1A22-4672-A137-FFC912902112}.Release|Any CPU.Build.0 = Release|Any CPU
		{880F65EA-1A22-4672-A137-FFC912902112}.SQL2008|Any CPU.ActiveCfg = SQL2008|Any CPU
		{880F65EA-1A22-4672-A137-FFC912902112}.SQL2008|Any CPU.Build.0 = SQL2008|Any CPU
		{44653DE7-DEE5-4960-A906-E0D6B1F83FCC}.Debug|Any CPU.ActiveCfg = Debug|Any CPU
		{44653DE7-DEE5-4960-A906-E0D6B1F83FCC}.Debug|Any CPU.Build.0 = Debug|Any CPU
		{44653DE7-DEE5-4960-A906-E0D6B1F83FCC}.Release|Any CPU.ActiveCfg = Release|Any CPU
		{44653DE7-DEE5-4960-A906-E0D6B1F83FCC}.Release|Any CPU.Build.0 = Release|Any CPU
		{44653DE7-DEE5-4960-A906-E0D6B1F83FCC}.SQL2008|Any CPU.ActiveCfg = SQL2008|Any CPU
		{44653DE7-DEE5-4960-A906-E0D6B1F83FCC}.SQL2008|Any CPU.Build.0 = SQL2008|Any CPU
		{FBD09F91-B185-4207-B05D-6051505CA868}.Debug|Any CPU.ActiveCfg = Debug|Any CPU
		{FBD09F91-B185-4207-B05D-6051505CA868}.Debug|Any CPU.Build.0 = Debug|Any CPU
		{FBD09F91-B185-4207-B05D-6051505CA868}.Release|Any CPU.ActiveCfg = Release|Any CPU
		{FBD09F91-B185-4207-B05D-6051505CA868}.Release|Any CPU.Build.0 = Release|Any CPU
		{FBD09F91-B185-4207-B05D-6051505CA868}.SQL2008|Any CPU.ActiveCfg = SQL2008|Any CPU
		{FBD09F91-B185-4207-B05D-6051505CA868}.SQL2008|Any CPU.Build.0 = SQL2008|Any CPU
		{459E4387-484E-42DE-8795-A142E83CFCBB}.Debug|Any CPU.ActiveCfg = Debug|Any CPU
		{459E4387-484E-42DE-8795-A142E83CFCBB}.Debug|Any CPU.Build.0 = Debug|Any CPU
		{459E4387-484E-42DE-8795-A142E83CFCBB}.Release|Any CPU.ActiveCfg = Release|Any CPU
		{459E4387-484E-42DE-8795-A142E83CFCBB}.Release|Any CPU.Build.0 = Release|Any CPU
		{459E4387-484E-42DE-8795-A142E83CFCBB}.SQL2008|Any CPU.ActiveCfg = SQL2008|Any CPU
		{459E4387-484E-42DE-8795-A142E83CFCBB}.SQL2008|Any CPU.Build.0 = SQL2008|Any CPU
	EndGlobalSection
	GlobalSection(SolutionProperties) = preSolution
		HideSolutionNode = FALSE
	EndGlobalSection
	GlobalSection(NestedProjects) = preSolution
		{880F65EA-1A22-4672-A137-FFC91290A209} = {B02156F2-7D24-4A9A-931B-D3FAEF039A0A}
		{880F65EA-1A22-4672-A137-FFC912902112} = {B02156F2-7D24-4A9A-931B-D3FAEF039A0A}
		{44653DE7-DEE5-4960-A906-E0D6B1F83FCC} = {B02156F2-7D24-4A9A-931B-D3FAEF039A0A}
		{FBD09F91-B185-4207-B05D-6051505CA868} = {B02156F2-7D24-4A9A-931B-D3FAEF039A0A}
		{459E4387-484E-42DE-8795-A142E83CFCBB} = {B02156F2-7D24-4A9A-931B-D3FAEF039A0A}
		{9DF0A7CC-5104-4F45-B8AF-605AD1F2FD3A} = {B02156F2-7D24-4A9A-931B-D3FAEF039A0A}
	EndGlobalSection
EndGlobal
