
Microsoft Visual Studio Solution File, Format Version 12.00
# Visual Studio 2012
Project("{FAE04EC0-301F-11D3-BF4B-00C04F79EFBC}") = "Zeta.Extreme.MongoDB.Integration.Tests", "Zeta.Extreme.MongoDB.Integration.Tests.csproj", "{5B772CDE-2DAB-4E34-944B-63124A9CEDD1}"
EndProject
Project("{FAE04EC0-301F-11D3-BF4B-00C04F79EFBC}") = "Zeta.Extreme.BizProcess", "..\Zeta.Extreme.BizProcess\Zeta.Extreme.BizProcess.csproj", "{44653DE7-DEE5-4960-A906-E0D6B1F83FCC}"
EndProject
Project("{FAE04EC0-301F-11D3-BF4B-00C04F79EFBC}") = "MongoDB.Driver", "..\..\mongo-csharp-driver\MongoDB.Driver\MongoDB.Driver.csproj", "{AE5166CD-76B0-4911-BD80-CED9521F37A1}"
EndProject
Project("{FAE04EC0-301F-11D3-BF4B-00C04F79EFBC}") = "MongoDB.Bson", "..\..\mongo-csharp-driver\MongoDB.Bson\MongoDB.Bson.csproj", "{0E9A3A2A-49CD-4F6C-847C-DC79B4B65CE6}"
EndProject
Global
	GlobalSection(SolutionConfigurationPlatforms) = preSolution
		Debug|Any CPU = Debug|Any CPU
		Release|Any CPU = Release|Any CPU
		SQL2008|Any CPU = SQL2008|Any CPU
	EndGlobalSection
	GlobalSection(ProjectConfigurationPlatforms) = postSolution
		{5B772CDE-2DAB-4E34-944B-63124A9CEDD1}.Debug|Any CPU.ActiveCfg = Debug|Any CPU
		{5B772CDE-2DAB-4E34-944B-63124A9CEDD1}.Debug|Any CPU.Build.0 = Debug|Any CPU
		{5B772CDE-2DAB-4E34-944B-63124A9CEDD1}.Release|Any CPU.ActiveCfg = Release|Any CPU
		{5B772CDE-2DAB-4E34-944B-63124A9CEDD1}.Release|Any CPU.Build.0 = Release|Any CPU
		{5B772CDE-2DAB-4E34-944B-63124A9CEDD1}.SQL2008|Any CPU.ActiveCfg = SQL2008|Any CPU
		{5B772CDE-2DAB-4E34-944B-63124A9CEDD1}.SQL2008|Any CPU.Build.0 = SQL2008|Any CPU
		{44653DE7-DEE5-4960-A906-E0D6B1F83FCC}.Debug|Any CPU.ActiveCfg = Debug|Any CPU
		{44653DE7-DEE5-4960-A906-E0D6B1F83FCC}.Debug|Any CPU.Build.0 = Debug|Any CPU
		{44653DE7-DEE5-4960-A906-E0D6B1F83FCC}.Release|Any CPU.ActiveCfg = Release|Any CPU
		{44653DE7-DEE5-4960-A906-E0D6B1F83FCC}.Release|Any CPU.Build.0 = Release|Any CPU
		{44653DE7-DEE5-4960-A906-E0D6B1F83FCC}.SQL2008|Any CPU.ActiveCfg = SQL2008|Any CPU
		{44653DE7-DEE5-4960-A906-E0D6B1F83FCC}.SQL2008|Any CPU.Build.0 = SQL2008|Any CPU
		{AE5166CD-76B0-4911-BD80-CED9521F37A1}.Debug|Any CPU.ActiveCfg = Debug|Any CPU
		{AE5166CD-76B0-4911-BD80-CED9521F37A1}.Debug|Any CPU.Build.0 = Debug|Any CPU
		{AE5166CD-76B0-4911-BD80-CED9521F37A1}.Release|Any CPU.ActiveCfg = Release|Any CPU
		{AE5166CD-76B0-4911-BD80-CED9521F37A1}.Release|Any CPU.Build.0 = Release|Any CPU
		{AE5166CD-76B0-4911-BD80-CED9521F37A1}.SQL2008|Any CPU.ActiveCfg = Release|Any CPU
		{AE5166CD-76B0-4911-BD80-CED9521F37A1}.SQL2008|Any CPU.Build.0 = Release|Any CPU
		{0E9A3A2A-49CD-4F6C-847C-DC79B4B65CE6}.Debug|Any CPU.ActiveCfg = Debug|Any CPU
		{0E9A3A2A-49CD-4F6C-847C-DC79B4B65CE6}.Debug|Any CPU.Build.0 = Debug|Any CPU
		{0E9A3A2A-49CD-4F6C-847C-DC79B4B65CE6}.Release|Any CPU.ActiveCfg = Release|Any CPU
		{0E9A3A2A-49CD-4F6C-847C-DC79B4B65CE6}.Release|Any CPU.Build.0 = Release|Any CPU
		{0E9A3A2A-49CD-4F6C-847C-DC79B4B65CE6}.SQL2008|Any CPU.ActiveCfg = Release|Any CPU
		{0E9A3A2A-49CD-4F6C-847C-DC79B4B65CE6}.SQL2008|Any CPU.Build.0 = Release|Any CPU
	EndGlobalSection
	GlobalSection(SolutionProperties) = preSolution
		HideSolutionNode = FALSE
	EndGlobalSection
EndGlobal
