
Microsoft Visual Studio Solution File, Format Version 12.00
# Visual Studio 2012
Project("{FAE04EC0-301F-11D3-BF4B-00C04F79EFBC}") = "Zeta.Extreme.DbfsToMongo.Connector.Tests", "Zeta.Extreme.DbfsToMongo.Connector.Tests.csproj", "{D1DFA474-F2BB-488C-8C13-CBE06BAC0E66}"
EndProject
Project("{2150E333-8FDC-42A3-9474-1A3956D46DE8}") = "References", "References", "{9CA64BD0-EBEA-4194-9E93-C9B1F30D7BA2}"
EndProject
Project("{FAE04EC0-301F-11D3-BF4B-00C04F79EFBC}") = "MongoDB.Driver", "..\..\mongo-csharp-driver\MongoDB.Driver\MongoDB.Driver.csproj", "{AE5166CD-76B0-4911-BD80-CED9521F37A1}"
EndProject
Project("{FAE04EC0-301F-11D3-BF4B-00C04F79EFBC}") = "MongoDB.Bson", "..\..\mongo-csharp-driver\MongoDB.Bson\MongoDB.Bson.csproj", "{0E9A3A2A-49CD-4F6C-847C-DC79B4B65CE6}"
EndProject
Project("{FAE04EC0-301F-11D3-BF4B-00C04F79EFBC}") = "Qorpent.Core", "..\..\qorpent.sys\Qorpent.Core\Qorpent.Core.csproj", "{880F65EA-1A22-4672-A137-FFC91290A209}"
EndProject
Project("{FAE04EC0-301F-11D3-BF4B-00C04F79EFBC}") = "Qorpent.Data", "..\..\qorpent.sys\Qorpent.Data\Qorpent.Data.csproj", "{E762ABB0-9982-444C-A2B5-23B5866954F3}"
EndProject
Project("{FAE04EC0-301F-11D3-BF4B-00C04F79EFBC}") = "Qorpent.Utils", "..\..\qorpent.sys\Qorpent.Utils\Qorpent.Utils.csproj", "{880F65EA-1A22-4672-A137-FFC912902112}"
EndProject
Project("{FAE04EC0-301F-11D3-BF4B-00C04F79EFBC}") = "Zeta.Extreme.BizProcess", "..\Zeta.Extreme.BizProcess\Zeta.Extreme.BizProcess.csproj", "{44653DE7-DEE5-4960-A906-E0D6B1F83FCC}"
EndProject
Project("{FAE04EC0-301F-11D3-BF4B-00C04F79EFBC}") = "Zeta.Extreme.Form", "..\Zeta.Extreme.Form\Zeta.Extreme.Form.csproj", "{FBD09F91-B185-4207-B05D-6051505CA868}"
EndProject
Project("{FAE04EC0-301F-11D3-BF4B-00C04F79EFBC}") = "Zeta.Extreme.Model", "..\Zeta.Extreme.Model\Zeta.Extreme.Model.csproj", "{A4442A74-4590-4BA3-B44C-56C98CE4A088}"
EndProject
Project("{FAE04EC0-301F-11D3-BF4B-00C04F79EFBC}") = "Zeta.Extreme.MongoDB.Integration", "..\Zeta.Extreme.MongoDB.Integration\Zeta.Extreme.MongoDB.Integration.csproj", "{459E4387-484E-42DE-8795-A142E83CFCBB}"
EndProject
Project("{FAE04EC0-301F-11D3-BF4B-00C04F79EFBC}") = "Zeta.Extreme.DbfsToMongo.Connector", "..\Zeta.Extreme.DbfsToMongo.Connector\Zeta.Extreme.DbfsToMongo.Connector.csproj", "{9DF0A7CC-5104-4F45-B8AF-605AD1F2FD3A}"
EndProject
Global
	GlobalSection(SolutionConfigurationPlatforms) = preSolution
		Debug|Any CPU = Debug|Any CPU
		Release|Any CPU = Release|Any CPU
		SQL2008|Any CPU = SQL2008|Any CPU
	EndGlobalSection
	GlobalSection(ProjectConfigurationPlatforms) = postSolution
		{D1DFA474-F2BB-488C-8C13-CBE06BAC0E66}.Debug|Any CPU.ActiveCfg = Debug|Any CPU
		{D1DFA474-F2BB-488C-8C13-CBE06BAC0E66}.Debug|Any CPU.Build.0 = Debug|Any CPU
		{D1DFA474-F2BB-488C-8C13-CBE06BAC0E66}.Release|Any CPU.ActiveCfg = Release|Any CPU
		{D1DFA474-F2BB-488C-8C13-CBE06BAC0E66}.Release|Any CPU.Build.0 = Release|Any CPU
		{D1DFA474-F2BB-488C-8C13-CBE06BAC0E66}.SQL2008|Any CPU.ActiveCfg = SQL2008|Any CPU
		{D1DFA474-F2BB-488C-8C13-CBE06BAC0E66}.SQL2008|Any CPU.Build.0 = SQL2008|Any CPU
		{AE5166CD-76B0-4911-BD80-CED9521F37A1}.Debug|Any CPU.ActiveCfg = Debug|Any CPU
		{AE5166CD-76B0-4911-BD80-CED9521F37A1}.Debug|Any CPU.Build.0 = Debug|Any CPU
		{AE5166CD-76B0-4911-BD80-CED9521F37A1}.Release|Any CPU.ActiveCfg = Release|Any CPU
		{AE5166CD-76B0-4911-BD80-CED9521F37A1}.Release|Any CPU.Build.0 = Release|Any CPU
		{AE5166CD-76B0-4911-BD80-CED9521F37A1}.SQL2008|Any CPU.ActiveCfg = Release|Any CPU
		{AE5166CD-76B0-4911-BD80-CED9521F37A1}.SQL2008|Any CPU.Build.0 = Release|Any CPU
		{0E9A3A2A-49CD-4F6C-847C-DC79B4B65CE6}.Debug|Any CPU.ActiveCfg = Debug|Any CPU
		{0E9A3A2A-49CD-4F6C-847C-DC79B4B65CE6}.Debug|Any CPU.Build.0 = Debug|Any CPU
		{0E9A3A2A-49CD-4F6C-847C-DC79B4B65CE6}.Release|Any CPU.ActiveCfg = Release|Any CPU
		{0E9A3A2A-49CD-4F6C-847C-DC79B4B65CE6}.Release|Any CPU.Build.0 = Release|Any CPU
		{0E9A3A2A-49CD-4F6C-847C-DC79B4B65CE6}.SQL2008|Any CPU.ActiveCfg = Release|Any CPU
		{0E9A3A2A-49CD-4F6C-847C-DC79B4B65CE6}.SQL2008|Any CPU.Build.0 = Release|Any CPU
		{880F65EA-1A22-4672-A137-FFC91290A209}.Debug|Any CPU.ActiveCfg = Debug|Any CPU
		{880F65EA-1A22-4672-A137-FFC91290A209}.Debug|Any CPU.Build.0 = Debug|Any CPU
		{880F65EA-1A22-4672-A137-FFC91290A209}.Release|Any CPU.ActiveCfg = Release|Any CPU
		{880F65EA-1A22-4672-A137-FFC91290A209}.Release|Any CPU.Build.0 = Release|Any CPU
		{880F65EA-1A22-4672-A137-FFC91290A209}.SQL2008|Any CPU.ActiveCfg = SQL2008|Any CPU
		{880F65EA-1A22-4672-A137-FFC91290A209}.SQL2008|Any CPU.Build.0 = SQL2008|Any CPU
		{E762ABB0-9982-444C-A2B5-23B5866954F3}.Debug|Any CPU.ActiveCfg = Debug|Any CPU
		{E762ABB0-9982-444C-A2B5-23B5866954F3}.Debug|Any CPU.Build.0 = Debug|Any CPU
		{E762ABB0-9982-444C-A2B5-23B5866954F3}.Release|Any CPU.ActiveCfg = Release|Any CPU
		{E762ABB0-9982-444C-A2B5-23B5866954F3}.Release|Any CPU.Build.0 = Release|Any CPU
		{E762ABB0-9982-444C-A2B5-23B5866954F3}.SQL2008|Any CPU.ActiveCfg = SQL2008|Any CPU
		{E762ABB0-9982-444C-A2B5-23B5866954F3}.SQL2008|Any CPU.Build.0 = SQL2008|Any CPU
		{880F65EA-1A22-4672-A137-FFC912902112}.Debug|Any CPU.ActiveCfg = Debug|Any CPU
		{880F65EA-1A22-4672-A137-FFC912902112}.Debug|Any CPU.Build.0 = Debug|Any CPU
		{880F65EA-1A22-4672-A137-FFC912902112}.Release|Any CPU.ActiveCfg = Release|Any CPU
		{880F65EA-1A22-4672-A137-FFC912902112}.Release|Any CPU.Build.0 = Release|Any CPU
		{880F65EA-1A22-4672-A137-FFC912902112}.SQL2008|Any CPU.ActiveCfg = SQL2008|Any CPU
		{880F65EA-1A22-4672-A137-FFC912902112}.SQL2008|Any CPU.Build.0 = SQL2008|Any CPU
		{44653DE7-DEE5-4960-A906-E0D6B1F83FCC}.Debug|Any CPU.ActiveCfg = Debug|Any CPU
		{44653DE7-DEE5-4960-A906-E0D6B1F83FCC}.Debug|Any CPU.Build.0 = Debug|Any CPU
		{44653DE7-DEE5-4960-A906-E0D6B1F83FCC}.Release|Any CPU.ActiveCfg = Release|Any CPU
		{44653DE7-DEE5-4960-A906-E0D6B1F83FCC}.Release|Any CPU.Build.0 = Release|Any CPU
		{44653DE7-DEE5-4960-A906-E0D6B1F83FCC}.SQL2008|Any CPU.ActiveCfg = SQL2008|Any CPU
		{44653DE7-DEE5-4960-A906-E0D6B1F83FCC}.SQL2008|Any CPU.Build.0 = SQL2008|Any CPU
		{FBD09F91-B185-4207-B05D-6051505CA868}.Debug|Any CPU.ActiveCfg = Debug|Any CPU
		{FBD09F91-B185-4207-B05D-6051505CA868}.Debug|Any CPU.Build.0 = Debug|Any CPU
		{FBD09F91-B185-4207-B05D-6051505CA868}.Release|Any CPU.ActiveCfg = Release|Any CPU
		{FBD09F91-B185-4207-B05D-6051505CA868}.Release|Any CPU.Build.0 = Release|Any CPU
		{FBD09F91-B185-4207-B05D-6051505CA868}.SQL2008|Any CPU.ActiveCfg = SQL2008|Any CPU
		{FBD09F91-B185-4207-B05D-6051505CA868}.SQL2008|Any CPU.Build.0 = SQL2008|Any CPU
		{A4442A74-4590-4BA3-B44C-56C98CE4A088}.Debug|Any CPU.ActiveCfg = Debug|Any CPU
		{A4442A74-4590-4BA3-B44C-56C98CE4A088}.Debug|Any CPU.Build.0 = Debug|Any CPU
		{A4442A74-4590-4BA3-B44C-56C98CE4A088}.Release|Any CPU.ActiveCfg = Release|Any CPU
		{A4442A74-4590-4BA3-B44C-56C98CE4A088}.Release|Any CPU.Build.0 = Release|Any CPU
		{A4442A74-4590-4BA3-B44C-56C98CE4A088}.SQL2008|Any CPU.ActiveCfg = SQL2008|Any CPU
		{A4442A74-4590-4BA3-B44C-56C98CE4A088}.SQL2008|Any CPU.Build.0 = SQL2008|Any CPU
		{459E4387-484E-42DE-8795-A142E83CFCBB}.Debug|Any CPU.ActiveCfg = Debug|Any CPU
		{459E4387-484E-42DE-8795-A142E83CFCBB}.Debug|Any CPU.Build.0 = Debug|Any CPU
		{459E4387-484E-42DE-8795-A142E83CFCBB}.Release|Any CPU.ActiveCfg = Release|Any CPU
		{459E4387-484E-42DE-8795-A142E83CFCBB}.Release|Any CPU.Build.0 = Release|Any CPU
		{459E4387-484E-42DE-8795-A142E83CFCBB}.SQL2008|Any CPU.ActiveCfg = SQL2008|Any CPU
		{459E4387-484E-42DE-8795-A142E83CFCBB}.SQL2008|Any CPU.Build.0 = SQL2008|Any CPU
		{9DF0A7CC-5104-4F45-B8AF-605AD1F2FD3A}.Debug|Any CPU.ActiveCfg = Debug|Any CPU
		{9DF0A7CC-5104-4F45-B8AF-605AD1F2FD3A}.Debug|Any CPU.Build.0 = Debug|Any CPU
		{9DF0A7CC-5104-4F45-B8AF-605AD1F2FD3A}.Release|Any CPU.ActiveCfg = Release|Any CPU
		{9DF0A7CC-5104-4F45-B8AF-605AD1F2FD3A}.Release|Any CPU.Build.0 = Release|Any CPU
		{9DF0A7CC-5104-4F45-B8AF-605AD1F2FD3A}.SQL2008|Any CPU.ActiveCfg = SQL2008|Any CPU
		{9DF0A7CC-5104-4F45-B8AF-605AD1F2FD3A}.SQL2008|Any CPU.Build.0 = SQL2008|Any CPU
	EndGlobalSection
	GlobalSection(SolutionProperties) = preSolution
		HideSolutionNode = FALSE
	EndGlobalSection
	GlobalSection(NestedProjects) = preSolution
		{AE5166CD-76B0-4911-BD80-CED9521F37A1} = {9CA64BD0-EBEA-4194-9E93-C9B1F30D7BA2}
		{0E9A3A2A-49CD-4F6C-847C-DC79B4B65CE6} = {9CA64BD0-EBEA-4194-9E93-C9B1F30D7BA2}
		{880F65EA-1A22-4672-A137-FFC91290A209} = {9CA64BD0-EBEA-4194-9E93-C9B1F30D7BA2}
		{E762ABB0-9982-444C-A2B5-23B5866954F3} = {9CA64BD0-EBEA-4194-9E93-C9B1F30D7BA2}
		{880F65EA-1A22-4672-A137-FFC912902112} = {9CA64BD0-EBEA-4194-9E93-C9B1F30D7BA2}
		{44653DE7-DEE5-4960-A906-E0D6B1F83FCC} = {9CA64BD0-EBEA-4194-9E93-C9B1F30D7BA2}
		{FBD09F91-B185-4207-B05D-6051505CA868} = {9CA64BD0-EBEA-4194-9E93-C9B1F30D7BA2}
		{A4442A74-4590-4BA3-B44C-56C98CE4A088} = {9CA64BD0-EBEA-4194-9E93-C9B1F30D7BA2}
		{459E4387-484E-42DE-8795-A142E83CFCBB} = {9CA64BD0-EBEA-4194-9E93-C9B1F30D7BA2}
		{9DF0A7CC-5104-4F45-B8AF-605AD1F2FD3A} = {9CA64BD0-EBEA-4194-9E93-C9B1F30D7BA2}
	EndGlobalSection
EndGlobal
