
Microsoft Visual Studio Solution File, Format Version 12.00
# Visual Studio 2012
Project("{FAE04EC0-301F-11D3-BF4B-00C04F79EFBC}") = "Zeta.Extreme.Analyzer", "Zeta.Extreme.Analyzer.csproj", "{573BBC49-8999-45C0-8FC3-4FE4EE7B7D82}"
EndProject
Project("{FAE04EC0-301F-11D3-BF4B-00C04F79EFBC}") = "Zeta.Extreme.Core", "..\Zeta.Extreme.Core\Zeta.Extreme.Core.csproj", "{A5177DFD-2D36-442F-A9C0-B79CD6DC7054}"
EndProject
Project("{FAE04EC0-301F-11D3-BF4B-00C04F79EFBC}") = "Qorpent.Core", "..\..\qorpent.sys\Qorpent.Core\Qorpent.Core.csproj", "{880F65EA-1A22-4672-A137-FFC91290A209}"
EndProject
Project("{FAE04EC0-301F-11D3-BF4B-00C04F79EFBC}") = "Comdiv.Core", "..\..\comdiv.oldcore\Comdiv.Core\Comdiv.Core.csproj", "{C51304FD-0406-48E0-833E-EEDC67425BC8}"
EndProject
Project("{FAE04EC0-301F-11D3-BF4B-00C04F79EFBC}") = "Qorpent.Bxl", "..\..\qorpent.sys\Qorpent.Bxl\Qorpent.Bxl.csproj", "{381DEC86-5709-4A64-BD9F-462E792884CE}"
EndProject
Project("{FAE04EC0-301F-11D3-BF4B-00C04F79EFBC}") = "Zeta.Extreme.Poco", "..\Zeta.Extreme.Poco\Zeta.Extreme.Poco.csproj", "{A4442A74-4590-4BA3-B44C-56C98CE4A088}"
EndProject
Project("{FAE04EC0-301F-11D3-BF4B-00C04F79EFBC}") = "Qorpent.Utils", "..\..\qorpent.sys\Qorpent.Utils\Qorpent.Utils.csproj", "{880F65EA-1A22-4672-A137-FFC912902112}"
EndProject
Project("{FAE04EC0-301F-11D3-BF4B-00C04F79EFBC}") = "Comdiv.Zeta.Model", "..\..\zeta.old\Comdiv.Zeta.Model\Comdiv.Zeta.Model.csproj", "{F939564A-D5A9-4BEE-B8F2-47C384358AFC}"
EndProject
Project("{FAE04EC0-301F-11D3-BF4B-00C04F79EFBC}") = "Comdiv.Dependency", "..\..\comdiv.oldcore\Comdiv.Dependency\Comdiv.Dependency.csproj", "{6E58C87C-2522-4AA5-9211-6109305B2D7B}"
EndProject
Project("{FAE04EC0-301F-11D3-BF4B-00C04F79EFBC}") = "Comdiv.Extensibility", "..\..\comdiv.oldcore\Comdiv.Extensibility\Comdiv.Extensibility.csproj", "{C1944938-B798-478A-BA1C-FDA8BA152FF3}"
EndProject
Project("{FAE04EC0-301F-11D3-BF4B-00C04F79EFBC}") = "Npgsql2012", "..\..\Npgsql2\src\Npgsql2012.csproj", "{25CEA8E8-3CF4-42F5-BDB6-11018F839CA3}"
EndProject
Project("{FAE04EC0-301F-11D3-BF4B-00C04F79EFBC}") = "Zeta.Extreme.Analyzer.Tests", "..\Zeta.Extreme.Analyzer.Tests\Zeta.Extreme.Analyzer.Tests.csproj", "{1D529DE1-8846-4928-AF08-CE85D148B0B4}"
EndProject
Project("{2150E333-8FDC-42A3-9474-1A3956D46DE8}") = "root", "root", "{80C008AF-4023-45BE-A4DC-D85DC7796A6C}"
EndProject
Project("{2150E333-8FDC-42A3-9474-1A3956D46DE8}") = "Tests", "Tests", "{690AA1DD-503E-47C0-AA58-53529331D847}"
EndProject
Project("{2150E333-8FDC-42A3-9474-1A3956D46DE8}") = "commons", "commons", "{C2A79FDB-910A-44E8-9B99-710642104C7E}"
	ProjectSection(SolutionItems) = preProject
		..\..\qorpent.sys\.gitattributes = ..\..\qorpent.sys\.gitattributes
		..\..\qorpent.sys\.gitignore = ..\..\qorpent.sys\.gitignore
		..\..\qorpent.sys\build = ..\..\qorpent.sys\build
		..\..\qorpent.sys\commons\default-log.ioc-manifest.bxl = ..\..\qorpent.sys\commons\default-log.ioc-manifest.bxl
		..\..\qorpent.sys\commons\default-template.build = ..\..\qorpent.sys\commons\default-template.build
		..\..\qorpent.sys\install = ..\..\qorpent.sys\install
		..\..\qorpent.sys\commons\log.ioc-template = ..\..\qorpent.sys\commons\log.ioc-template
		..\..\qorpent.sys\commons\ndoc3ext.xslt = ..\..\qorpent.sys\commons\ndoc3ext.xslt
		..\..\qorpent.sys\commons\notes.txt = ..\..\qorpent.sys\commons\notes.txt
		..\..\qorpent.sys\PackageAssemblyInfo.cs = ..\..\qorpent.sys\PackageAssemblyInfo.cs
		..\..\qorpent.sys\README.md = ..\..\qorpent.sys\README.md
		..\..\qorpent.sys\commons\webapp.build = ..\..\qorpent.sys\commons\webapp.build
	EndProjectSection
EndProject
Project("{FAE04EC0-301F-11D3-BF4B-00C04F79EFBC}") = "Qorpent.Dsl", "..\..\qorpent.sys\Qorpent.Dsl\Qorpent.Dsl.csproj", "{B758E220-22F5-47DF-A73B-BC9B1A3DBDC3}"
EndProject
Project("{FAE04EC0-301F-11D3-BF4B-00C04F79EFBC}") = "Qorpent.IO", "..\..\qorpent.sys\Qorpent.IO\Qorpent.IO.csproj", "{426C92DF-3C40-426C-B0BE-40A1DF9044C2}"
EndProject
Project("{FAE04EC0-301F-11D3-BF4B-00C04F79EFBC}") = "Qorpent.IoC", "..\..\qorpent.sys\Qorpent.IoC\Qorpent.IoC.csproj", "{62F22FFA-A1CF-4A74-838C-9AB33A9442EA}"
EndProject
Project("{FAE04EC0-301F-11D3-BF4B-00C04F79EFBC}") = "Qorpent.Log", "..\..\qorpent.sys\Qorpent.Log\Qorpent.Log.csproj", "{77D47855-A3D4-4B92-9FC0-C2EDEE27A8A7}"
EndProject
Project("{FAE04EC0-301F-11D3-BF4B-00C04F79EFBC}") = "Qorpent.Mvc", "..\..\qorpent.sys\Qorpent.Mvc\Qorpent.Mvc.csproj", "{96885C8F-AD20-41B4-86EE-BC9B3D47D9F9}"
EndProject
Project("{FAE04EC0-301F-11D3-BF4B-00C04F79EFBC}") = "Qorpent.Security", "..\..\qorpent.sys\Qorpent.Security\Qorpent.Security.csproj", "{ECB429BC-3E76-4FCD-897E-235B546C8738}"
EndProject
Project("{FAE04EC0-301F-11D3-BF4B-00C04F79EFBC}") = "Qorpent.Serialization", "..\..\qorpent.sys\Qorpent.Serialization\Qorpent.Serialization.csproj", "{21971F28-8ED8-4F50-B623-E9DB2658AF54}"
EndProject
Project("{FAE04EC0-301F-11D3-BF4B-00C04F79EFBC}") = "Qorpent.Bxl.Tests", "..\..\qorpent.sys\Qorpent.Bxl.Tests\Qorpent.Bxl.Tests.csproj", "{E1FDF85D-C016-4136-B42F-565598341058}"
EndProject
Project("{FAE04EC0-301F-11D3-BF4B-00C04F79EFBC}") = "Qorpent.Core.Tests", "..\..\qorpent.sys\Qorpent.Core.Tests\Qorpent.Core.Tests.csproj", "{880F65EA-1A22-4672-A137-FFC912902046}"
EndProject
Project("{FAE04EC0-301F-11D3-BF4B-00C04F79EFBC}") = "Qorpent.Dsl.Tests", "..\..\qorpent.sys\Qorpent.Dsl.Tests\Qorpent.Dsl.Tests.csproj", "{7A163EB3-715F-4D13-B720-1E6645380E20}"
EndProject
Project("{FAE04EC0-301F-11D3-BF4B-00C04F79EFBC}") = "Qorpent.IoC.Tests", "..\..\qorpent.sys\Qorpent.IoC.Tests\Qorpent.IoC.Tests.csproj", "{0403B026-5047-41A4-98EE-62F2D92B812C}"
EndProject
Project("{FAE04EC0-301F-11D3-BF4B-00C04F79EFBC}") = "Qorpent.Log.Tests", "..\..\qorpent.sys\Qorpent.Log.Tests\Qorpent.Log.Tests.csproj", "{1571576A-27DE-4470-8AAD-A76E8CF111D1}"
EndProject
Project("{FAE04EC0-301F-11D3-BF4B-00C04F79EFBC}") = "Qorpent.Mvc.Tests", "..\..\qorpent.sys\Qorpent.Mvc.Tests\Qorpent.Mvc.Tests.csproj", "{EAB144DB-F0C6-4192-8FA7-AFBA2A663A8C}"
EndProject
Project("{FAE04EC0-301F-11D3-BF4B-00C04F79EFBC}") = "Qorpent.Security.Tests", "..\..\qorpent.sys\Qorpent.Security.Tests\Qorpent.Security.Tests.csproj", "{176E6AB2-A219-4A45-9374-EEDB725B3B1C}"
EndProject
Project("{FAE04EC0-301F-11D3-BF4B-00C04F79EFBC}") = "Qorpent.Serialization.Tests", "..\..\qorpent.sys\Qorpent.Serialization.Tests\Qorpent.Serialization.Tests.csproj", "{8A00570F-4D51-46EE-BA1D-52EC2A7BD38A}"
EndProject
Project("{FAE04EC0-301F-11D3-BF4B-00C04F79EFBC}") = "Qorpent.Utils.Tests", "..\..\qorpent.sys\Qorpent.Utils.Tests\Qorpent.Utils.Tests.csproj", "{880F65EA-1A22-4672-A137-FFC912902113}"
EndProject
Project("{FAE04EC0-301F-11D3-BF4B-00C04F79EFBC}") = "Qorpent.Data", "..\..\qorpent.sys\Qorpent.Data\Qorpent.Data.csproj", "{E762ABB0-9982-444C-A2B5-23B5866954F3}"
EndProject
Project("{FAE04EC0-301F-11D3-BF4B-00C04F79EFBC}") = "Qorpent.Data.Tests", "..\..\qorpent.sys\Qorpent.Data.Tests\Qorpent.Data.Tests.csproj", "{16ABD509-8E84-46F5-9F56-1E5E4B5B3913}"
EndProject
Project("{FAE04EC0-301F-11D3-BF4B-00C04F79EFBC}") = "Qorpent.IO.Tests", "..\..\qorpent.sys\Qorpent.IO.Tests\Qorpent.IO.Tests.csproj", "{4F6F2194-F11D-4CC6-8BB1-7D20F97EC082}"
EndProject
Project("{FAE04EC0-301F-11D3-BF4B-00C04F79EFBC}") = "Qorpent.Sys.bxlparser", "..\..\qorpent.sys\Qorpent.Sys.bxlparser\Qorpent.Sys.bxlparser.csproj", "{46E8AE7D-FCFA-4C13-8659-F73F1E76F556}"
EndProject
Project("{FAE04EC0-301F-11D3-BF4B-00C04F79EFBC}") = "Qorpent.Sys.bxlparser.Tests", "..\..\qorpent.sys\Qorpent.Sys.bxlparser.Tests\Qorpent.Sys.bxlparser.Tests.csproj", "{89AFB34A-B439-41C0-BBAA-2DD4DA1B08E9}"
EndProject
Project("{2150E333-8FDC-42A3-9474-1A3956D46DE8}") = "Qorpent.sys", "Qorpent.sys", "{C96B7264-9FFB-4CED-84C5-4AD3665692BD}"
EndProject
Project("{2150E333-8FDC-42A3-9474-1A3956D46DE8}") = "Comdiv", "Comdiv", "{B23F170D-7E54-4F44-A7BC-48D6CA0E858E}"
EndProject
Project("{2150E333-8FDC-42A3-9474-1A3956D46DE8}") = "Zeta.Extreme", "Zeta.Extreme", "{6337C990-F7CF-4CF5-84B5-E7F983BF7D47}"
EndProject
Project("{2150E333-8FDC-42A3-9474-1A3956D46DE8}") = "Npgsql2012", "Npgsql2012", "{9A812FA5-A57D-4836-B0FA-923DE05EE89F}"
EndProject
Global
	GlobalSection(SolutionConfigurationPlatforms) = preSolution
		Debug|Any CPU = Debug|Any CPU
		IAS|Any CPU = IAS|Any CPU
		MIGRATION|Any CPU = MIGRATION|Any CPU
		MONO|Any CPU = MONO|Any CPU
		Release|Any CPU = Release|Any CPU
		SQL2008|Any CPU = SQL2008|Any CPU
		TOTALTEST|Any CPU = TOTALTEST|Any CPU
	EndGlobalSection
	GlobalSection(ProjectConfigurationPlatforms) = postSolution
		{573BBC49-8999-45C0-8FC3-4FE4EE7B7D82}.Debug|Any CPU.ActiveCfg = Debug|Any CPU
		{573BBC49-8999-45C0-8FC3-4FE4EE7B7D82}.Debug|Any CPU.Build.0 = Debug|Any CPU
		{573BBC49-8999-45C0-8FC3-4FE4EE7B7D82}.IAS|Any CPU.ActiveCfg = SQL2008|Any CPU
		{573BBC49-8999-45C0-8FC3-4FE4EE7B7D82}.IAS|Any CPU.Build.0 = SQL2008|Any CPU
		{573BBC49-8999-45C0-8FC3-4FE4EE7B7D82}.MIGRATION|Any CPU.ActiveCfg = SQL2008|Any CPU
		{573BBC49-8999-45C0-8FC3-4FE4EE7B7D82}.MIGRATION|Any CPU.Build.0 = SQL2008|Any CPU
		{573BBC49-8999-45C0-8FC3-4FE4EE7B7D82}.MONO|Any CPU.ActiveCfg = SQL2008|Any CPU
		{573BBC49-8999-45C0-8FC3-4FE4EE7B7D82}.MONO|Any CPU.Build.0 = SQL2008|Any CPU
		{573BBC49-8999-45C0-8FC3-4FE4EE7B7D82}.Release|Any CPU.ActiveCfg = Release|Any CPU
		{573BBC49-8999-45C0-8FC3-4FE4EE7B7D82}.Release|Any CPU.Build.0 = Release|Any CPU
		{573BBC49-8999-45C0-8FC3-4FE4EE7B7D82}.SQL2008|Any CPU.ActiveCfg = SQL2008|Any CPU
		{573BBC49-8999-45C0-8FC3-4FE4EE7B7D82}.SQL2008|Any CPU.Build.0 = SQL2008|Any CPU
		{573BBC49-8999-45C0-8FC3-4FE4EE7B7D82}.TOTALTEST|Any CPU.ActiveCfg = Release|Any CPU
		{573BBC49-8999-45C0-8FC3-4FE4EE7B7D82}.TOTALTEST|Any CPU.Build.0 = Release|Any CPU
		{A5177DFD-2D36-442F-A9C0-B79CD6DC7054}.Debug|Any CPU.ActiveCfg = Debug|Any CPU
		{A5177DFD-2D36-442F-A9C0-B79CD6DC7054}.Debug|Any CPU.Build.0 = Debug|Any CPU
		{A5177DFD-2D36-442F-A9C0-B79CD6DC7054}.IAS|Any CPU.ActiveCfg = SQL2008|Any CPU
		{A5177DFD-2D36-442F-A9C0-B79CD6DC7054}.IAS|Any CPU.Build.0 = SQL2008|Any CPU
		{A5177DFD-2D36-442F-A9C0-B79CD6DC7054}.MIGRATION|Any CPU.ActiveCfg = SQL2008|Any CPU
		{A5177DFD-2D36-442F-A9C0-B79CD6DC7054}.MIGRATION|Any CPU.Build.0 = SQL2008|Any CPU
		{A5177DFD-2D36-442F-A9C0-B79CD6DC7054}.MONO|Any CPU.ActiveCfg = SQL2008|Any CPU
		{A5177DFD-2D36-442F-A9C0-B79CD6DC7054}.MONO|Any CPU.Build.0 = SQL2008|Any CPU
		{A5177DFD-2D36-442F-A9C0-B79CD6DC7054}.Release|Any CPU.ActiveCfg = Release|Any CPU
		{A5177DFD-2D36-442F-A9C0-B79CD6DC7054}.Release|Any CPU.Build.0 = Release|Any CPU
		{A5177DFD-2D36-442F-A9C0-B79CD6DC7054}.SQL2008|Any CPU.ActiveCfg = SQL2008|Any CPU
		{A5177DFD-2D36-442F-A9C0-B79CD6DC7054}.SQL2008|Any CPU.Build.0 = SQL2008|Any CPU
		{A5177DFD-2D36-442F-A9C0-B79CD6DC7054}.TOTALTEST|Any CPU.ActiveCfg = Release|Any CPU
		{A5177DFD-2D36-442F-A9C0-B79CD6DC7054}.TOTALTEST|Any CPU.Build.0 = Release|Any CPU
		{880F65EA-1A22-4672-A137-FFC91290A209}.Debug|Any CPU.ActiveCfg = Debug|Any CPU
		{880F65EA-1A22-4672-A137-FFC91290A209}.Debug|Any CPU.Build.0 = Debug|Any CPU
		{880F65EA-1A22-4672-A137-FFC91290A209}.IAS|Any CPU.ActiveCfg = SQL2008|Any CPU
		{880F65EA-1A22-4672-A137-FFC91290A209}.IAS|Any CPU.Build.0 = SQL2008|Any CPU
		{880F65EA-1A22-4672-A137-FFC91290A209}.MIGRATION|Any CPU.ActiveCfg = SQL2008|Any CPU
		{880F65EA-1A22-4672-A137-FFC91290A209}.MIGRATION|Any CPU.Build.0 = SQL2008|Any CPU
		{880F65EA-1A22-4672-A137-FFC91290A209}.MONO|Any CPU.ActiveCfg = SQL2008|Any CPU
		{880F65EA-1A22-4672-A137-FFC91290A209}.MONO|Any CPU.Build.0 = SQL2008|Any CPU
		{880F65EA-1A22-4672-A137-FFC91290A209}.Release|Any CPU.ActiveCfg = Release|Any CPU
		{880F65EA-1A22-4672-A137-FFC91290A209}.Release|Any CPU.Build.0 = Release|Any CPU
		{880F65EA-1A22-4672-A137-FFC91290A209}.SQL2008|Any CPU.ActiveCfg = SQL2008|Any CPU
		{880F65EA-1A22-4672-A137-FFC91290A209}.SQL2008|Any CPU.Build.0 = SQL2008|Any CPU
		{880F65EA-1A22-4672-A137-FFC91290A209}.TOTALTEST|Any CPU.ActiveCfg = Release|Any CPU
		{880F65EA-1A22-4672-A137-FFC91290A209}.TOTALTEST|Any CPU.Build.0 = Release|Any CPU
		{C51304FD-0406-48E0-833E-EEDC67425BC8}.Debug|Any CPU.ActiveCfg = Debug|Any CPU
		{C51304FD-0406-48E0-833E-EEDC67425BC8}.Debug|Any CPU.Build.0 = Debug|Any CPU
		{C51304FD-0406-48E0-833E-EEDC67425BC8}.IAS|Any CPU.ActiveCfg = MIGRATION|Any CPU
		{C51304FD-0406-48E0-833E-EEDC67425BC8}.IAS|Any CPU.Build.0 = MIGRATION|Any CPU
		{C51304FD-0406-48E0-833E-EEDC67425BC8}.MIGRATION|Any CPU.ActiveCfg = MIGRATION|Any CPU
		{C51304FD-0406-48E0-833E-EEDC67425BC8}.MIGRATION|Any CPU.Build.0 = MIGRATION|Any CPU
		{C51304FD-0406-48E0-833E-EEDC67425BC8}.MONO|Any CPU.ActiveCfg = MIGRATION|Any CPU
		{C51304FD-0406-48E0-833E-EEDC67425BC8}.MONO|Any CPU.Build.0 = MIGRATION|Any CPU
		{C51304FD-0406-48E0-833E-EEDC67425BC8}.Release|Any CPU.ActiveCfg = Release|Any CPU
		{C51304FD-0406-48E0-833E-EEDC67425BC8}.Release|Any CPU.Build.0 = Release|Any CPU
		{C51304FD-0406-48E0-833E-EEDC67425BC8}.SQL2008|Any CPU.ActiveCfg = MIGRATION|Any CPU
		{C51304FD-0406-48E0-833E-EEDC67425BC8}.SQL2008|Any CPU.Build.0 = MIGRATION|Any CPU
		{C51304FD-0406-48E0-833E-EEDC67425BC8}.TOTALTEST|Any CPU.ActiveCfg = Release|Any CPU
		{C51304FD-0406-48E0-833E-EEDC67425BC8}.TOTALTEST|Any CPU.Build.0 = Release|Any CPU
		{381DEC86-5709-4A64-BD9F-462E792884CE}.Debug|Any CPU.ActiveCfg = Debug|Any CPU
		{381DEC86-5709-4A64-BD9F-462E792884CE}.Debug|Any CPU.Build.0 = Debug|Any CPU
		{381DEC86-5709-4A64-BD9F-462E792884CE}.IAS|Any CPU.ActiveCfg = Release|Any CPU
		{381DEC86-5709-4A64-BD9F-462E792884CE}.IAS|Any CPU.Build.0 = Release|Any CPU
		{381DEC86-5709-4A64-BD9F-462E792884CE}.MIGRATION|Any CPU.ActiveCfg = Release|Any CPU
		{381DEC86-5709-4A64-BD9F-462E792884CE}.MIGRATION|Any CPU.Build.0 = Release|Any CPU
		{381DEC86-5709-4A64-BD9F-462E792884CE}.MONO|Any CPU.ActiveCfg = Release|Any CPU
		{381DEC86-5709-4A64-BD9F-462E792884CE}.MONO|Any CPU.Build.0 = Release|Any CPU
		{381DEC86-5709-4A64-BD9F-462E792884CE}.Release|Any CPU.ActiveCfg = Release|Any CPU
		{381DEC86-5709-4A64-BD9F-462E792884CE}.Release|Any CPU.Build.0 = Release|Any CPU
		{381DEC86-5709-4A64-BD9F-462E792884CE}.SQL2008|Any CPU.ActiveCfg = SQL2008|Any CPU
		{381DEC86-5709-4A64-BD9F-462E792884CE}.SQL2008|Any CPU.Build.0 = SQL2008|Any CPU
		{381DEC86-5709-4A64-BD9F-462E792884CE}.TOTALTEST|Any CPU.ActiveCfg = SQL2008|Any CPU
		{381DEC86-5709-4A64-BD9F-462E792884CE}.TOTALTEST|Any CPU.Build.0 = SQL2008|Any CPU
		{A4442A74-4590-4BA3-B44C-56C98CE4A088}.Debug|Any CPU.ActiveCfg = Debug|Any CPU
		{A4442A74-4590-4BA3-B44C-56C98CE4A088}.Debug|Any CPU.Build.0 = Debug|Any CPU
		{A4442A74-4590-4BA3-B44C-56C98CE4A088}.IAS|Any CPU.ActiveCfg = IAS|Any CPU
		{A4442A74-4590-4BA3-B44C-56C98CE4A088}.IAS|Any CPU.Build.0 = IAS|Any CPU
		{A4442A74-4590-4BA3-B44C-56C98CE4A088}.MIGRATION|Any CPU.ActiveCfg = MIGRATION|Any CPU
		{A4442A74-4590-4BA3-B44C-56C98CE4A088}.MIGRATION|Any CPU.Build.0 = MIGRATION|Any CPU
		{A4442A74-4590-4BA3-B44C-56C98CE4A088}.MONO|Any CPU.ActiveCfg = MONO|Any CPU
		{A4442A74-4590-4BA3-B44C-56C98CE4A088}.MONO|Any CPU.Build.0 = MONO|Any CPU
		{A4442A74-4590-4BA3-B44C-56C98CE4A088}.Release|Any CPU.ActiveCfg = Release|Any CPU
		{A4442A74-4590-4BA3-B44C-56C98CE4A088}.Release|Any CPU.Build.0 = Release|Any CPU
		{A4442A74-4590-4BA3-B44C-56C98CE4A088}.SQL2008|Any CPU.ActiveCfg = MIGRATION|Any CPU
		{A4442A74-4590-4BA3-B44C-56C98CE4A088}.SQL2008|Any CPU.Build.0 = MIGRATION|Any CPU
		{A4442A74-4590-4BA3-B44C-56C98CE4A088}.TOTALTEST|Any CPU.ActiveCfg = Release|Any CPU
		{A4442A74-4590-4BA3-B44C-56C98CE4A088}.TOTALTEST|Any CPU.Build.0 = Release|Any CPU
		{880F65EA-1A22-4672-A137-FFC912902112}.Debug|Any CPU.ActiveCfg = Debug|Any CPU
		{880F65EA-1A22-4672-A137-FFC912902112}.Debug|Any CPU.Build.0 = Debug|Any CPU
		{880F65EA-1A22-4672-A137-FFC912902112}.IAS|Any CPU.ActiveCfg = Release|Any CPU
		{880F65EA-1A22-4672-A137-FFC912902112}.IAS|Any CPU.Build.0 = Release|Any CPU
		{880F65EA-1A22-4672-A137-FFC912902112}.MIGRATION|Any CPU.ActiveCfg = Release|Any CPU
		{880F65EA-1A22-4672-A137-FFC912902112}.MIGRATION|Any CPU.Build.0 = Release|Any CPU
		{880F65EA-1A22-4672-A137-FFC912902112}.MONO|Any CPU.ActiveCfg = Release|Any CPU
		{880F65EA-1A22-4672-A137-FFC912902112}.MONO|Any CPU.Build.0 = Release|Any CPU
		{880F65EA-1A22-4672-A137-FFC912902112}.Release|Any CPU.ActiveCfg = Release|Any CPU
		{880F65EA-1A22-4672-A137-FFC912902112}.Release|Any CPU.Build.0 = Release|Any CPU
		{880F65EA-1A22-4672-A137-FFC912902112}.SQL2008|Any CPU.ActiveCfg = SQL2008|Any CPU
		{880F65EA-1A22-4672-A137-FFC912902112}.SQL2008|Any CPU.Build.0 = SQL2008|Any CPU
		{880F65EA-1A22-4672-A137-FFC912902112}.TOTALTEST|Any CPU.ActiveCfg = SQL2008|Any CPU
		{880F65EA-1A22-4672-A137-FFC912902112}.TOTALTEST|Any CPU.Build.0 = SQL2008|Any CPU
		{F939564A-D5A9-4BEE-B8F2-47C384358AFC}.Debug|Any CPU.ActiveCfg = Debug|Any CPU
		{F939564A-D5A9-4BEE-B8F2-47C384358AFC}.Debug|Any CPU.Build.0 = Debug|Any CPU
		{F939564A-D5A9-4BEE-B8F2-47C384358AFC}.IAS|Any CPU.ActiveCfg = IAS|Any CPU
		{F939564A-D5A9-4BEE-B8F2-47C384358AFC}.IAS|Any CPU.Build.0 = IAS|Any CPU
		{F939564A-D5A9-4BEE-B8F2-47C384358AFC}.MIGRATION|Any CPU.ActiveCfg = MIGRATION|Any CPU
		{F939564A-D5A9-4BEE-B8F2-47C384358AFC}.MIGRATION|Any CPU.Build.0 = MIGRATION|Any CPU
		{F939564A-D5A9-4BEE-B8F2-47C384358AFC}.MONO|Any CPU.ActiveCfg = MONO|Any CPU
		{F939564A-D5A9-4BEE-B8F2-47C384358AFC}.MONO|Any CPU.Build.0 = MONO|Any CPU
		{F939564A-D5A9-4BEE-B8F2-47C384358AFC}.Release|Any CPU.ActiveCfg = Release|Any CPU
		{F939564A-D5A9-4BEE-B8F2-47C384358AFC}.Release|Any CPU.Build.0 = Release|Any CPU
		{F939564A-D5A9-4BEE-B8F2-47C384358AFC}.SQL2008|Any CPU.ActiveCfg = MIGRATION|Any CPU
		{F939564A-D5A9-4BEE-B8F2-47C384358AFC}.SQL2008|Any CPU.Build.0 = MIGRATION|Any CPU
		{F939564A-D5A9-4BEE-B8F2-47C384358AFC}.TOTALTEST|Any CPU.ActiveCfg = Release|Any CPU
		{F939564A-D5A9-4BEE-B8F2-47C384358AFC}.TOTALTEST|Any CPU.Build.0 = Release|Any CPU
		{6E58C87C-2522-4AA5-9211-6109305B2D7B}.Debug|Any CPU.ActiveCfg = Debug|Any CPU
		{6E58C87C-2522-4AA5-9211-6109305B2D7B}.Debug|Any CPU.Build.0 = Debug|Any CPU
		{6E58C87C-2522-4AA5-9211-6109305B2D7B}.IAS|Any CPU.ActiveCfg = MIGRATION|Any CPU
		{6E58C87C-2522-4AA5-9211-6109305B2D7B}.IAS|Any CPU.Build.0 = MIGRATION|Any CPU
		{6E58C87C-2522-4AA5-9211-6109305B2D7B}.MIGRATION|Any CPU.ActiveCfg = MIGRATION|Any CPU
		{6E58C87C-2522-4AA5-9211-6109305B2D7B}.MIGRATION|Any CPU.Build.0 = MIGRATION|Any CPU
		{6E58C87C-2522-4AA5-9211-6109305B2D7B}.MONO|Any CPU.ActiveCfg = MIGRATION|Any CPU
		{6E58C87C-2522-4AA5-9211-6109305B2D7B}.MONO|Any CPU.Build.0 = MIGRATION|Any CPU
		{6E58C87C-2522-4AA5-9211-6109305B2D7B}.Release|Any CPU.ActiveCfg = Release|Any CPU
		{6E58C87C-2522-4AA5-9211-6109305B2D7B}.Release|Any CPU.Build.0 = Release|Any CPU
		{6E58C87C-2522-4AA5-9211-6109305B2D7B}.SQL2008|Any CPU.ActiveCfg = MIGRATION|Any CPU
		{6E58C87C-2522-4AA5-9211-6109305B2D7B}.SQL2008|Any CPU.Build.0 = MIGRATION|Any CPU
		{6E58C87C-2522-4AA5-9211-6109305B2D7B}.TOTALTEST|Any CPU.ActiveCfg = MIGRATION|Any CPU
		{6E58C87C-2522-4AA5-9211-6109305B2D7B}.TOTALTEST|Any CPU.Build.0 = MIGRATION|Any CPU
		{C1944938-B798-478A-BA1C-FDA8BA152FF3}.Debug|Any CPU.ActiveCfg = Debug|Any CPU
		{C1944938-B798-478A-BA1C-FDA8BA152FF3}.Debug|Any CPU.Build.0 = Debug|Any CPU
		{C1944938-B798-478A-BA1C-FDA8BA152FF3}.IAS|Any CPU.ActiveCfg = IAS|Any CPU
		{C1944938-B798-478A-BA1C-FDA8BA152FF3}.IAS|Any CPU.Build.0 = IAS|Any CPU
		{C1944938-B798-478A-BA1C-FDA8BA152FF3}.MIGRATION|Any CPU.ActiveCfg = MIGRATION|Any CPU
		{C1944938-B798-478A-BA1C-FDA8BA152FF3}.MIGRATION|Any CPU.Build.0 = MIGRATION|Any CPU
		{C1944938-B798-478A-BA1C-FDA8BA152FF3}.MONO|Any CPU.ActiveCfg = MONO|Any CPU
		{C1944938-B798-478A-BA1C-FDA8BA152FF3}.MONO|Any CPU.Build.0 = MONO|Any CPU
		{C1944938-B798-478A-BA1C-FDA8BA152FF3}.Release|Any CPU.ActiveCfg = Release|Any CPU
		{C1944938-B798-478A-BA1C-FDA8BA152FF3}.Release|Any CPU.Build.0 = Release|Any CPU
		{C1944938-B798-478A-BA1C-FDA8BA152FF3}.SQL2008|Any CPU.ActiveCfg = MONO|Any CPU
		{C1944938-B798-478A-BA1C-FDA8BA152FF3}.SQL2008|Any CPU.Build.0 = MONO|Any CPU
		{C1944938-B798-478A-BA1C-FDA8BA152FF3}.TOTALTEST|Any CPU.ActiveCfg = TOTALTEST|Any CPU
		{C1944938-B798-478A-BA1C-FDA8BA152FF3}.TOTALTEST|Any CPU.Build.0 = TOTALTEST|Any CPU
		{25CEA8E8-3CF4-42F5-BDB6-11018F839CA3}.Debug|Any CPU.ActiveCfg = Debug|Any CPU
		{25CEA8E8-3CF4-42F5-BDB6-11018F839CA3}.Debug|Any CPU.Build.0 = Debug|Any CPU
		{25CEA8E8-3CF4-42F5-BDB6-11018F839CA3}.IAS|Any CPU.ActiveCfg = Release|Any CPU
		{25CEA8E8-3CF4-42F5-BDB6-11018F839CA3}.IAS|Any CPU.Build.0 = Release|Any CPU
		{25CEA8E8-3CF4-42F5-BDB6-11018F839CA3}.MIGRATION|Any CPU.ActiveCfg = Release|Any CPU
		{25CEA8E8-3CF4-42F5-BDB6-11018F839CA3}.MIGRATION|Any CPU.Build.0 = Release|Any CPU
		{25CEA8E8-3CF4-42F5-BDB6-11018F839CA3}.MONO|Any CPU.ActiveCfg = Release|Any CPU
		{25CEA8E8-3CF4-42F5-BDB6-11018F839CA3}.MONO|Any CPU.Build.0 = Release|Any CPU
		{25CEA8E8-3CF4-42F5-BDB6-11018F839CA3}.Release|Any CPU.ActiveCfg = Release|Any CPU
		{25CEA8E8-3CF4-42F5-BDB6-11018F839CA3}.Release|Any CPU.Build.0 = Release|Any CPU
		{25CEA8E8-3CF4-42F5-BDB6-11018F839CA3}.SQL2008|Any CPU.ActiveCfg = Release|Any CPU
		{25CEA8E8-3CF4-42F5-BDB6-11018F839CA3}.SQL2008|Any CPU.Build.0 = Release|Any CPU
		{25CEA8E8-3CF4-42F5-BDB6-11018F839CA3}.TOTALTEST|Any CPU.ActiveCfg = Release|Any CPU
		{25CEA8E8-3CF4-42F5-BDB6-11018F839CA3}.TOTALTEST|Any CPU.Build.0 = Release|Any CPU
		{1D529DE1-8846-4928-AF08-CE85D148B0B4}.Debug|Any CPU.ActiveCfg = Debug|Any CPU
		{1D529DE1-8846-4928-AF08-CE85D148B0B4}.Debug|Any CPU.Build.0 = Debug|Any CPU
		{1D529DE1-8846-4928-AF08-CE85D148B0B4}.IAS|Any CPU.ActiveCfg = SQL2008|Any CPU
		{1D529DE1-8846-4928-AF08-CE85D148B0B4}.IAS|Any CPU.Build.0 = SQL2008|Any CPU
		{1D529DE1-8846-4928-AF08-CE85D148B0B4}.MIGRATION|Any CPU.ActiveCfg = SQL2008|Any CPU
		{1D529DE1-8846-4928-AF08-CE85D148B0B4}.MIGRATION|Any CPU.Build.0 = SQL2008|Any CPU
		{1D529DE1-8846-4928-AF08-CE85D148B0B4}.MONO|Any CPU.ActiveCfg = SQL2008|Any CPU
		{1D529DE1-8846-4928-AF08-CE85D148B0B4}.MONO|Any CPU.Build.0 = SQL2008|Any CPU
		{1D529DE1-8846-4928-AF08-CE85D148B0B4}.Release|Any CPU.ActiveCfg = Release|Any CPU
		{1D529DE1-8846-4928-AF08-CE85D148B0B4}.Release|Any CPU.Build.0 = Release|Any CPU
		{1D529DE1-8846-4928-AF08-CE85D148B0B4}.SQL2008|Any CPU.ActiveCfg = SQL2008|Any CPU
		{1D529DE1-8846-4928-AF08-CE85D148B0B4}.SQL2008|Any CPU.Build.0 = SQL2008|Any CPU
		{1D529DE1-8846-4928-AF08-CE85D148B0B4}.TOTALTEST|Any CPU.ActiveCfg = SQL2008|Any CPU
		{1D529DE1-8846-4928-AF08-CE85D148B0B4}.TOTALTEST|Any CPU.Build.0 = SQL2008|Any CPU
		{B758E220-22F5-47DF-A73B-BC9B1A3DBDC3}.Debug|Any CPU.ActiveCfg = Debug|Any CPU
		{B758E220-22F5-47DF-A73B-BC9B1A3DBDC3}.Debug|Any CPU.Build.0 = Debug|Any CPU
		{B758E220-22F5-47DF-A73B-BC9B1A3DBDC3}.IAS|Any CPU.ActiveCfg = SQL2008|Any CPU
		{B758E220-22F5-47DF-A73B-BC9B1A3DBDC3}.IAS|Any CPU.Build.0 = SQL2008|Any CPU
		{B758E220-22F5-47DF-A73B-BC9B1A3DBDC3}.MIGRATION|Any CPU.ActiveCfg = SQL2008|Any CPU
		{B758E220-22F5-47DF-A73B-BC9B1A3DBDC3}.MIGRATION|Any CPU.Build.0 = SQL2008|Any CPU
		{B758E220-22F5-47DF-A73B-BC9B1A3DBDC3}.MONO|Any CPU.ActiveCfg = SQL2008|Any CPU
		{B758E220-22F5-47DF-A73B-BC9B1A3DBDC3}.MONO|Any CPU.Build.0 = SQL2008|Any CPU
		{B758E220-22F5-47DF-A73B-BC9B1A3DBDC3}.Release|Any CPU.ActiveCfg = Release|Any CPU
		{B758E220-22F5-47DF-A73B-BC9B1A3DBDC3}.Release|Any CPU.Build.0 = Release|Any CPU
		{B758E220-22F5-47DF-A73B-BC9B1A3DBDC3}.SQL2008|Any CPU.ActiveCfg = SQL2008|Any CPU
		{B758E220-22F5-47DF-A73B-BC9B1A3DBDC3}.SQL2008|Any CPU.Build.0 = SQL2008|Any CPU
		{B758E220-22F5-47DF-A73B-BC9B1A3DBDC3}.TOTALTEST|Any CPU.ActiveCfg = SQL2008|Any CPU
		{B758E220-22F5-47DF-A73B-BC9B1A3DBDC3}.TOTALTEST|Any CPU.Build.0 = SQL2008|Any CPU
		{426C92DF-3C40-426C-B0BE-40A1DF9044C2}.Debug|Any CPU.ActiveCfg = Debug|Any CPU
		{426C92DF-3C40-426C-B0BE-40A1DF9044C2}.Debug|Any CPU.Build.0 = Debug|Any CPU
		{426C92DF-3C40-426C-B0BE-40A1DF9044C2}.IAS|Any CPU.ActiveCfg = SQL2008|Any CPU
		{426C92DF-3C40-426C-B0BE-40A1DF9044C2}.IAS|Any CPU.Build.0 = SQL2008|Any CPU
		{426C92DF-3C40-426C-B0BE-40A1DF9044C2}.MIGRATION|Any CPU.ActiveCfg = SQL2008|Any CPU
		{426C92DF-3C40-426C-B0BE-40A1DF9044C2}.MIGRATION|Any CPU.Build.0 = SQL2008|Any CPU
		{426C92DF-3C40-426C-B0BE-40A1DF9044C2}.MONO|Any CPU.ActiveCfg = SQL2008|Any CPU
		{426C92DF-3C40-426C-B0BE-40A1DF9044C2}.MONO|Any CPU.Build.0 = SQL2008|Any CPU
		{426C92DF-3C40-426C-B0BE-40A1DF9044C2}.Release|Any CPU.ActiveCfg = Release|Any CPU
		{426C92DF-3C40-426C-B0BE-40A1DF9044C2}.Release|Any CPU.Build.0 = Release|Any CPU
		{426C92DF-3C40-426C-B0BE-40A1DF9044C2}.SQL2008|Any CPU.ActiveCfg = SQL2008|Any CPU
		{426C92DF-3C40-426C-B0BE-40A1DF9044C2}.SQL2008|Any CPU.Build.0 = SQL2008|Any CPU
		{426C92DF-3C40-426C-B0BE-40A1DF9044C2}.TOTALTEST|Any CPU.ActiveCfg = SQL2008|Any CPU
		{426C92DF-3C40-426C-B0BE-40A1DF9044C2}.TOTALTEST|Any CPU.Build.0 = SQL2008|Any CPU
		{62F22FFA-A1CF-4A74-838C-9AB33A9442EA}.Debug|Any CPU.ActiveCfg = Debug|Any CPU
		{62F22FFA-A1CF-4A74-838C-9AB33A9442EA}.Debug|Any CPU.Build.0 = Debug|Any CPU
		{62F22FFA-A1CF-4A74-838C-9AB33A9442EA}.IAS|Any CPU.ActiveCfg = SQL2008|Any CPU
		{62F22FFA-A1CF-4A74-838C-9AB33A9442EA}.IAS|Any CPU.Build.0 = SQL2008|Any CPU
		{62F22FFA-A1CF-4A74-838C-9AB33A9442EA}.MIGRATION|Any CPU.ActiveCfg = SQL2008|Any CPU
		{62F22FFA-A1CF-4A74-838C-9AB33A9442EA}.MIGRATION|Any CPU.Build.0 = SQL2008|Any CPU
		{62F22FFA-A1CF-4A74-838C-9AB33A9442EA}.MONO|Any CPU.ActiveCfg = SQL2008|Any CPU
		{62F22FFA-A1CF-4A74-838C-9AB33A9442EA}.MONO|Any CPU.Build.0 = SQL2008|Any CPU
		{62F22FFA-A1CF-4A74-838C-9AB33A9442EA}.Release|Any CPU.ActiveCfg = Release|Any CPU
		{62F22FFA-A1CF-4A74-838C-9AB33A9442EA}.Release|Any CPU.Build.0 = Release|Any CPU
		{62F22FFA-A1CF-4A74-838C-9AB33A9442EA}.SQL2008|Any CPU.ActiveCfg = SQL2008|Any CPU
		{62F22FFA-A1CF-4A74-838C-9AB33A9442EA}.SQL2008|Any CPU.Build.0 = SQL2008|Any CPU
		{62F22FFA-A1CF-4A74-838C-9AB33A9442EA}.TOTALTEST|Any CPU.ActiveCfg = SQL2008|Any CPU
		{62F22FFA-A1CF-4A74-838C-9AB33A9442EA}.TOTALTEST|Any CPU.Build.0 = SQL2008|Any CPU
		{77D47855-A3D4-4B92-9FC0-C2EDEE27A8A7}.Debug|Any CPU.ActiveCfg = Debug|Any CPU
		{77D47855-A3D4-4B92-9FC0-C2EDEE27A8A7}.Debug|Any CPU.Build.0 = Debug|Any CPU
		{77D47855-A3D4-4B92-9FC0-C2EDEE27A8A7}.IAS|Any CPU.ActiveCfg = SQL2008|Any CPU
		{77D47855-A3D4-4B92-9FC0-C2EDEE27A8A7}.IAS|Any CPU.Build.0 = SQL2008|Any CPU
		{77D47855-A3D4-4B92-9FC0-C2EDEE27A8A7}.MIGRATION|Any CPU.ActiveCfg = SQL2008|Any CPU
		{77D47855-A3D4-4B92-9FC0-C2EDEE27A8A7}.MIGRATION|Any CPU.Build.0 = SQL2008|Any CPU
		{77D47855-A3D4-4B92-9FC0-C2EDEE27A8A7}.MONO|Any CPU.ActiveCfg = SQL2008|Any CPU
		{77D47855-A3D4-4B92-9FC0-C2EDEE27A8A7}.MONO|Any CPU.Build.0 = SQL2008|Any CPU
		{77D47855-A3D4-4B92-9FC0-C2EDEE27A8A7}.Release|Any CPU.ActiveCfg = Release|Any CPU
		{77D47855-A3D4-4B92-9FC0-C2EDEE27A8A7}.Release|Any CPU.Build.0 = Release|Any CPU
		{77D47855-A3D4-4B92-9FC0-C2EDEE27A8A7}.SQL2008|Any CPU.ActiveCfg = SQL2008|Any CPU
		{77D47855-A3D4-4B92-9FC0-C2EDEE27A8A7}.SQL2008|Any CPU.Build.0 = SQL2008|Any CPU
		{77D47855-A3D4-4B92-9FC0-C2EDEE27A8A7}.TOTALTEST|Any CPU.ActiveCfg = SQL2008|Any CPU
		{77D47855-A3D4-4B92-9FC0-C2EDEE27A8A7}.TOTALTEST|Any CPU.Build.0 = SQL2008|Any CPU
		{96885C8F-AD20-41B4-86EE-BC9B3D47D9F9}.Debug|Any CPU.ActiveCfg = Debug|Any CPU
		{96885C8F-AD20-41B4-86EE-BC9B3D47D9F9}.Debug|Any CPU.Build.0 = Debug|Any CPU
		{96885C8F-AD20-41B4-86EE-BC9B3D47D9F9}.IAS|Any CPU.ActiveCfg = SQL2008|Any CPU
		{96885C8F-AD20-41B4-86EE-BC9B3D47D9F9}.IAS|Any CPU.Build.0 = SQL2008|Any CPU
		{96885C8F-AD20-41B4-86EE-BC9B3D47D9F9}.MIGRATION|Any CPU.ActiveCfg = SQL2008|Any CPU
		{96885C8F-AD20-41B4-86EE-BC9B3D47D9F9}.MIGRATION|Any CPU.Build.0 = SQL2008|Any CPU
		{96885C8F-AD20-41B4-86EE-BC9B3D47D9F9}.MONO|Any CPU.ActiveCfg = SQL2008|Any CPU
		{96885C8F-AD20-41B4-86EE-BC9B3D47D9F9}.MONO|Any CPU.Build.0 = SQL2008|Any CPU
		{96885C8F-AD20-41B4-86EE-BC9B3D47D9F9}.Release|Any CPU.ActiveCfg = Release|Any CPU
		{96885C8F-AD20-41B4-86EE-BC9B3D47D9F9}.Release|Any CPU.Build.0 = Release|Any CPU
		{96885C8F-AD20-41B4-86EE-BC9B3D47D9F9}.SQL2008|Any CPU.ActiveCfg = SQL2008|Any CPU
		{96885C8F-AD20-41B4-86EE-BC9B3D47D9F9}.SQL2008|Any CPU.Build.0 = SQL2008|Any CPU
		{96885C8F-AD20-41B4-86EE-BC9B3D47D9F9}.TOTALTEST|Any CPU.ActiveCfg = SQL2008|Any CPU
		{96885C8F-AD20-41B4-86EE-BC9B3D47D9F9}.TOTALTEST|Any CPU.Build.0 = SQL2008|Any CPU
		{ECB429BC-3E76-4FCD-897E-235B546C8738}.Debug|Any CPU.ActiveCfg = Debug|Any CPU
		{ECB429BC-3E76-4FCD-897E-235B546C8738}.Debug|Any CPU.Build.0 = Debug|Any CPU
		{ECB429BC-3E76-4FCD-897E-235B546C8738}.IAS|Any CPU.ActiveCfg = SQL2008|Any CPU
		{ECB429BC-3E76-4FCD-897E-235B546C8738}.IAS|Any CPU.Build.0 = SQL2008|Any CPU
		{ECB429BC-3E76-4FCD-897E-235B546C8738}.MIGRATION|Any CPU.ActiveCfg = SQL2008|Any CPU
		{ECB429BC-3E76-4FCD-897E-235B546C8738}.MIGRATION|Any CPU.Build.0 = SQL2008|Any CPU
		{ECB429BC-3E76-4FCD-897E-235B546C8738}.MONO|Any CPU.ActiveCfg = SQL2008|Any CPU
		{ECB429BC-3E76-4FCD-897E-235B546C8738}.MONO|Any CPU.Build.0 = SQL2008|Any CPU
		{ECB429BC-3E76-4FCD-897E-235B546C8738}.Release|Any CPU.ActiveCfg = Release|Any CPU
		{ECB429BC-3E76-4FCD-897E-235B546C8738}.Release|Any CPU.Build.0 = Release|Any CPU
		{ECB429BC-3E76-4FCD-897E-235B546C8738}.SQL2008|Any CPU.ActiveCfg = SQL2008|Any CPU
		{ECB429BC-3E76-4FCD-897E-235B546C8738}.SQL2008|Any CPU.Build.0 = SQL2008|Any CPU
		{ECB429BC-3E76-4FCD-897E-235B546C8738}.TOTALTEST|Any CPU.ActiveCfg = SQL2008|Any CPU
		{ECB429BC-3E76-4FCD-897E-235B546C8738}.TOTALTEST|Any CPU.Build.0 = SQL2008|Any CPU
		{21971F28-8ED8-4F50-B623-E9DB2658AF54}.Debug|Any CPU.ActiveCfg = Debug|Any CPU
		{21971F28-8ED8-4F50-B623-E9DB2658AF54}.Debug|Any CPU.Build.0 = Debug|Any CPU
		{21971F28-8ED8-4F50-B623-E9DB2658AF54}.IAS|Any CPU.ActiveCfg = SQL2008|Any CPU
		{21971F28-8ED8-4F50-B623-E9DB2658AF54}.IAS|Any CPU.Build.0 = SQL2008|Any CPU
		{21971F28-8ED8-4F50-B623-E9DB2658AF54}.MIGRATION|Any CPU.ActiveCfg = SQL2008|Any CPU
		{21971F28-8ED8-4F50-B623-E9DB2658AF54}.MIGRATION|Any CPU.Build.0 = SQL2008|Any CPU
		{21971F28-8ED8-4F50-B623-E9DB2658AF54}.MONO|Any CPU.ActiveCfg = SQL2008|Any CPU
		{21971F28-8ED8-4F50-B623-E9DB2658AF54}.MONO|Any CPU.Build.0 = SQL2008|Any CPU
		{21971F28-8ED8-4F50-B623-E9DB2658AF54}.Release|Any CPU.ActiveCfg = Release|Any CPU
		{21971F28-8ED8-4F50-B623-E9DB2658AF54}.Release|Any CPU.Build.0 = Release|Any CPU
		{21971F28-8ED8-4F50-B623-E9DB2658AF54}.SQL2008|Any CPU.ActiveCfg = SQL2008|Any CPU
		{21971F28-8ED8-4F50-B623-E9DB2658AF54}.SQL2008|Any CPU.Build.0 = SQL2008|Any CPU
		{21971F28-8ED8-4F50-B623-E9DB2658AF54}.TOTALTEST|Any CPU.ActiveCfg = SQL2008|Any CPU
		{21971F28-8ED8-4F50-B623-E9DB2658AF54}.TOTALTEST|Any CPU.Build.0 = SQL2008|Any CPU
		{E1FDF85D-C016-4136-B42F-565598341058}.Debug|Any CPU.ActiveCfg = Debug|Any CPU
		{E1FDF85D-C016-4136-B42F-565598341058}.Debug|Any CPU.Build.0 = Debug|Any CPU
		{E1FDF85D-C016-4136-B42F-565598341058}.IAS|Any CPU.ActiveCfg = SQL2008|Any CPU
		{E1FDF85D-C016-4136-B42F-565598341058}.IAS|Any CPU.Build.0 = SQL2008|Any CPU
		{E1FDF85D-C016-4136-B42F-565598341058}.MIGRATION|Any CPU.ActiveCfg = SQL2008|Any CPU
		{E1FDF85D-C016-4136-B42F-565598341058}.MIGRATION|Any CPU.Build.0 = SQL2008|Any CPU
		{E1FDF85D-C016-4136-B42F-565598341058}.MONO|Any CPU.ActiveCfg = SQL2008|Any CPU
		{E1FDF85D-C016-4136-B42F-565598341058}.MONO|Any CPU.Build.0 = SQL2008|Any CPU
		{E1FDF85D-C016-4136-B42F-565598341058}.Release|Any CPU.ActiveCfg = Release|Any CPU
		{E1FDF85D-C016-4136-B42F-565598341058}.Release|Any CPU.Build.0 = Release|Any CPU
		{E1FDF85D-C016-4136-B42F-565598341058}.SQL2008|Any CPU.ActiveCfg = SQL2008|Any CPU
		{E1FDF85D-C016-4136-B42F-565598341058}.SQL2008|Any CPU.Build.0 = SQL2008|Any CPU
		{E1FDF85D-C016-4136-B42F-565598341058}.TOTALTEST|Any CPU.ActiveCfg = SQL2008|Any CPU
		{E1FDF85D-C016-4136-B42F-565598341058}.TOTALTEST|Any CPU.Build.0 = SQL2008|Any CPU
		{880F65EA-1A22-4672-A137-FFC912902046}.Debug|Any CPU.ActiveCfg = Debug|Any CPU
		{880F65EA-1A22-4672-A137-FFC912902046}.Debug|Any CPU.Build.0 = Debug|Any CPU
		{880F65EA-1A22-4672-A137-FFC912902046}.IAS|Any CPU.ActiveCfg = SQL2008|Any CPU
		{880F65EA-1A22-4672-A137-FFC912902046}.IAS|Any CPU.Build.0 = SQL2008|Any CPU
		{880F65EA-1A22-4672-A137-FFC912902046}.MIGRATION|Any CPU.ActiveCfg = SQL2008|Any CPU
		{880F65EA-1A22-4672-A137-FFC912902046}.MIGRATION|Any CPU.Build.0 = SQL2008|Any CPU
		{880F65EA-1A22-4672-A137-FFC912902046}.MONO|Any CPU.ActiveCfg = SQL2008|Any CPU
		{880F65EA-1A22-4672-A137-FFC912902046}.MONO|Any CPU.Build.0 = SQL2008|Any CPU
		{880F65EA-1A22-4672-A137-FFC912902046}.Release|Any CPU.ActiveCfg = Release|Any CPU
		{880F65EA-1A22-4672-A137-FFC912902046}.Release|Any CPU.Build.0 = Release|Any CPU
		{880F65EA-1A22-4672-A137-FFC912902046}.SQL2008|Any CPU.ActiveCfg = SQL2008|Any CPU
		{880F65EA-1A22-4672-A137-FFC912902046}.SQL2008|Any CPU.Build.0 = SQL2008|Any CPU
		{880F65EA-1A22-4672-A137-FFC912902046}.TOTALTEST|Any CPU.ActiveCfg = SQL2008|Any CPU
		{880F65EA-1A22-4672-A137-FFC912902046}.TOTALTEST|Any CPU.Build.0 = SQL2008|Any CPU
		{7A163EB3-715F-4D13-B720-1E6645380E20}.Debug|Any CPU.ActiveCfg = Debug|Any CPU
		{7A163EB3-715F-4D13-B720-1E6645380E20}.Debug|Any CPU.Build.0 = Debug|Any CPU
		{7A163EB3-715F-4D13-B720-1E6645380E20}.IAS|Any CPU.ActiveCfg = SQL2008|Any CPU
		{7A163EB3-715F-4D13-B720-1E6645380E20}.IAS|Any CPU.Build.0 = SQL2008|Any CPU
		{7A163EB3-715F-4D13-B720-1E6645380E20}.MIGRATION|Any CPU.ActiveCfg = SQL2008|Any CPU
		{7A163EB3-715F-4D13-B720-1E6645380E20}.MIGRATION|Any CPU.Build.0 = SQL2008|Any CPU
		{7A163EB3-715F-4D13-B720-1E6645380E20}.MONO|Any CPU.ActiveCfg = SQL2008|Any CPU
		{7A163EB3-715F-4D13-B720-1E6645380E20}.MONO|Any CPU.Build.0 = SQL2008|Any CPU
		{7A163EB3-715F-4D13-B720-1E6645380E20}.Release|Any CPU.ActiveCfg = Release|Any CPU
		{7A163EB3-715F-4D13-B720-1E6645380E20}.Release|Any CPU.Build.0 = Release|Any CPU
		{7A163EB3-715F-4D13-B720-1E6645380E20}.SQL2008|Any CPU.ActiveCfg = SQL2008|Any CPU
		{7A163EB3-715F-4D13-B720-1E6645380E20}.SQL2008|Any CPU.Build.0 = SQL2008|Any CPU
		{7A163EB3-715F-4D13-B720-1E6645380E20}.TOTALTEST|Any CPU.ActiveCfg = SQL2008|Any CPU
		{7A163EB3-715F-4D13-B720-1E6645380E20}.TOTALTEST|Any CPU.Build.0 = SQL2008|Any CPU
		{0403B026-5047-41A4-98EE-62F2D92B812C}.Debug|Any CPU.ActiveCfg = Debug|Any CPU
		{0403B026-5047-41A4-98EE-62F2D92B812C}.Debug|Any CPU.Build.0 = Debug|Any CPU
		{0403B026-5047-41A4-98EE-62F2D92B812C}.IAS|Any CPU.ActiveCfg = SQL2008|Any CPU
		{0403B026-5047-41A4-98EE-62F2D92B812C}.IAS|Any CPU.Build.0 = SQL2008|Any CPU
		{0403B026-5047-41A4-98EE-62F2D92B812C}.MIGRATION|Any CPU.ActiveCfg = SQL2008|Any CPU
		{0403B026-5047-41A4-98EE-62F2D92B812C}.MIGRATION|Any CPU.Build.0 = SQL2008|Any CPU
		{0403B026-5047-41A4-98EE-62F2D92B812C}.MONO|Any CPU.ActiveCfg = SQL2008|Any CPU
		{0403B026-5047-41A4-98EE-62F2D92B812C}.MONO|Any CPU.Build.0 = SQL2008|Any CPU
		{0403B026-5047-41A4-98EE-62F2D92B812C}.Release|Any CPU.ActiveCfg = Release|Any CPU
		{0403B026-5047-41A4-98EE-62F2D92B812C}.Release|Any CPU.Build.0 = Release|Any CPU
		{0403B026-5047-41A4-98EE-62F2D92B812C}.SQL2008|Any CPU.ActiveCfg = SQL2008|Any CPU
		{0403B026-5047-41A4-98EE-62F2D92B812C}.SQL2008|Any CPU.Build.0 = SQL2008|Any CPU
		{0403B026-5047-41A4-98EE-62F2D92B812C}.TOTALTEST|Any CPU.ActiveCfg = SQL2008|Any CPU
		{0403B026-5047-41A4-98EE-62F2D92B812C}.TOTALTEST|Any CPU.Build.0 = SQL2008|Any CPU
		{1571576A-27DE-4470-8AAD-A76E8CF111D1}.Debug|Any CPU.ActiveCfg = Debug|Any CPU
		{1571576A-27DE-4470-8AAD-A76E8CF111D1}.Debug|Any CPU.Build.0 = Debug|Any CPU
		{1571576A-27DE-4470-8AAD-A76E8CF111D1}.IAS|Any CPU.ActiveCfg = SQL2008|Any CPU
		{1571576A-27DE-4470-8AAD-A76E8CF111D1}.IAS|Any CPU.Build.0 = SQL2008|Any CPU
		{1571576A-27DE-4470-8AAD-A76E8CF111D1}.MIGRATION|Any CPU.ActiveCfg = SQL2008|Any CPU
		{1571576A-27DE-4470-8AAD-A76E8CF111D1}.MIGRATION|Any CPU.Build.0 = SQL2008|Any CPU
		{1571576A-27DE-4470-8AAD-A76E8CF111D1}.MONO|Any CPU.ActiveCfg = SQL2008|Any CPU
		{1571576A-27DE-4470-8AAD-A76E8CF111D1}.MONO|Any CPU.Build.0 = SQL2008|Any CPU
		{1571576A-27DE-4470-8AAD-A76E8CF111D1}.Release|Any CPU.ActiveCfg = Release|Any CPU
		{1571576A-27DE-4470-8AAD-A76E8CF111D1}.Release|Any CPU.Build.0 = Release|Any CPU
		{1571576A-27DE-4470-8AAD-A76E8CF111D1}.SQL2008|Any CPU.ActiveCfg = SQL2008|Any CPU
		{1571576A-27DE-4470-8AAD-A76E8CF111D1}.SQL2008|Any CPU.Build.0 = SQL2008|Any CPU
		{1571576A-27DE-4470-8AAD-A76E8CF111D1}.TOTALTEST|Any CPU.ActiveCfg = SQL2008|Any CPU
		{1571576A-27DE-4470-8AAD-A76E8CF111D1}.TOTALTEST|Any CPU.Build.0 = SQL2008|Any CPU
		{EAB144DB-F0C6-4192-8FA7-AFBA2A663A8C}.Debug|Any CPU.ActiveCfg = Debug|Any CPU
		{EAB144DB-F0C6-4192-8FA7-AFBA2A663A8C}.Debug|Any CPU.Build.0 = Debug|Any CPU
		{EAB144DB-F0C6-4192-8FA7-AFBA2A663A8C}.IAS|Any CPU.ActiveCfg = SQL2008|Any CPU
		{EAB144DB-F0C6-4192-8FA7-AFBA2A663A8C}.IAS|Any CPU.Build.0 = SQL2008|Any CPU
		{EAB144DB-F0C6-4192-8FA7-AFBA2A663A8C}.MIGRATION|Any CPU.ActiveCfg = SQL2008|Any CPU
		{EAB144DB-F0C6-4192-8FA7-AFBA2A663A8C}.MIGRATION|Any CPU.Build.0 = SQL2008|Any CPU
		{EAB144DB-F0C6-4192-8FA7-AFBA2A663A8C}.MONO|Any CPU.ActiveCfg = SQL2008|Any CPU
		{EAB144DB-F0C6-4192-8FA7-AFBA2A663A8C}.MONO|Any CPU.Build.0 = SQL2008|Any CPU
		{EAB144DB-F0C6-4192-8FA7-AFBA2A663A8C}.Release|Any CPU.ActiveCfg = Release|Any CPU
		{EAB144DB-F0C6-4192-8FA7-AFBA2A663A8C}.Release|Any CPU.Build.0 = Release|Any CPU
		{EAB144DB-F0C6-4192-8FA7-AFBA2A663A8C}.SQL2008|Any CPU.ActiveCfg = SQL2008|Any CPU
		{EAB144DB-F0C6-4192-8FA7-AFBA2A663A8C}.SQL2008|Any CPU.Build.0 = SQL2008|Any CPU
		{EAB144DB-F0C6-4192-8FA7-AFBA2A663A8C}.TOTALTEST|Any CPU.ActiveCfg = SQL2008|Any CPU
		{EAB144DB-F0C6-4192-8FA7-AFBA2A663A8C}.TOTALTEST|Any CPU.Build.0 = SQL2008|Any CPU
		{176E6AB2-A219-4A45-9374-EEDB725B3B1C}.Debug|Any CPU.ActiveCfg = Debug|Any CPU
		{176E6AB2-A219-4A45-9374-EEDB725B3B1C}.Debug|Any CPU.Build.0 = Debug|Any CPU
		{176E6AB2-A219-4A45-9374-EEDB725B3B1C}.IAS|Any CPU.ActiveCfg = SQL2008|Any CPU
		{176E6AB2-A219-4A45-9374-EEDB725B3B1C}.IAS|Any CPU.Build.0 = SQL2008|Any CPU
		{176E6AB2-A219-4A45-9374-EEDB725B3B1C}.MIGRATION|Any CPU.ActiveCfg = SQL2008|Any CPU
		{176E6AB2-A219-4A45-9374-EEDB725B3B1C}.MIGRATION|Any CPU.Build.0 = SQL2008|Any CPU
		{176E6AB2-A219-4A45-9374-EEDB725B3B1C}.MONO|Any CPU.ActiveCfg = SQL2008|Any CPU
		{176E6AB2-A219-4A45-9374-EEDB725B3B1C}.MONO|Any CPU.Build.0 = SQL2008|Any CPU
		{176E6AB2-A219-4A45-9374-EEDB725B3B1C}.Release|Any CPU.ActiveCfg = Release|Any CPU
		{176E6AB2-A219-4A45-9374-EEDB725B3B1C}.Release|Any CPU.Build.0 = Release|Any CPU
		{176E6AB2-A219-4A45-9374-EEDB725B3B1C}.SQL2008|Any CPU.ActiveCfg = SQL2008|Any CPU
		{176E6AB2-A219-4A45-9374-EEDB725B3B1C}.SQL2008|Any CPU.Build.0 = SQL2008|Any CPU
		{176E6AB2-A219-4A45-9374-EEDB725B3B1C}.TOTALTEST|Any CPU.ActiveCfg = SQL2008|Any CPU
		{176E6AB2-A219-4A45-9374-EEDB725B3B1C}.TOTALTEST|Any CPU.Build.0 = SQL2008|Any CPU
		{8A00570F-4D51-46EE-BA1D-52EC2A7BD38A}.Debug|Any CPU.ActiveCfg = Debug|Any CPU
		{8A00570F-4D51-46EE-BA1D-52EC2A7BD38A}.Debug|Any CPU.Build.0 = Debug|Any CPU
		{8A00570F-4D51-46EE-BA1D-52EC2A7BD38A}.IAS|Any CPU.ActiveCfg = SQL2008|Any CPU
		{8A00570F-4D51-46EE-BA1D-52EC2A7BD38A}.IAS|Any CPU.Build.0 = SQL2008|Any CPU
		{8A00570F-4D51-46EE-BA1D-52EC2A7BD38A}.MIGRATION|Any CPU.ActiveCfg = SQL2008|Any CPU
		{8A00570F-4D51-46EE-BA1D-52EC2A7BD38A}.MIGRATION|Any CPU.Build.0 = SQL2008|Any CPU
		{8A00570F-4D51-46EE-BA1D-52EC2A7BD38A}.MONO|Any CPU.ActiveCfg = SQL2008|Any CPU
		{8A00570F-4D51-46EE-BA1D-52EC2A7BD38A}.MONO|Any CPU.Build.0 = SQL2008|Any CPU
		{8A00570F-4D51-46EE-BA1D-52EC2A7BD38A}.Release|Any CPU.ActiveCfg = Release|Any CPU
		{8A00570F-4D51-46EE-BA1D-52EC2A7BD38A}.Release|Any CPU.Build.0 = Release|Any CPU
		{8A00570F-4D51-46EE-BA1D-52EC2A7BD38A}.SQL2008|Any CPU.ActiveCfg = SQL2008|Any CPU
		{8A00570F-4D51-46EE-BA1D-52EC2A7BD38A}.SQL2008|Any CPU.Build.0 = SQL2008|Any CPU
		{8A00570F-4D51-46EE-BA1D-52EC2A7BD38A}.TOTALTEST|Any CPU.ActiveCfg = SQL2008|Any CPU
		{8A00570F-4D51-46EE-BA1D-52EC2A7BD38A}.TOTALTEST|Any CPU.Build.0 = SQL2008|Any CPU
		{880F65EA-1A22-4672-A137-FFC912902113}.Debug|Any CPU.ActiveCfg = Debug|Any CPU
		{880F65EA-1A22-4672-A137-FFC912902113}.Debug|Any CPU.Build.0 = Debug|Any CPU
		{880F65EA-1A22-4672-A137-FFC912902113}.IAS|Any CPU.ActiveCfg = SQL2008|Any CPU
		{880F65EA-1A22-4672-A137-FFC912902113}.IAS|Any CPU.Build.0 = SQL2008|Any CPU
		{880F65EA-1A22-4672-A137-FFC912902113}.MIGRATION|Any CPU.ActiveCfg = SQL2008|Any CPU
		{880F65EA-1A22-4672-A137-FFC912902113}.MIGRATION|Any CPU.Build.0 = SQL2008|Any CPU
		{880F65EA-1A22-4672-A137-FFC912902113}.MONO|Any CPU.ActiveCfg = SQL2008|Any CPU
		{880F65EA-1A22-4672-A137-FFC912902113}.MONO|Any CPU.Build.0 = SQL2008|Any CPU
		{880F65EA-1A22-4672-A137-FFC912902113}.Release|Any CPU.ActiveCfg = Release|Any CPU
		{880F65EA-1A22-4672-A137-FFC912902113}.Release|Any CPU.Build.0 = Release|Any CPU
		{880F65EA-1A22-4672-A137-FFC912902113}.SQL2008|Any CPU.ActiveCfg = SQL2008|Any CPU
		{880F65EA-1A22-4672-A137-FFC912902113}.SQL2008|Any CPU.Build.0 = SQL2008|Any CPU
		{880F65EA-1A22-4672-A137-FFC912902113}.TOTALTEST|Any CPU.ActiveCfg = SQL2008|Any CPU
		{880F65EA-1A22-4672-A137-FFC912902113}.TOTALTEST|Any CPU.Build.0 = SQL2008|Any CPU
		{E762ABB0-9982-444C-A2B5-23B5866954F3}.Debug|Any CPU.ActiveCfg = Debug|Any CPU
		{E762ABB0-9982-444C-A2B5-23B5866954F3}.Debug|Any CPU.Build.0 = Debug|Any CPU
		{E762ABB0-9982-444C-A2B5-23B5866954F3}.IAS|Any CPU.ActiveCfg = SQL2008|Any CPU
		{E762ABB0-9982-444C-A2B5-23B5866954F3}.IAS|Any CPU.Build.0 = SQL2008|Any CPU
		{E762ABB0-9982-444C-A2B5-23B5866954F3}.MIGRATION|Any CPU.ActiveCfg = SQL2008|Any CPU
		{E762ABB0-9982-444C-A2B5-23B5866954F3}.MIGRATION|Any CPU.Build.0 = SQL2008|Any CPU
		{E762ABB0-9982-444C-A2B5-23B5866954F3}.MONO|Any CPU.ActiveCfg = SQL2008|Any CPU
		{E762ABB0-9982-444C-A2B5-23B5866954F3}.MONO|Any CPU.Build.0 = SQL2008|Any CPU
		{E762ABB0-9982-444C-A2B5-23B5866954F3}.Release|Any CPU.ActiveCfg = Release|Any CPU
		{E762ABB0-9982-444C-A2B5-23B5866954F3}.Release|Any CPU.Build.0 = Release|Any CPU
		{E762ABB0-9982-444C-A2B5-23B5866954F3}.SQL2008|Any CPU.ActiveCfg = SQL2008|Any CPU
		{E762ABB0-9982-444C-A2B5-23B5866954F3}.SQL2008|Any CPU.Build.0 = SQL2008|Any CPU
		{E762ABB0-9982-444C-A2B5-23B5866954F3}.TOTALTEST|Any CPU.ActiveCfg = SQL2008|Any CPU
		{E762ABB0-9982-444C-A2B5-23B5866954F3}.TOTALTEST|Any CPU.Build.0 = SQL2008|Any CPU
		{16ABD509-8E84-46F5-9F56-1E5E4B5B3913}.Debug|Any CPU.ActiveCfg = Debug|Any CPU
		{16ABD509-8E84-46F5-9F56-1E5E4B5B3913}.Debug|Any CPU.Build.0 = Debug|Any CPU
		{16ABD509-8E84-46F5-9F56-1E5E4B5B3913}.IAS|Any CPU.ActiveCfg = SQL2008|Any CPU
		{16ABD509-8E84-46F5-9F56-1E5E4B5B3913}.IAS|Any CPU.Build.0 = SQL2008|Any CPU
		{16ABD509-8E84-46F5-9F56-1E5E4B5B3913}.MIGRATION|Any CPU.ActiveCfg = SQL2008|Any CPU
		{16ABD509-8E84-46F5-9F56-1E5E4B5B3913}.MIGRATION|Any CPU.Build.0 = SQL2008|Any CPU
		{16ABD509-8E84-46F5-9F56-1E5E4B5B3913}.MONO|Any CPU.ActiveCfg = SQL2008|Any CPU
		{16ABD509-8E84-46F5-9F56-1E5E4B5B3913}.MONO|Any CPU.Build.0 = SQL2008|Any CPU
		{16ABD509-8E84-46F5-9F56-1E5E4B5B3913}.Release|Any CPU.ActiveCfg = Release|Any CPU
		{16ABD509-8E84-46F5-9F56-1E5E4B5B3913}.Release|Any CPU.Build.0 = Release|Any CPU
		{16ABD509-8E84-46F5-9F56-1E5E4B5B3913}.SQL2008|Any CPU.ActiveCfg = SQL2008|Any CPU
		{16ABD509-8E84-46F5-9F56-1E5E4B5B3913}.SQL2008|Any CPU.Build.0 = SQL2008|Any CPU
		{16ABD509-8E84-46F5-9F56-1E5E4B5B3913}.TOTALTEST|Any CPU.ActiveCfg = SQL2008|Any CPU
		{16ABD509-8E84-46F5-9F56-1E5E4B5B3913}.TOTALTEST|Any CPU.Build.0 = SQL2008|Any CPU
		{4F6F2194-F11D-4CC6-8BB1-7D20F97EC082}.Debug|Any CPU.ActiveCfg = Debug|Any CPU
		{4F6F2194-F11D-4CC6-8BB1-7D20F97EC082}.Debug|Any CPU.Build.0 = Debug|Any CPU
		{4F6F2194-F11D-4CC6-8BB1-7D20F97EC082}.IAS|Any CPU.ActiveCfg = SQL2008|Any CPU
		{4F6F2194-F11D-4CC6-8BB1-7D20F97EC082}.IAS|Any CPU.Build.0 = SQL2008|Any CPU
		{4F6F2194-F11D-4CC6-8BB1-7D20F97EC082}.MIGRATION|Any CPU.ActiveCfg = SQL2008|Any CPU
		{4F6F2194-F11D-4CC6-8BB1-7D20F97EC082}.MIGRATION|Any CPU.Build.0 = SQL2008|Any CPU
		{4F6F2194-F11D-4CC6-8BB1-7D20F97EC082}.MONO|Any CPU.ActiveCfg = SQL2008|Any CPU
		{4F6F2194-F11D-4CC6-8BB1-7D20F97EC082}.MONO|Any CPU.Build.0 = SQL2008|Any CPU
		{4F6F2194-F11D-4CC6-8BB1-7D20F97EC082}.Release|Any CPU.ActiveCfg = Release|Any CPU
		{4F6F2194-F11D-4CC6-8BB1-7D20F97EC082}.Release|Any CPU.Build.0 = Release|Any CPU
		{4F6F2194-F11D-4CC6-8BB1-7D20F97EC082}.SQL2008|Any CPU.ActiveCfg = SQL2008|Any CPU
		{4F6F2194-F11D-4CC6-8BB1-7D20F97EC082}.SQL2008|Any CPU.Build.0 = SQL2008|Any CPU
		{4F6F2194-F11D-4CC6-8BB1-7D20F97EC082}.TOTALTEST|Any CPU.ActiveCfg = SQL2008|Any CPU
		{4F6F2194-F11D-4CC6-8BB1-7D20F97EC082}.TOTALTEST|Any CPU.Build.0 = SQL2008|Any CPU
		{46E8AE7D-FCFA-4C13-8659-F73F1E76F556}.Debug|Any CPU.ActiveCfg = Debug|Any CPU
		{46E8AE7D-FCFA-4C13-8659-F73F1E76F556}.Debug|Any CPU.Build.0 = Debug|Any CPU
		{46E8AE7D-FCFA-4C13-8659-F73F1E76F556}.IAS|Any CPU.ActiveCfg = SQL2008|Any CPU
		{46E8AE7D-FCFA-4C13-8659-F73F1E76F556}.IAS|Any CPU.Build.0 = SQL2008|Any CPU
		{46E8AE7D-FCFA-4C13-8659-F73F1E76F556}.MIGRATION|Any CPU.ActiveCfg = SQL2008|Any CPU
		{46E8AE7D-FCFA-4C13-8659-F73F1E76F556}.MIGRATION|Any CPU.Build.0 = SQL2008|Any CPU
		{46E8AE7D-FCFA-4C13-8659-F73F1E76F556}.MONO|Any CPU.ActiveCfg = SQL2008|Any CPU
		{46E8AE7D-FCFA-4C13-8659-F73F1E76F556}.MONO|Any CPU.Build.0 = SQL2008|Any CPU
		{46E8AE7D-FCFA-4C13-8659-F73F1E76F556}.Release|Any CPU.ActiveCfg = Release|Any CPU
		{46E8AE7D-FCFA-4C13-8659-F73F1E76F556}.Release|Any CPU.Build.0 = Release|Any CPU
		{46E8AE7D-FCFA-4C13-8659-F73F1E76F556}.SQL2008|Any CPU.ActiveCfg = SQL2008|Any CPU
		{46E8AE7D-FCFA-4C13-8659-F73F1E76F556}.SQL2008|Any CPU.Build.0 = SQL2008|Any CPU
		{46E8AE7D-FCFA-4C13-8659-F73F1E76F556}.TOTALTEST|Any CPU.ActiveCfg = SQL2008|Any CPU
		{46E8AE7D-FCFA-4C13-8659-F73F1E76F556}.TOTALTEST|Any CPU.Build.0 = SQL2008|Any CPU
		{89AFB34A-B439-41C0-BBAA-2DD4DA1B08E9}.Debug|Any CPU.ActiveCfg = Debug|Any CPU
		{89AFB34A-B439-41C0-BBAA-2DD4DA1B08E9}.Debug|Any CPU.Build.0 = Debug|Any CPU
		{89AFB34A-B439-41C0-BBAA-2DD4DA1B08E9}.IAS|Any CPU.ActiveCfg = SQL2008|Any CPU
		{89AFB34A-B439-41C0-BBAA-2DD4DA1B08E9}.IAS|Any CPU.Build.0 = SQL2008|Any CPU
		{89AFB34A-B439-41C0-BBAA-2DD4DA1B08E9}.MIGRATION|Any CPU.ActiveCfg = SQL2008|Any CPU
		{89AFB34A-B439-41C0-BBAA-2DD4DA1B08E9}.MIGRATION|Any CPU.Build.0 = SQL2008|Any CPU
		{89AFB34A-B439-41C0-BBAA-2DD4DA1B08E9}.MONO|Any CPU.ActiveCfg = SQL2008|Any CPU
		{89AFB34A-B439-41C0-BBAA-2DD4DA1B08E9}.MONO|Any CPU.Build.0 = SQL2008|Any CPU
		{89AFB34A-B439-41C0-BBAA-2DD4DA1B08E9}.Release|Any CPU.ActiveCfg = Release|Any CPU
		{89AFB34A-B439-41C0-BBAA-2DD4DA1B08E9}.Release|Any CPU.Build.0 = Release|Any CPU
		{89AFB34A-B439-41C0-BBAA-2DD4DA1B08E9}.SQL2008|Any CPU.ActiveCfg = SQL2008|Any CPU
		{89AFB34A-B439-41C0-BBAA-2DD4DA1B08E9}.SQL2008|Any CPU.Build.0 = SQL2008|Any CPU
		{89AFB34A-B439-41C0-BBAA-2DD4DA1B08E9}.TOTALTEST|Any CPU.ActiveCfg = SQL2008|Any CPU
		{89AFB34A-B439-41C0-BBAA-2DD4DA1B08E9}.TOTALTEST|Any CPU.Build.0 = SQL2008|Any CPU
	EndGlobalSection
	GlobalSection(SolutionProperties) = preSolution
		HideSolutionNode = FALSE
	EndGlobalSection
	GlobalSection(NestedProjects) = preSolution
		{C96B7264-9FFB-4CED-84C5-4AD3665692BD} = {80C008AF-4023-45BE-A4DC-D85DC7796A6C}
		{B23F170D-7E54-4F44-A7BC-48D6CA0E858E} = {80C008AF-4023-45BE-A4DC-D85DC7796A6C}
		{6337C990-F7CF-4CF5-84B5-E7F983BF7D47} = {80C008AF-4023-45BE-A4DC-D85DC7796A6C}
		{9A812FA5-A57D-4836-B0FA-923DE05EE89F} = {80C008AF-4023-45BE-A4DC-D85DC7796A6C}
		{E1FDF85D-C016-4136-B42F-565598341058} = {690AA1DD-503E-47C0-AA58-53529331D847}
		{880F65EA-1A22-4672-A137-FFC912902046} = {690AA1DD-503E-47C0-AA58-53529331D847}
		{7A163EB3-715F-4D13-B720-1E6645380E20} = {690AA1DD-503E-47C0-AA58-53529331D847}
		{0403B026-5047-41A4-98EE-62F2D92B812C} = {690AA1DD-503E-47C0-AA58-53529331D847}
		{1571576A-27DE-4470-8AAD-A76E8CF111D1} = {690AA1DD-503E-47C0-AA58-53529331D847}
		{EAB144DB-F0C6-4192-8FA7-AFBA2A663A8C} = {690AA1DD-503E-47C0-AA58-53529331D847}
		{176E6AB2-A219-4A45-9374-EEDB725B3B1C} = {690AA1DD-503E-47C0-AA58-53529331D847}
		{8A00570F-4D51-46EE-BA1D-52EC2A7BD38A} = {690AA1DD-503E-47C0-AA58-53529331D847}
		{880F65EA-1A22-4672-A137-FFC912902113} = {690AA1DD-503E-47C0-AA58-53529331D847}
		{16ABD509-8E84-46F5-9F56-1E5E4B5B3913} = {690AA1DD-503E-47C0-AA58-53529331D847}
		{4F6F2194-F11D-4CC6-8BB1-7D20F97EC082} = {690AA1DD-503E-47C0-AA58-53529331D847}
		{880F65EA-1A22-4672-A137-FFC912902112} = {C96B7264-9FFB-4CED-84C5-4AD3665692BD}
		{89AFB34A-B439-41C0-BBAA-2DD4DA1B08E9} = {C96B7264-9FFB-4CED-84C5-4AD3665692BD}
		{46E8AE7D-FCFA-4C13-8659-F73F1E76F556} = {C96B7264-9FFB-4CED-84C5-4AD3665692BD}
		{21971F28-8ED8-4F50-B623-E9DB2658AF54} = {C96B7264-9FFB-4CED-84C5-4AD3665692BD}
		{ECB429BC-3E76-4FCD-897E-235B546C8738} = {C96B7264-9FFB-4CED-84C5-4AD3665692BD}
		{96885C8F-AD20-41B4-86EE-BC9B3D47D9F9} = {C96B7264-9FFB-4CED-84C5-4AD3665692BD}
		{77D47855-A3D4-4B92-9FC0-C2EDEE27A8A7} = {C96B7264-9FFB-4CED-84C5-4AD3665692BD}
		{62F22FFA-A1CF-4A74-838C-9AB33A9442EA} = {C96B7264-9FFB-4CED-84C5-4AD3665692BD}
		{426C92DF-3C40-426C-B0BE-40A1DF9044C2} = {C96B7264-9FFB-4CED-84C5-4AD3665692BD}
		{B758E220-22F5-47DF-A73B-BC9B1A3DBDC3} = {C96B7264-9FFB-4CED-84C5-4AD3665692BD}
		{880F65EA-1A22-4672-A137-FFC91290A209} = {C96B7264-9FFB-4CED-84C5-4AD3665692BD}
		{E762ABB0-9982-444C-A2B5-23B5866954F3} = {C96B7264-9FFB-4CED-84C5-4AD3665692BD}
		{381DEC86-5709-4A64-BD9F-462E792884CE} = {C96B7264-9FFB-4CED-84C5-4AD3665692BD}
		{C2A79FDB-910A-44E8-9B99-710642104C7E} = {C96B7264-9FFB-4CED-84C5-4AD3665692BD}
		{690AA1DD-503E-47C0-AA58-53529331D847} = {C96B7264-9FFB-4CED-84C5-4AD3665692BD}
		{F939564A-D5A9-4BEE-B8F2-47C384358AFC} = {B23F170D-7E54-4F44-A7BC-48D6CA0E858E}
		{C1944938-B798-478A-BA1C-FDA8BA152FF3} = {B23F170D-7E54-4F44-A7BC-48D6CA0E858E}
		{6E58C87C-2522-4AA5-9211-6109305B2D7B} = {B23F170D-7E54-4F44-A7BC-48D6CA0E858E}
		{C51304FD-0406-48E0-833E-EEDC67425BC8} = {B23F170D-7E54-4F44-A7BC-48D6CA0E858E}
		{A4442A74-4590-4BA3-B44C-56C98CE4A088} = {6337C990-F7CF-4CF5-84B5-E7F983BF7D47}
		{A5177DFD-2D36-442F-A9C0-B79CD6DC7054} = {6337C990-F7CF-4CF5-84B5-E7F983BF7D47}
		{25CEA8E8-3CF4-42F5-BDB6-11018F839CA3} = {9A812FA5-A57D-4836-B0FA-923DE05EE89F}
	EndGlobalSection
EndGlobal
